// !$*UTF8*$!
{
	archiveVersion = 1;
	classes = {
	};
	objectVersion = 46;
	objects = {

/* Begin PBXBuildFile section */
		0C3FD9571BB3517A0058035B /* Default-568h@2x.png in Resources */ = {isa = PBXBuildFile; fileRef = 0C3FD9421BB3517A0058035B /* Default-568h@2x.png */; };
		0C3FD9581BB3517A0058035B /* Default-667h@2x.png in Resources */ = {isa = PBXBuildFile; fileRef = 0C3FD9431BB3517A0058035B /* Default-667h@2x.png */; };
		0C3FD9591BB3517A0058035B /* Default-736h@3x.png in Resources */ = {isa = PBXBuildFile; fileRef = 0C3FD9441BB3517A0058035B /* Default-736h@3x.png */; };
		0C3FD95A1BB3517A0058035B /* Default-Landscape-736h@3x.png in Resources */ = {isa = PBXBuildFile; fileRef = 0C3FD9451BB3517A0058035B /* Default-Landscape-736h@3x.png */; };
		0C3FD9611BB3517A0058035B /* Default@2x.png in Resources */ = {isa = PBXBuildFile; fileRef = 0C3FD94C1BB3517A0058035B /* Default@2x.png */; };
		0C3FD9621BB3517A0058035B /* Icon-29.png in Resources */ = {isa = PBXBuildFile; fileRef = 0C3FD94D1BB3517A0058035B /* Icon-29.png */; };
		0C3FD9631BB3517A0058035B /* Icon-29@2x.png in Resources */ = {isa = PBXBuildFile; fileRef = 0C3FD94E1BB3517A0058035B /* Icon-29@2x.png */; };
		0C3FD9641BB3517A0058035B /* Icon-29@3x.png in Resources */ = {isa = PBXBuildFile; fileRef = 0C3FD94F1BB3517A0058035B /* Icon-29@3x.png */; };
		0C3FD9651BB3517A0058035B /* Icon-40.png in Resources */ = {isa = PBXBuildFile; fileRef = 0C3FD9501BB3517A0058035B /* Icon-40.png */; };
		0C3FD9661BB3517A0058035B /* Icon-40@2x.png in Resources */ = {isa = PBXBuildFile; fileRef = 0C3FD9511BB3517A0058035B /* Icon-40@2x.png */; };
		0C3FD9671BB3517A0058035B /* Icon-40@3x.png in Resources */ = {isa = PBXBuildFile; fileRef = 0C3FD9521BB3517A0058035B /* Icon-40@3x.png */; };
		0C3FD9681BB3517A0058035B /* Icon-60@2x.png in Resources */ = {isa = PBXBuildFile; fileRef = 0C3FD9531BB3517A0058035B /* Icon-60@2x.png */; };
		0C3FD9691BB3517A0058035B /* Icon-60@3x.png in Resources */ = {isa = PBXBuildFile; fileRef = 0C3FD9541BB3517A0058035B /* Icon-60@3x.png */; };
		0C3FD96A1BB3517A0058035B /* Icon-76.png in Resources */ = {isa = PBXBuildFile; fileRef = 0C3FD9551BB3517A0058035B /* Icon-76.png */; };
		0C3FD96B1BB3517A0058035B /* Icon-76@2x.png in Resources */ = {isa = PBXBuildFile; fileRef = 0C3FD9561BB3517A0058035B /* Icon-76@2x.png */; };
		0C3FD9701BB370AA0058035B /* Default-Landscape.png in Resources */ = {isa = PBXBuildFile; fileRef = 0C3FD96C1BB370AA0058035B /* Default-Landscape.png */; };
		0C3FD9711BB370AA0058035B /* Default-Landscape@2x.png in Resources */ = {isa = PBXBuildFile; fileRef = 0C3FD96D1BB370AA0058035B /* Default-Landscape@2x.png */; };
		0C3FD9721BB370AA0058035B /* Default-Portrait.png in Resources */ = {isa = PBXBuildFile; fileRef = 0C3FD96E1BB370AA0058035B /* Default-Portrait.png */; };
		0C3FD9731BB370AA0058035B /* Default-Portrait@2x.png in Resources */ = {isa = PBXBuildFile; fileRef = 0C3FD96F1BB370AA0058035B /* Default-Portrait@2x.png */; };
		0C3FD9751BB37D370058035B /* GoogleMobileAds.framework in Frameworks */ = {isa = PBXBuildFile; fileRef = 0C3FD9741BB37D370058035B /* GoogleMobileAds.framework */; };
		0C71038D1BAF975F0087F0EF /* ActivityIndicator.cpp in Sources */ = {isa = PBXBuildFile; fileRef = 0C71038B1BAF975F0087F0EF /* ActivityIndicator.cpp */; };
		0C7103901BB28BDB0087F0EF /* Images.xcassets in Resources */ = {isa = PBXBuildFile; fileRef = 0C71038F1BB28BDA0087F0EF /* Images.xcassets */; };
		0CAD071C1C14DE3900ECF6CC /* fonts in Resources */ = {isa = PBXBuildFile; fileRef = 0CAD071B1C14DE3900ECF6CC /* fonts */; };
		0CAD071E1C14E08B00ECF6CC /* pictures in Resources */ = {isa = PBXBuildFile; fileRef = 0CAD071D1C14E08B00ECF6CC /* pictures */; };
		0CAD07201C177A9500ECF6CC /* sound in Resources */ = {isa = PBXBuildFile; fileRef = 0CAD071F1C177A9500ECF6CC /* sound */; };
		0CAD07221C177B9500ECF6CC /* text in Resources */ = {isa = PBXBuildFile; fileRef = 0CAD07211C177B9500ECF6CC /* text */; };
		0CB491171BB512F30069177E /* InfoPlist.strings in Resources */ = {isa = PBXBuildFile; fileRef = 0CB491191BB512F30069177E /* InfoPlist.strings */; };
		0CCFF91C1BACFE5500D2A868 /* Advertisement.mm in Sources */ = {isa = PBXBuildFile; fileRef = 0CCFF8FE1BACFE5500D2A868 /* Advertisement.mm */; };
		0CCFF91D1BACFE5500D2A868 /* AKCommon.cpp in Sources */ = {isa = PBXBuildFile; fileRef = 0CCFF8FF1BACFE5500D2A868 /* AKCommon.cpp */; };
		0CCFF91E1BACFE5500D2A868 /* AKInterface.cpp in Sources */ = {isa = PBXBuildFile; fileRef = 0CCFF9011BACFE5500D2A868 /* AKInterface.cpp */; };
		0CCFF91F1BACFE5500D2A868 /* AKLabel.cpp in Sources */ = {isa = PBXBuildFile; fileRef = 0CCFF9031BACFE5500D2A868 /* AKLabel.cpp */; };
		0CCFF9201BACFE5500D2A868 /* AKMenuItem.cpp in Sources */ = {isa = PBXBuildFile; fileRef = 0CCFF9071BACFE5500D2A868 /* AKMenuItem.cpp */; };
		0CCFF9211BACFE5500D2A868 /* AKScreenSize.cpp in Sources */ = {isa = PBXBuildFile; fileRef = 0CCFF9091BACFE5500D2A868 /* AKScreenSize.cpp */; };
		0CCFF9221BACFE5500D2A868 /* AKStringSplitter.cpp in Sources */ = {isa = PBXBuildFile; fileRef = 0CCFF90B1BACFE5500D2A868 /* AKStringSplitter.cpp */; };
		0CCFF9231BACFE5500D2A868 /* GameCenterHelper.m in Sources */ = {isa = PBXBuildFile; fileRef = 0CCFF90E1BACFE5500D2A868 /* GameCenterHelper.m */; };
		0CCFF9241BACFE5500D2A868 /* LocalizedResource.cpp in Sources */ = {isa = PBXBuildFile; fileRef = 0CCFF90F1BACFE5500D2A868 /* LocalizedResource.cpp */; };
		0CCFF9251BACFE5500D2A868 /* OnlineScore.mm in Sources */ = {isa = PBXBuildFile; fileRef = 0CCFF9121BACFE5500D2A868 /* OnlineScore.mm */; };
		0CCFF9261BACFE5500D2A868 /* OpenUrl.mm in Sources */ = {isa = PBXBuildFile; fileRef = 0CCFF9141BACFE5500D2A868 /* OpenUrl.mm */; };
		0CCFF9271BACFE5500D2A868 /* Payment.mm in Sources */ = {isa = PBXBuildFile; fileRef = 0CCFF9161BACFE5500D2A868 /* Payment.mm */; };
		0CCFF9281BACFE5500D2A868 /* Payment_objc.mm in Sources */ = {isa = PBXBuildFile; fileRef = 0CCFF9181BACFE5500D2A868 /* Payment_objc.mm */; };
		0CCFF9291BACFE5500D2A868 /* Twitter.mm in Sources */ = {isa = PBXBuildFile; fileRef = 0CCFF91B1BACFE5500D2A868 /* Twitter.mm */; };
		0CCFF9351BACFE6B00D2A868 /* AKAngle.cpp in Sources */ = {isa = PBXBuildFile; fileRef = 0CCFF92B1BACFE6B00D2A868 /* AKAngle.cpp */; };
		0CCFF9361BACFE6B00D2A868 /* AKLogNoDef.cpp in Sources */ = {isa = PBXBuildFile; fileRef = 0CCFF92D1BACFE6B00D2A868 /* AKLogNoDef.cpp */; };
		0CCFF9371BACFE6B00D2A868 /* AKToritoma.cpp in Sources */ = {isa = PBXBuildFile; fileRef = 0CCFF92F1BACFE6B00D2A868 /* AKToritoma.cpp */; };
		0CCFF9381BACFE6B00D2A868 /* ID.cpp in Sources */ = {isa = PBXBuildFile; fileRef = 0CCFF9311BACFE6B00D2A868 /* ID.cpp */; };
		0CCFF9391BACFE6B00D2A868 /* SettingFileIO.cpp in Sources */ = {isa = PBXBuildFile; fileRef = 0CCFF9331BACFE6B00D2A868 /* SettingFileIO.cpp */; };
		0CCFF9451BACFE7400D2A868 /* AKHowToPlayScene.cpp in Sources */ = {isa = PBXBuildFile; fileRef = 0CCFF93B1BACFE7400D2A868 /* AKHowToPlayScene.cpp */; };
		0CCFF9471BACFE7400D2A868 /* AKTitleScene.cpp in Sources */ = {isa = PBXBuildFile; fileRef = 0CCFF93F1BACFE7400D2A868 /* AKTitleScene.cpp */; };
		0CCFF9481BACFE7400D2A868 /* CreditScene.cpp in Sources */ = {isa = PBXBuildFile; fileRef = 0CCFF9411BACFE7400D2A868 /* CreditScene.cpp */; };
		0CCFF9491BACFE7400D2A868 /* PageScene.cpp in Sources */ = {isa = PBXBuildFile; fileRef = 0CCFF9431BACFE7400D2A868 /* PageScene.cpp */; };
		0CCFF96F1BACFE7E00D2A868 /* AKBlock.cpp in Sources */ = {isa = PBXBuildFile; fileRef = 0CCFF94C1BACFE7E00D2A868 /* AKBlock.cpp */; };
		0CCFF9701BACFE7E00D2A868 /* AKCharacter.cpp in Sources */ = {isa = PBXBuildFile; fileRef = 0CCFF94E1BACFE7E00D2A868 /* AKCharacter.cpp */; };
		0CCFF9711BACFE7E00D2A868 /* AKCharacterPool.cpp in Sources */ = {isa = PBXBuildFile; fileRef = 0CCFF9501BACFE7E00D2A868 /* AKCharacterPool.cpp */; };
		0CCFF9721BACFE7E00D2A868 /* AKEffect.cpp in Sources */ = {isa = PBXBuildFile; fileRef = 0CCFF9521BACFE7E00D2A868 /* AKEffect.cpp */; };
		0CCFF9731BACFE7E00D2A868 /* AKEnemy.cpp in Sources */ = {isa = PBXBuildFile; fileRef = 0CCFF9541BACFE7E00D2A868 /* AKEnemy.cpp */; };
		0CCFF9741BACFE7E00D2A868 /* AKEnemyShot.cpp in Sources */ = {isa = PBXBuildFile; fileRef = 0CCFF9561BACFE7E00D2A868 /* AKEnemyShot.cpp */; };
		0CCFF9751BACFE7E00D2A868 /* AKGauge.cpp in Sources */ = {isa = PBXBuildFile; fileRef = 0CCFF9581BACFE7E00D2A868 /* AKGauge.cpp */; };
		0CCFF9761BACFE7E00D2A868 /* AKLife.cpp in Sources */ = {isa = PBXBuildFile; fileRef = 0CCFF95A1BACFE7E00D2A868 /* AKLife.cpp */; };
		0CCFF9771BACFE7E00D2A868 /* AKNWayAngle.cpp in Sources */ = {isa = PBXBuildFile; fileRef = 0CCFF95C1BACFE7E00D2A868 /* AKNWayAngle.cpp */; };
		0CCFF9781BACFE7E00D2A868 /* AKOption.cpp in Sources */ = {isa = PBXBuildFile; fileRef = 0CCFF95E1BACFE7E00D2A868 /* AKOption.cpp */; };
		0CCFF9791BACFE7E00D2A868 /* AKPlayData.cpp in Sources */ = {isa = PBXBuildFile; fileRef = 0CCFF9601BACFE7E00D2A868 /* AKPlayData.cpp */; };
		0CCFF97A1BACFE7E00D2A868 /* AKPlayer.cpp in Sources */ = {isa = PBXBuildFile; fileRef = 0CCFF9631BACFE7E00D2A868 /* AKPlayer.cpp */; };
		0CCFF97B1BACFE7E00D2A868 /* AKPlayerShot.cpp in Sources */ = {isa = PBXBuildFile; fileRef = 0CCFF9651BACFE7E00D2A868 /* AKPlayerShot.cpp */; };
		0CCFF97C1BACFE7E00D2A868 /* AKPlayingScene.cpp in Sources */ = {isa = PBXBuildFile; fileRef = 0CCFF9671BACFE7E00D2A868 /* AKPlayingScene.cpp */; };
		0CCFF97D1BACFE7E00D2A868 /* AKPlayingSceneIF.cpp in Sources */ = {isa = PBXBuildFile; fileRef = 0CCFF9691BACFE7E00D2A868 /* AKPlayingSceneIF.cpp */; };
		0CCFF97E1BACFE7E00D2A868 /* AKTileMap.cpp in Sources */ = {isa = PBXBuildFile; fileRef = 0CCFF96B1BACFE7E00D2A868 /* AKTileMap.cpp */; };
		0CCFF97F1BACFE7E00D2A868 /* AKTileMapEventParameter.cpp in Sources */ = {isa = PBXBuildFile; fileRef = 0CCFF96D1BACFE7E00D2A868 /* AKTileMapEventParameter.cpp */; };
		0CCFFA621BAD070200D2A868 /* libAdapterIAd.a in Frameworks */ = {isa = PBXBuildFile; fileRef = 0CCFFA5F1BAD070200D2A868 /* libAdapterIAd.a */; };
		0CCFFA631BAD070200D2A868 /* libAdapterNend.a in Frameworks */ = {isa = PBXBuildFile; fileRef = 0CCFFA601BAD070200D2A868 /* libAdapterNend.a */; };
		0CCFFA651BAD070E00D2A868 /* libNendAd.a in Frameworks */ = {isa = PBXBuildFile; fileRef = 0CCFFA641BAD070E00D2A868 /* libNendAd.a */; };
		0CCFFA681BAD122700D2A868 /* Social.framework in Frameworks */ = {isa = PBXBuildFile; fileRef = 0CCFFA671BAD122700D2A868 /* Social.framework */; };
		0CCFFA6A1BAD123900D2A868 /* iAd.framework in Frameworks */ = {isa = PBXBuildFile; fileRef = 0CCFFA691BAD123900D2A868 /* iAd.framework */; };
		0CCFFA6C1BAD127400D2A868 /* GameKit.framework in Frameworks */ = {isa = PBXBuildFile; fileRef = 0CCFFA6B1BAD127400D2A868 /* GameKit.framework */; };
		0CCFFA6E1BAD128000D2A868 /* MediaPlayer.framework in Frameworks */ = {isa = PBXBuildFile; fileRef = 0CCFFA6D1BAD128000D2A868 /* MediaPlayer.framework */; };
		0CCFFA701BAD129200D2A868 /* GameController.framework in Frameworks */ = {isa = PBXBuildFile; fileRef = 0CCFFA6F1BAD129200D2A868 /* GameController.framework */; };
		0CCFFA721BAD12A300D2A868 /* ImageIO.framework in Frameworks */ = {isa = PBXBuildFile; fileRef = 0CCFFA711BAD12A300D2A868 /* ImageIO.framework */; };
		0CCFFA741BAD12DE00D2A868 /* CoreMedia.framework in Frameworks */ = {isa = PBXBuildFile; fileRef = 0CCFFA731BAD12DE00D2A868 /* CoreMedia.framework */; };
		0CCFFA761BAD12FD00D2A868 /* UIKit.framework in Frameworks */ = {isa = PBXBuildFile; fileRef = 0CCFFA751BAD12FD00D2A868 /* UIKit.framework */; };
		0CCFFA781BAD130B00D2A868 /* Security.framework in Frameworks */ = {isa = PBXBuildFile; fileRef = 0CCFFA771BAD130B00D2A868 /* Security.framework */; };
		0CCFFA7A1BAD131700D2A868 /* CoreMotion.framework in Frameworks */ = {isa = PBXBuildFile; fileRef = 0CCFFA791BAD131700D2A868 /* CoreMotion.framework */; };
		0CCFFA7C1BAD132300D2A868 /* OpenGLES.framework in Frameworks */ = {isa = PBXBuildFile; fileRef = 0CCFFA7B1BAD132200D2A868 /* OpenGLES.framework */; };
		0CCFFA7E1BAD134500D2A868 /* SystemConfiguration.framework in Frameworks */ = {isa = PBXBuildFile; fileRef = 0CCFFA7D1BAD134500D2A868 /* SystemConfiguration.framework */; };
		0CCFFA801BAD134E00D2A868 /* StoreKit.framework in Frameworks */ = {isa = PBXBuildFile; fileRef = 0CCFFA7F1BAD134E00D2A868 /* StoreKit.framework */; };
		0CCFFA821BAD135A00D2A868 /* MessageUI.framework in Frameworks */ = {isa = PBXBuildFile; fileRef = 0CCFFA811BAD135A00D2A868 /* MessageUI.framework */; };
		0CCFFA841BAD136600D2A868 /* EventKit.framework in Frameworks */ = {isa = PBXBuildFile; fileRef = 0CCFFA831BAD136600D2A868 /* EventKit.framework */; };
		0CCFFA861BAD136E00D2A868 /* EventKitUI.framework in Frameworks */ = {isa = PBXBuildFile; fileRef = 0CCFFA851BAD136E00D2A868 /* EventKitUI.framework */; };
		0CCFFA881BAD137900D2A868 /* CoreTelephony.framework in Frameworks */ = {isa = PBXBuildFile; fileRef = 0CCFFA871BAD137900D2A868 /* CoreTelephony.framework */; };
		0CCFFA8A1BAD138B00D2A868 /* CoreGraphics.framework in Frameworks */ = {isa = PBXBuildFile; fileRef = 0CCFFA891BAD138B00D2A868 /* CoreGraphics.framework */; };
		0CCFFA8C1BAD13B800D2A868 /* AdSupport.framework in Frameworks */ = {isa = PBXBuildFile; fileRef = 0CCFFA8B1BAD13B800D2A868 /* AdSupport.framework */; };
		1AC6FB21180E996B004C840B /* libcocos2d Mac.a in Frameworks */ = {isa = PBXBuildFile; fileRef = 1AC6FAF9180E9839004C840B /* libcocos2d Mac.a */; };
		1AC6FB30180E99EB004C840B /* libcocos2d iOS.a in Frameworks */ = {isa = PBXBuildFile; fileRef = 1AC6FB07180E9839004C840B /* libcocos2d iOS.a */; };
		1D60589F0D05DD5A006BFB54 /* Foundation.framework in Frameworks */ = {isa = PBXBuildFile; fileRef = 1D30AB110D05D00D00671497 /* Foundation.framework */; };
		46880B8819C43A87006E1F66 /* AppDelegate.cpp in Sources */ = {isa = PBXBuildFile; fileRef = 46880B8419C43A87006E1F66 /* AppDelegate.cpp */; };
		46880B8919C43A87006E1F66 /* AppDelegate.cpp in Sources */ = {isa = PBXBuildFile; fileRef = 46880B8419C43A87006E1F66 /* AppDelegate.cpp */; };
		503AE0F817EB97AB00D1A890 /* Icon.icns in Resources */ = {isa = PBXBuildFile; fileRef = 503AE0F617EB97AB00D1A890 /* Icon.icns */; };
		503AE10017EB989F00D1A890 /* AppController.mm in Sources */ = {isa = PBXBuildFile; fileRef = 503AE0FB17EB989F00D1A890 /* AppController.mm */; };
		503AE10117EB989F00D1A890 /* main.m in Sources */ = {isa = PBXBuildFile; fileRef = 503AE0FC17EB989F00D1A890 /* main.m */; };
		503AE10217EB989F00D1A890 /* RootViewController.mm in Sources */ = {isa = PBXBuildFile; fileRef = 503AE0FF17EB989F00D1A890 /* RootViewController.mm */; };
		503AE10517EB98FF00D1A890 /* main.cpp in Sources */ = {isa = PBXBuildFile; fileRef = 503AE10317EB98FF00D1A890 /* main.cpp */; };
		503AE11B17EB9C5A00D1A890 /* IOKit.framework in Frameworks */ = {isa = PBXBuildFile; fileRef = 503AE11A17EB9C5A00D1A890 /* IOKit.framework */; };
		5087E76317EB910900C73F5D /* Foundation.framework in Frameworks */ = {isa = PBXBuildFile; fileRef = 1D30AB110D05D00D00671497 /* Foundation.framework */; };
		5087E76717EB910900C73F5D /* libz.dylib in Frameworks */ = {isa = PBXBuildFile; fileRef = BF170DB412928DE900B8313A /* libz.dylib */; };
		5087E76817EB910900C73F5D /* QuartzCore.framework in Frameworks */ = {isa = PBXBuildFile; fileRef = BF1C47EA1293683800B63C5D /* QuartzCore.framework */; };
		5087E76917EB910900C73F5D /* OpenAL.framework in Frameworks */ = {isa = PBXBuildFile; fileRef = D44C620B132DFF330009C878 /* OpenAL.framework */; };
		5087E76A17EB910900C73F5D /* AVFoundation.framework in Frameworks */ = {isa = PBXBuildFile; fileRef = D44C620D132DFF430009C878 /* AVFoundation.framework */; };
		5087E76B17EB910900C73F5D /* AudioToolbox.framework in Frameworks */ = {isa = PBXBuildFile; fileRef = D44C620F132DFF4E0009C878 /* AudioToolbox.framework */; };
		5087E78917EB974C00C73F5D /* AppKit.framework in Frameworks */ = {isa = PBXBuildFile; fileRef = 5087E78817EB974C00C73F5D /* AppKit.framework */; };
		5087E78B17EB975400C73F5D /* OpenGL.framework in Frameworks */ = {isa = PBXBuildFile; fileRef = 5087E78A17EB975400C73F5D /* OpenGL.framework */; };
		8262943E1AAF051F00CB7CF7 /* Security.framework in Frameworks */ = {isa = PBXBuildFile; fileRef = 8262943D1AAF051F00CB7CF7 /* Security.framework */; };
		BF1712471292920000B8313A /* libz.dylib in Frameworks */ = {isa = PBXBuildFile; fileRef = BF170DB412928DE900B8313A /* libz.dylib */; };
		BF1C47F01293687400B63C5D /* QuartzCore.framework in Frameworks */ = {isa = PBXBuildFile; fileRef = BF1C47EA1293683800B63C5D /* QuartzCore.framework */; };
		D44C620C132DFF330009C878 /* OpenAL.framework in Frameworks */ = {isa = PBXBuildFile; fileRef = D44C620B132DFF330009C878 /* OpenAL.framework */; };
		D44C620E132DFF430009C878 /* AVFoundation.framework in Frameworks */ = {isa = PBXBuildFile; fileRef = D44C620D132DFF430009C878 /* AVFoundation.framework */; };
		D44C6210132DFF4E0009C878 /* AudioToolbox.framework in Frameworks */ = {isa = PBXBuildFile; fileRef = D44C620F132DFF4E0009C878 /* AudioToolbox.framework */; };
		ED545A7C1B68A1F400C3958E /* libiconv.dylib in Frameworks */ = {isa = PBXBuildFile; fileRef = ED545A7B1B68A1F400C3958E /* libiconv.dylib */; };
		ED545A7E1B68A1FA00C3958E /* libiconv.dylib in Frameworks */ = {isa = PBXBuildFile; fileRef = ED545A7D1B68A1FA00C3958E /* libiconv.dylib */; };
/* End PBXBuildFile section */

/* Begin PBXContainerItemProxy section */
		1AC6FAF8180E9839004C840B /* PBXContainerItemProxy */ = {
			isa = PBXContainerItemProxy;
			containerPortal = 1AC6FAE5180E9839004C840B /* cocos2d_libs.xcodeproj */;
			proxyType = 2;
			remoteGlobalIDString = 1551A33F158F2AB200E66CFE;
			remoteInfo = "cocos2dx Mac";
		};
		1AC6FB06180E9839004C840B /* PBXContainerItemProxy */ = {
			isa = PBXContainerItemProxy;
			containerPortal = 1AC6FAE5180E9839004C840B /* cocos2d_libs.xcodeproj */;
			proxyType = 2;
			remoteGlobalIDString = A07A4D641783777C0073F6A7;
			remoteInfo = "cocos2dx iOS";
		};
		1AC6FB15180E9959004C840B /* PBXContainerItemProxy */ = {
			isa = PBXContainerItemProxy;
			containerPortal = 1AC6FAE5180E9839004C840B /* cocos2d_libs.xcodeproj */;
			proxyType = 1;
			remoteGlobalIDString = 1551A33E158F2AB200E66CFE;
			remoteInfo = "cocos2dx Mac";
		};
		1AC6FB24180E99E1004C840B /* PBXContainerItemProxy */ = {
			isa = PBXContainerItemProxy;
			containerPortal = 1AC6FAE5180E9839004C840B /* cocos2d_libs.xcodeproj */;
			proxyType = 1;
			remoteGlobalIDString = A07A4C241783777C0073F6A7;
			remoteInfo = "cocos2dx iOS";
		};
/* End PBXContainerItemProxy section */

/* Begin PBXFileReference section */
		0C3FD93F1BB3512F0058035B /* Default.png */ = {isa = PBXFileReference; lastKnownFileType = image.png; name = Default.png; path = ios/Default.png; sourceTree = SOURCE_ROOT; };
		0C3FD9421BB3517A0058035B /* Default-568h@2x.png */ = {isa = PBXFileReference; lastKnownFileType = image.png; name = "Default-568h@2x.png"; path = "ios/Default-568h@2x.png"; sourceTree = SOURCE_ROOT; };
		0C3FD9431BB3517A0058035B /* Default-667h@2x.png */ = {isa = PBXFileReference; lastKnownFileType = image.png; name = "Default-667h@2x.png"; path = "ios/Default-667h@2x.png"; sourceTree = SOURCE_ROOT; };
		0C3FD9441BB3517A0058035B /* Default-736h@3x.png */ = {isa = PBXFileReference; lastKnownFileType = image.png; name = "Default-736h@3x.png"; path = "ios/Default-736h@3x.png"; sourceTree = SOURCE_ROOT; };
		0C3FD9451BB3517A0058035B /* Default-Landscape-736h@3x.png */ = {isa = PBXFileReference; lastKnownFileType = image.png; name = "Default-Landscape-736h@3x.png"; path = "ios/Default-Landscape-736h@3x.png"; sourceTree = SOURCE_ROOT; };
		0C3FD94C1BB3517A0058035B /* Default@2x.png */ = {isa = PBXFileReference; lastKnownFileType = image.png; name = "Default@2x.png"; path = "ios/Default@2x.png"; sourceTree = SOURCE_ROOT; };
		0C3FD94D1BB3517A0058035B /* Icon-29.png */ = {isa = PBXFileReference; lastKnownFileType = image.png; name = "Icon-29.png"; path = "ios/Icon-29.png"; sourceTree = SOURCE_ROOT; };
		0C3FD94E1BB3517A0058035B /* Icon-29@2x.png */ = {isa = PBXFileReference; lastKnownFileType = image.png; name = "Icon-29@2x.png"; path = "ios/Icon-29@2x.png"; sourceTree = SOURCE_ROOT; };
		0C3FD94F1BB3517A0058035B /* Icon-29@3x.png */ = {isa = PBXFileReference; lastKnownFileType = image.png; name = "Icon-29@3x.png"; path = "ios/Icon-29@3x.png"; sourceTree = SOURCE_ROOT; };
		0C3FD9501BB3517A0058035B /* Icon-40.png */ = {isa = PBXFileReference; lastKnownFileType = image.png; name = "Icon-40.png"; path = "ios/Icon-40.png"; sourceTree = SOURCE_ROOT; };
		0C3FD9511BB3517A0058035B /* Icon-40@2x.png */ = {isa = PBXFileReference; lastKnownFileType = image.png; name = "Icon-40@2x.png"; path = "ios/Icon-40@2x.png"; sourceTree = SOURCE_ROOT; };
		0C3FD9521BB3517A0058035B /* Icon-40@3x.png */ = {isa = PBXFileReference; lastKnownFileType = image.png; name = "Icon-40@3x.png"; path = "ios/Icon-40@3x.png"; sourceTree = SOURCE_ROOT; };
		0C3FD9531BB3517A0058035B /* Icon-60@2x.png */ = {isa = PBXFileReference; lastKnownFileType = image.png; name = "Icon-60@2x.png"; path = "ios/Icon-60@2x.png"; sourceTree = SOURCE_ROOT; };
		0C3FD9541BB3517A0058035B /* Icon-60@3x.png */ = {isa = PBXFileReference; lastKnownFileType = image.png; name = "Icon-60@3x.png"; path = "ios/Icon-60@3x.png"; sourceTree = SOURCE_ROOT; };
		0C3FD9551BB3517A0058035B /* Icon-76.png */ = {isa = PBXFileReference; lastKnownFileType = image.png; name = "Icon-76.png"; path = "ios/Icon-76.png"; sourceTree = SOURCE_ROOT; };
		0C3FD9561BB3517A0058035B /* Icon-76@2x.png */ = {isa = PBXFileReference; lastKnownFileType = image.png; name = "Icon-76@2x.png"; path = "ios/Icon-76@2x.png"; sourceTree = SOURCE_ROOT; };
		0C3FD96C1BB370AA0058035B /* Default-Landscape.png */ = {isa = PBXFileReference; lastKnownFileType = image.png; name = "Default-Landscape.png"; path = "ios/Default-Landscape.png"; sourceTree = SOURCE_ROOT; };
		0C3FD96D1BB370AA0058035B /* Default-Landscape@2x.png */ = {isa = PBXFileReference; lastKnownFileType = image.png; name = "Default-Landscape@2x.png"; path = "ios/Default-Landscape@2x.png"; sourceTree = SOURCE_ROOT; };
		0C3FD96E1BB370AA0058035B /* Default-Portrait.png */ = {isa = PBXFileReference; lastKnownFileType = image.png; name = "Default-Portrait.png"; path = "ios/Default-Portrait.png"; sourceTree = SOURCE_ROOT; };
		0C3FD96F1BB370AA0058035B /* Default-Portrait@2x.png */ = {isa = PBXFileReference; lastKnownFileType = image.png; name = "Default-Portrait@2x.png"; path = "ios/Default-Portrait@2x.png"; sourceTree = SOURCE_ROOT; };
		0C3FD9741BB37D370058035B /* GoogleMobileAds.framework */ = {isa = PBXFileReference; lastKnownFileType = wrapper.framework; path = GoogleMobileAds.framework; sourceTree = "<group>"; };
		0C5C2C751BCBB51B003D3548 /* ko */ = {isa = PBXFileReference; lastKnownFileType = text.plist.strings; name = ko; path = ko.lproj/InfoPlist.strings; sourceTree = "<group>"; };
		0C5C2C761BCBB629003D3548 /* zh-Hans */ = {isa = PBXFileReference; lastKnownFileType = text.plist.strings; name = "zh-Hans"; path = "zh-Hans.lproj/InfoPlist.strings"; sourceTree = "<group>"; };
		0C5C2C771BCBB69D003D3548 /* zh-Hant */ = {isa = PBXFileReference; lastKnownFileType = text.plist.strings; name = "zh-Hant"; path = "zh-Hant.lproj/InfoPlist.strings"; sourceTree = "<group>"; };
		0C5C2C781BCBB6C6003D3548 /* ja */ = {isa = PBXFileReference; lastKnownFileType = text.plist.strings; name = ja; path = ja.lproj/InfoPlist.strings; sourceTree = "<group>"; };
		0C71038B1BAF975F0087F0EF /* ActivityIndicator.cpp */ = {isa = PBXFileReference; fileEncoding = 4; lastKnownFileType = sourcecode.cpp.cpp; path = ActivityIndicator.cpp; sourceTree = "<group>"; };
		0C71038C1BAF975F0087F0EF /* ActivityIndicator.h */ = {isa = PBXFileReference; fileEncoding = 4; lastKnownFileType = sourcecode.c.h; path = ActivityIndicator.h; sourceTree = "<group>"; };
		0C71038E1BB0CB5E0087F0EF /* PurchaseInfoWriter.h */ = {isa = PBXFileReference; lastKnownFileType = sourcecode.c.h; path = PurchaseInfoWriter.h; sourceTree = "<group>"; };
		0C71038F1BB28BDA0087F0EF /* Images.xcassets */ = {isa = PBXFileReference; lastKnownFileType = folder.assetcatalog; name = Images.xcassets; path = "toritoma-mobile/Images.xcassets"; sourceTree = SOURCE_ROOT; };
		0CAD07151C0BA53900ECF6CC /* Advertisement.cpp */ = {isa = PBXFileReference; lastKnownFileType = sourcecode.cpp.cpp; path = Advertisement.cpp; sourceTree = "<group>"; };
		0CAD07161C0BAC8500ECF6CC /* OnlineScore.cpp */ = {isa = PBXFileReference; lastKnownFileType = sourcecode.cpp.cpp; path = OnlineScore.cpp; sourceTree = "<group>"; };
		0CAD07171C0BAD1600ECF6CC /* OpenUrl.cpp */ = {isa = PBXFileReference; lastKnownFileType = sourcecode.cpp.cpp; path = OpenUrl.cpp; sourceTree = "<group>"; };
		0CAD07181C0BAD7800ECF6CC /* Payment.cpp */ = {isa = PBXFileReference; lastKnownFileType = sourcecode.cpp.cpp; path = Payment.cpp; sourceTree = "<group>"; };
		0CAD07191C0FA15500ECF6CC /* Twitter.cpp */ = {isa = PBXFileReference; fileEncoding = 4; lastKnownFileType = sourcecode.cpp.cpp; path = Twitter.cpp; sourceTree = "<group>"; };
		0CAD071B1C14DE3900ECF6CC /* fonts */ = {isa = PBXFileReference; lastKnownFileType = folder; path = fonts; sourceTree = "<group>"; };
		0CAD071D1C14E08B00ECF6CC /* pictures */ = {isa = PBXFileReference; lastKnownFileType = folder; path = pictures; sourceTree = "<group>"; };
		0CAD071F1C177A9500ECF6CC /* sound */ = {isa = PBXFileReference; lastKnownFileType = folder; path = sound; sourceTree = "<group>"; };
		0CAD07211C177B9500ECF6CC /* text */ = {isa = PBXFileReference; lastKnownFileType = folder; path = text; sourceTree = "<group>"; };
		0CB491181BB512F30069177E /* en */ = {isa = PBXFileReference; lastKnownFileType = text.plist.strings; name = en; path = en.lproj/InfoPlist.strings; sourceTree = "<group>"; };
		0CCFF8FD1BACFE5500D2A868 /* Advertisement.h */ = {isa = PBXFileReference; fileEncoding = 4; lastKnownFileType = sourcecode.c.h; path = Advertisement.h; sourceTree = "<group>"; };
		0CCFF8FE1BACFE5500D2A868 /* Advertisement.mm */ = {isa = PBXFileReference; fileEncoding = 4; lastKnownFileType = sourcecode.cpp.objcpp; path = Advertisement.mm; sourceTree = "<group>"; };
		0CCFF8FF1BACFE5500D2A868 /* AKCommon.cpp */ = {isa = PBXFileReference; fileEncoding = 4; lastKnownFileType = sourcecode.cpp.cpp; path = AKCommon.cpp; sourceTree = "<group>"; };
		0CCFF9001BACFE5500D2A868 /* AKCommon.h */ = {isa = PBXFileReference; fileEncoding = 4; lastKnownFileType = sourcecode.c.h; path = AKCommon.h; sourceTree = "<group>"; };
		0CCFF9011BACFE5500D2A868 /* AKInterface.cpp */ = {isa = PBXFileReference; fileEncoding = 4; lastKnownFileType = sourcecode.cpp.cpp; path = AKInterface.cpp; sourceTree = "<group>"; };
		0CCFF9021BACFE5500D2A868 /* AKInterface.h */ = {isa = PBXFileReference; fileEncoding = 4; lastKnownFileType = sourcecode.c.h; path = AKInterface.h; sourceTree = "<group>"; };
		0CCFF9031BACFE5500D2A868 /* AKLabel.cpp */ = {isa = PBXFileReference; fileEncoding = 4; lastKnownFileType = sourcecode.cpp.cpp; path = AKLabel.cpp; sourceTree = "<group>"; };
		0CCFF9041BACFE5500D2A868 /* AKLabel.h */ = {isa = PBXFileReference; fileEncoding = 4; lastKnownFileType = sourcecode.c.h; path = AKLabel.h; sourceTree = "<group>"; };
		0CCFF9051BACFE5500D2A868 /* AKLib.h */ = {isa = PBXFileReference; fileEncoding = 4; lastKnownFileType = sourcecode.c.h; path = AKLib.h; sourceTree = "<group>"; };
		0CCFF9061BACFE5500D2A868 /* AKMenuEventHandler.h */ = {isa = PBXFileReference; fileEncoding = 4; lastKnownFileType = sourcecode.c.h; path = AKMenuEventHandler.h; sourceTree = "<group>"; };
		0CCFF9071BACFE5500D2A868 /* AKMenuItem.cpp */ = {isa = PBXFileReference; fileEncoding = 4; lastKnownFileType = sourcecode.cpp.cpp; path = AKMenuItem.cpp; sourceTree = "<group>"; };
		0CCFF9081BACFE5500D2A868 /* AKMenuItem.h */ = {isa = PBXFileReference; fileEncoding = 4; lastKnownFileType = sourcecode.c.h; path = AKMenuItem.h; sourceTree = "<group>"; };
		0CCFF9091BACFE5500D2A868 /* AKScreenSize.cpp */ = {isa = PBXFileReference; fileEncoding = 4; lastKnownFileType = sourcecode.cpp.cpp; path = AKScreenSize.cpp; sourceTree = "<group>"; };
		0CCFF90A1BACFE5500D2A868 /* AKScreenSize.h */ = {isa = PBXFileReference; fileEncoding = 4; lastKnownFileType = sourcecode.c.h; path = AKScreenSize.h; sourceTree = "<group>"; };
		0CCFF90B1BACFE5500D2A868 /* AKStringSplitter.cpp */ = {isa = PBXFileReference; fileEncoding = 4; lastKnownFileType = sourcecode.cpp.cpp; path = AKStringSplitter.cpp; sourceTree = "<group>"; };
		0CCFF90C1BACFE5500D2A868 /* AKStringSplitter.h */ = {isa = PBXFileReference; fileEncoding = 4; lastKnownFileType = sourcecode.c.h; path = AKStringSplitter.h; sourceTree = "<group>"; };
		0CCFF90D1BACFE5500D2A868 /* GameCenterHelper.h */ = {isa = PBXFileReference; fileEncoding = 4; lastKnownFileType = sourcecode.c.h; path = GameCenterHelper.h; sourceTree = "<group>"; };
		0CCFF90E1BACFE5500D2A868 /* GameCenterHelper.m */ = {isa = PBXFileReference; fileEncoding = 4; lastKnownFileType = sourcecode.c.objc; path = GameCenterHelper.m; sourceTree = "<group>"; };
		0CCFF90F1BACFE5500D2A868 /* LocalizedResource.cpp */ = {isa = PBXFileReference; fileEncoding = 4; lastKnownFileType = sourcecode.cpp.cpp; path = LocalizedResource.cpp; sourceTree = "<group>"; };
		0CCFF9101BACFE5500D2A868 /* LocalizedResource.h */ = {isa = PBXFileReference; fileEncoding = 4; lastKnownFileType = sourcecode.c.h; path = LocalizedResource.h; sourceTree = "<group>"; };
		0CCFF9111BACFE5500D2A868 /* OnlineScore.h */ = {isa = PBXFileReference; fileEncoding = 4; lastKnownFileType = sourcecode.c.h; path = OnlineScore.h; sourceTree = "<group>"; };
		0CCFF9121BACFE5500D2A868 /* OnlineScore.mm */ = {isa = PBXFileReference; fileEncoding = 4; lastKnownFileType = sourcecode.cpp.objcpp; path = OnlineScore.mm; sourceTree = "<group>"; };
		0CCFF9131BACFE5500D2A868 /* OpenUrl.h */ = {isa = PBXFileReference; fileEncoding = 4; lastKnownFileType = sourcecode.c.h; path = OpenUrl.h; sourceTree = "<group>"; };
		0CCFF9141BACFE5500D2A868 /* OpenUrl.mm */ = {isa = PBXFileReference; fileEncoding = 4; lastKnownFileType = sourcecode.cpp.objcpp; path = OpenUrl.mm; sourceTree = "<group>"; };
		0CCFF9151BACFE5500D2A868 /* Payment.h */ = {isa = PBXFileReference; fileEncoding = 4; lastKnownFileType = sourcecode.c.h; path = Payment.h; sourceTree = "<group>"; };
		0CCFF9161BACFE5500D2A868 /* Payment.mm */ = {isa = PBXFileReference; fileEncoding = 4; lastKnownFileType = sourcecode.cpp.objcpp; path = Payment.mm; sourceTree = "<group>"; };
		0CCFF9171BACFE5500D2A868 /* Payment_objc.h */ = {isa = PBXFileReference; fileEncoding = 4; lastKnownFileType = sourcecode.c.h; path = Payment_objc.h; sourceTree = "<group>"; };
		0CCFF9181BACFE5500D2A868 /* Payment_objc.mm */ = {isa = PBXFileReference; fileEncoding = 4; lastKnownFileType = sourcecode.cpp.objcpp; path = Payment_objc.mm; sourceTree = "<group>"; };
		0CCFF9191BACFE5500D2A868 /* PaymentDelegate.h */ = {isa = PBXFileReference; fileEncoding = 4; lastKnownFileType = sourcecode.c.h; path = PaymentDelegate.h; sourceTree = "<group>"; };
		0CCFF91A1BACFE5500D2A868 /* Twitter.h */ = {isa = PBXFileReference; fileEncoding = 4; lastKnownFileType = sourcecode.c.h; path = Twitter.h; sourceTree = "<group>"; };
		0CCFF91B1BACFE5500D2A868 /* Twitter.mm */ = {isa = PBXFileReference; fileEncoding = 4; lastKnownFileType = sourcecode.cpp.objcpp; path = Twitter.mm; sourceTree = "<group>"; };
		0CCFF92B1BACFE6B00D2A868 /* AKAngle.cpp */ = {isa = PBXFileReference; fileEncoding = 4; lastKnownFileType = sourcecode.cpp.cpp; path = AKAngle.cpp; sourceTree = "<group>"; };
		0CCFF92C1BACFE6B00D2A868 /* AKAngle.h */ = {isa = PBXFileReference; fileEncoding = 4; lastKnownFileType = sourcecode.c.h; path = AKAngle.h; sourceTree = "<group>"; };
		0CCFF92D1BACFE6B00D2A868 /* AKLogNoDef.cpp */ = {isa = PBXFileReference; fileEncoding = 4; lastKnownFileType = sourcecode.cpp.cpp; path = AKLogNoDef.cpp; sourceTree = "<group>"; };
		0CCFF92E1BACFE6B00D2A868 /* AKLogNoDef.h */ = {isa = PBXFileReference; fileEncoding = 4; lastKnownFileType = sourcecode.c.h; path = AKLogNoDef.h; sourceTree = "<group>"; };
		0CCFF92F1BACFE6B00D2A868 /* AKToritoma.cpp */ = {isa = PBXFileReference; fileEncoding = 4; lastKnownFileType = sourcecode.cpp.cpp; path = AKToritoma.cpp; sourceTree = "<group>"; };
		0CCFF9301BACFE6B00D2A868 /* AKToritoma.h */ = {isa = PBXFileReference; fileEncoding = 4; lastKnownFileType = sourcecode.c.h; path = AKToritoma.h; sourceTree = "<group>"; };
		0CCFF9311BACFE6B00D2A868 /* ID.cpp */ = {isa = PBXFileReference; fileEncoding = 4; lastKnownFileType = sourcecode.cpp.cpp; path = ID.cpp; sourceTree = "<group>"; };
		0CCFF9321BACFE6B00D2A868 /* ID.h */ = {isa = PBXFileReference; fileEncoding = 4; lastKnownFileType = sourcecode.c.h; path = ID.h; sourceTree = "<group>"; };
		0CCFF9331BACFE6B00D2A868 /* SettingFileIO.cpp */ = {isa = PBXFileReference; fileEncoding = 4; lastKnownFileType = sourcecode.cpp.cpp; path = SettingFileIO.cpp; sourceTree = "<group>"; };
		0CCFF9341BACFE6B00D2A868 /* SettingFileIO.h */ = {isa = PBXFileReference; fileEncoding = 4; lastKnownFileType = sourcecode.c.h; path = SettingFileIO.h; sourceTree = "<group>"; };
		0CCFF93B1BACFE7400D2A868 /* AKHowToPlayScene.cpp */ = {isa = PBXFileReference; fileEncoding = 4; lastKnownFileType = sourcecode.cpp.cpp; path = AKHowToPlayScene.cpp; sourceTree = "<group>"; };
		0CCFF93C1BACFE7400D2A868 /* AKHowToPlayScene.h */ = {isa = PBXFileReference; fileEncoding = 4; lastKnownFileType = sourcecode.c.h; path = AKHowToPlayScene.h; sourceTree = "<group>"; };
		0CCFF93F1BACFE7400D2A868 /* AKTitleScene.cpp */ = {isa = PBXFileReference; fileEncoding = 4; lastKnownFileType = sourcecode.cpp.cpp; path = AKTitleScene.cpp; sourceTree = "<group>"; };
		0CCFF9401BACFE7400D2A868 /* AKTitleScene.h */ = {isa = PBXFileReference; fileEncoding = 4; lastKnownFileType = sourcecode.c.h; path = AKTitleScene.h; sourceTree = "<group>"; };
		0CCFF9411BACFE7400D2A868 /* CreditScene.cpp */ = {isa = PBXFileReference; fileEncoding = 4; lastKnownFileType = sourcecode.cpp.cpp; path = CreditScene.cpp; sourceTree = "<group>"; };
		0CCFF9421BACFE7400D2A868 /* CreditScene.h */ = {isa = PBXFileReference; fileEncoding = 4; lastKnownFileType = sourcecode.c.h; path = CreditScene.h; sourceTree = "<group>"; };
		0CCFF9431BACFE7400D2A868 /* PageScene.cpp */ = {isa = PBXFileReference; fileEncoding = 4; lastKnownFileType = sourcecode.cpp.cpp; path = PageScene.cpp; sourceTree = "<group>"; };
		0CCFF9441BACFE7400D2A868 /* PageScene.h */ = {isa = PBXFileReference; fileEncoding = 4; lastKnownFileType = sourcecode.c.h; path = PageScene.h; sourceTree = "<group>"; };
		0CCFF94C1BACFE7E00D2A868 /* AKBlock.cpp */ = {isa = PBXFileReference; fileEncoding = 4; lastKnownFileType = sourcecode.cpp.cpp; path = AKBlock.cpp; sourceTree = "<group>"; };
		0CCFF94D1BACFE7E00D2A868 /* AKBlock.h */ = {isa = PBXFileReference; fileEncoding = 4; lastKnownFileType = sourcecode.c.h; path = AKBlock.h; sourceTree = "<group>"; };
		0CCFF94E1BACFE7E00D2A868 /* AKCharacter.cpp */ = {isa = PBXFileReference; fileEncoding = 4; lastKnownFileType = sourcecode.cpp.cpp; path = AKCharacter.cpp; sourceTree = "<group>"; };
		0CCFF94F1BACFE7E00D2A868 /* AKCharacter.h */ = {isa = PBXFileReference; fileEncoding = 4; lastKnownFileType = sourcecode.c.h; path = AKCharacter.h; sourceTree = "<group>"; };
		0CCFF9501BACFE7E00D2A868 /* AKCharacterPool.cpp */ = {isa = PBXFileReference; fileEncoding = 4; lastKnownFileType = sourcecode.cpp.cpp; path = AKCharacterPool.cpp; sourceTree = "<group>"; };
		0CCFF9511BACFE7E00D2A868 /* AKCharacterPool.h */ = {isa = PBXFileReference; fileEncoding = 4; lastKnownFileType = sourcecode.c.h; path = AKCharacterPool.h; sourceTree = "<group>"; };
		0CCFF9521BACFE7E00D2A868 /* AKEffect.cpp */ = {isa = PBXFileReference; fileEncoding = 4; lastKnownFileType = sourcecode.cpp.cpp; path = AKEffect.cpp; sourceTree = "<group>"; };
		0CCFF9531BACFE7E00D2A868 /* AKEffect.h */ = {isa = PBXFileReference; fileEncoding = 4; lastKnownFileType = sourcecode.c.h; path = AKEffect.h; sourceTree = "<group>"; };
		0CCFF9541BACFE7E00D2A868 /* AKEnemy.cpp */ = {isa = PBXFileReference; fileEncoding = 4; lastKnownFileType = sourcecode.cpp.cpp; path = AKEnemy.cpp; sourceTree = "<group>"; };
		0CCFF9551BACFE7E00D2A868 /* AKEnemy.h */ = {isa = PBXFileReference; fileEncoding = 4; lastKnownFileType = sourcecode.c.h; path = AKEnemy.h; sourceTree = "<group>"; };
		0CCFF9561BACFE7E00D2A868 /* AKEnemyShot.cpp */ = {isa = PBXFileReference; fileEncoding = 4; lastKnownFileType = sourcecode.cpp.cpp; path = AKEnemyShot.cpp; sourceTree = "<group>"; };
		0CCFF9571BACFE7E00D2A868 /* AKEnemyShot.h */ = {isa = PBXFileReference; fileEncoding = 4; lastKnownFileType = sourcecode.c.h; path = AKEnemyShot.h; sourceTree = "<group>"; };
		0CCFF9581BACFE7E00D2A868 /* AKGauge.cpp */ = {isa = PBXFileReference; fileEncoding = 4; lastKnownFileType = sourcecode.cpp.cpp; path = AKGauge.cpp; sourceTree = "<group>"; };
		0CCFF9591BACFE7E00D2A868 /* AKGauge.h */ = {isa = PBXFileReference; fileEncoding = 4; lastKnownFileType = sourcecode.c.h; path = AKGauge.h; sourceTree = "<group>"; };
		0CCFF95A1BACFE7E00D2A868 /* AKLife.cpp */ = {isa = PBXFileReference; fileEncoding = 4; lastKnownFileType = sourcecode.cpp.cpp; path = AKLife.cpp; sourceTree = "<group>"; };
		0CCFF95B1BACFE7E00D2A868 /* AKLife.h */ = {isa = PBXFileReference; fileEncoding = 4; lastKnownFileType = sourcecode.c.h; path = AKLife.h; sourceTree = "<group>"; };
		0CCFF95C1BACFE7E00D2A868 /* AKNWayAngle.cpp */ = {isa = PBXFileReference; fileEncoding = 4; lastKnownFileType = sourcecode.cpp.cpp; path = AKNWayAngle.cpp; sourceTree = "<group>"; };
		0CCFF95D1BACFE7E00D2A868 /* AKNWayAngle.h */ = {isa = PBXFileReference; fileEncoding = 4; lastKnownFileType = sourcecode.c.h; path = AKNWayAngle.h; sourceTree = "<group>"; };
		0CCFF95E1BACFE7E00D2A868 /* AKOption.cpp */ = {isa = PBXFileReference; fileEncoding = 4; lastKnownFileType = sourcecode.cpp.cpp; path = AKOption.cpp; sourceTree = "<group>"; };
		0CCFF95F1BACFE7E00D2A868 /* AKOption.h */ = {isa = PBXFileReference; fileEncoding = 4; lastKnownFileType = sourcecode.c.h; path = AKOption.h; sourceTree = "<group>"; };
		0CCFF9601BACFE7E00D2A868 /* AKPlayData.cpp */ = {isa = PBXFileReference; fileEncoding = 4; lastKnownFileType = sourcecode.cpp.cpp; path = AKPlayData.cpp; sourceTree = "<group>"; };
		0CCFF9611BACFE7E00D2A868 /* AKPlayData.h */ = {isa = PBXFileReference; fileEncoding = 4; lastKnownFileType = sourcecode.c.h; path = AKPlayData.h; sourceTree = "<group>"; };
		0CCFF9621BACFE7E00D2A868 /* AKPlayDataInterface.h */ = {isa = PBXFileReference; fileEncoding = 4; lastKnownFileType = sourcecode.c.h; path = AKPlayDataInterface.h; sourceTree = "<group>"; };
		0CCFF9631BACFE7E00D2A868 /* AKPlayer.cpp */ = {isa = PBXFileReference; fileEncoding = 4; lastKnownFileType = sourcecode.cpp.cpp; path = AKPlayer.cpp; sourceTree = "<group>"; };
		0CCFF9641BACFE7E00D2A868 /* AKPlayer.h */ = {isa = PBXFileReference; fileEncoding = 4; lastKnownFileType = sourcecode.c.h; path = AKPlayer.h; sourceTree = "<group>"; };
		0CCFF9651BACFE7E00D2A868 /* AKPlayerShot.cpp */ = {isa = PBXFileReference; fileEncoding = 4; lastKnownFileType = sourcecode.cpp.cpp; path = AKPlayerShot.cpp; sourceTree = "<group>"; };
		0CCFF9661BACFE7E00D2A868 /* AKPlayerShot.h */ = {isa = PBXFileReference; fileEncoding = 4; lastKnownFileType = sourcecode.c.h; path = AKPlayerShot.h; sourceTree = "<group>"; };
		0CCFF9671BACFE7E00D2A868 /* AKPlayingScene.cpp */ = {isa = PBXFileReference; fileEncoding = 4; lastKnownFileType = sourcecode.cpp.cpp; path = AKPlayingScene.cpp; sourceTree = "<group>"; };
		0CCFF9681BACFE7E00D2A868 /* AKPlayingScene.h */ = {isa = PBXFileReference; fileEncoding = 4; lastKnownFileType = sourcecode.c.h; path = AKPlayingScene.h; sourceTree = "<group>"; };
		0CCFF9691BACFE7E00D2A868 /* AKPlayingSceneIF.cpp */ = {isa = PBXFileReference; fileEncoding = 4; lastKnownFileType = sourcecode.cpp.cpp; path = AKPlayingSceneIF.cpp; sourceTree = "<group>"; };
		0CCFF96A1BACFE7E00D2A868 /* AKPlayingSceneIF.h */ = {isa = PBXFileReference; fileEncoding = 4; lastKnownFileType = sourcecode.c.h; path = AKPlayingSceneIF.h; sourceTree = "<group>"; };
		0CCFF96B1BACFE7E00D2A868 /* AKTileMap.cpp */ = {isa = PBXFileReference; fileEncoding = 4; lastKnownFileType = sourcecode.cpp.cpp; path = AKTileMap.cpp; sourceTree = "<group>"; };
		0CCFF96C1BACFE7E00D2A868 /* AKTileMap.h */ = {isa = PBXFileReference; fileEncoding = 4; lastKnownFileType = sourcecode.c.h; path = AKTileMap.h; sourceTree = "<group>"; };
		0CCFF96D1BACFE7E00D2A868 /* AKTileMapEventParameter.cpp */ = {isa = PBXFileReference; fileEncoding = 4; lastKnownFileType = sourcecode.cpp.cpp; path = AKTileMapEventParameter.cpp; sourceTree = "<group>"; };
		0CCFF96E1BACFE7E00D2A868 /* AKTileMapEventParameter.h */ = {isa = PBXFileReference; fileEncoding = 4; lastKnownFileType = sourcecode.c.h; path = AKTileMapEventParameter.h; sourceTree = "<group>"; };
		0CCFFA5F1BAD070200D2A868 /* libAdapterIAd.a */ = {isa = PBXFileReference; lastKnownFileType = archive.ar; path = libAdapterIAd.a; sourceTree = "<group>"; };
		0CCFFA601BAD070200D2A868 /* libAdapterNend.a */ = {isa = PBXFileReference; lastKnownFileType = archive.ar; path = libAdapterNend.a; sourceTree = "<group>"; };
		0CCFFA641BAD070E00D2A868 /* libNendAd.a */ = {isa = PBXFileReference; lastKnownFileType = archive.ar; name = libNendAd.a; path = Nend/NendAd/libNendAd.a; sourceTree = "<group>"; };
		0CCFFA671BAD122700D2A868 /* Social.framework */ = {isa = PBXFileReference; lastKnownFileType = wrapper.framework; name = Social.framework; path = Platforms/iPhoneOS.platform/Developer/SDKs/iPhoneOS9.0.sdk/System/Library/Frameworks/Social.framework; sourceTree = DEVELOPER_DIR; };
		0CCFFA691BAD123900D2A868 /* iAd.framework */ = {isa = PBXFileReference; lastKnownFileType = wrapper.framework; name = iAd.framework; path = Platforms/iPhoneOS.platform/Developer/SDKs/iPhoneOS9.0.sdk/System/Library/Frameworks/iAd.framework; sourceTree = DEVELOPER_DIR; };
		0CCFFA6B1BAD127400D2A868 /* GameKit.framework */ = {isa = PBXFileReference; lastKnownFileType = wrapper.framework; name = GameKit.framework; path = Platforms/iPhoneOS.platform/Developer/SDKs/iPhoneOS9.0.sdk/System/Library/Frameworks/GameKit.framework; sourceTree = DEVELOPER_DIR; };
		0CCFFA6D1BAD128000D2A868 /* MediaPlayer.framework */ = {isa = PBXFileReference; lastKnownFileType = wrapper.framework; name = MediaPlayer.framework; path = Platforms/iPhoneOS.platform/Developer/SDKs/iPhoneOS9.0.sdk/System/Library/Frameworks/MediaPlayer.framework; sourceTree = DEVELOPER_DIR; };
		0CCFFA6F1BAD129200D2A868 /* GameController.framework */ = {isa = PBXFileReference; lastKnownFileType = wrapper.framework; name = GameController.framework; path = Platforms/iPhoneOS.platform/Developer/SDKs/iPhoneOS9.0.sdk/System/Library/Frameworks/GameController.framework; sourceTree = DEVELOPER_DIR; };
		0CCFFA711BAD12A300D2A868 /* ImageIO.framework */ = {isa = PBXFileReference; lastKnownFileType = wrapper.framework; name = ImageIO.framework; path = Platforms/iPhoneOS.platform/Developer/SDKs/iPhoneOS9.0.sdk/System/Library/Frameworks/ImageIO.framework; sourceTree = DEVELOPER_DIR; };
		0CCFFA731BAD12DE00D2A868 /* CoreMedia.framework */ = {isa = PBXFileReference; lastKnownFileType = wrapper.framework; name = CoreMedia.framework; path = Platforms/iPhoneOS.platform/Developer/SDKs/iPhoneOS9.0.sdk/System/Library/Frameworks/CoreMedia.framework; sourceTree = DEVELOPER_DIR; };
		0CCFFA751BAD12FD00D2A868 /* UIKit.framework */ = {isa = PBXFileReference; lastKnownFileType = wrapper.framework; name = UIKit.framework; path = Platforms/iPhoneOS.platform/Developer/SDKs/iPhoneOS9.0.sdk/System/Library/Frameworks/UIKit.framework; sourceTree = DEVELOPER_DIR; };
		0CCFFA771BAD130B00D2A868 /* Security.framework */ = {isa = PBXFileReference; lastKnownFileType = wrapper.framework; name = Security.framework; path = Platforms/iPhoneOS.platform/Developer/SDKs/iPhoneOS9.0.sdk/System/Library/Frameworks/Security.framework; sourceTree = DEVELOPER_DIR; };
		0CCFFA791BAD131700D2A868 /* CoreMotion.framework */ = {isa = PBXFileReference; lastKnownFileType = wrapper.framework; name = CoreMotion.framework; path = Platforms/iPhoneOS.platform/Developer/SDKs/iPhoneOS9.0.sdk/System/Library/Frameworks/CoreMotion.framework; sourceTree = DEVELOPER_DIR; };
		0CCFFA7B1BAD132200D2A868 /* OpenGLES.framework */ = {isa = PBXFileReference; lastKnownFileType = wrapper.framework; name = OpenGLES.framework; path = Platforms/iPhoneOS.platform/Developer/SDKs/iPhoneOS9.0.sdk/System/Library/Frameworks/OpenGLES.framework; sourceTree = DEVELOPER_DIR; };
		0CCFFA7D1BAD134500D2A868 /* SystemConfiguration.framework */ = {isa = PBXFileReference; lastKnownFileType = wrapper.framework; name = SystemConfiguration.framework; path = Platforms/iPhoneOS.platform/Developer/SDKs/iPhoneOS9.0.sdk/System/Library/Frameworks/SystemConfiguration.framework; sourceTree = DEVELOPER_DIR; };
		0CCFFA7F1BAD134E00D2A868 /* StoreKit.framework */ = {isa = PBXFileReference; lastKnownFileType = wrapper.framework; name = StoreKit.framework; path = Platforms/iPhoneOS.platform/Developer/SDKs/iPhoneOS9.0.sdk/System/Library/Frameworks/StoreKit.framework; sourceTree = DEVELOPER_DIR; };
		0CCFFA811BAD135A00D2A868 /* MessageUI.framework */ = {isa = PBXFileReference; lastKnownFileType = wrapper.framework; name = MessageUI.framework; path = Platforms/iPhoneOS.platform/Developer/SDKs/iPhoneOS9.0.sdk/System/Library/Frameworks/MessageUI.framework; sourceTree = DEVELOPER_DIR; };
		0CCFFA831BAD136600D2A868 /* EventKit.framework */ = {isa = PBXFileReference; lastKnownFileType = wrapper.framework; name = EventKit.framework; path = Platforms/iPhoneOS.platform/Developer/SDKs/iPhoneOS9.0.sdk/System/Library/Frameworks/EventKit.framework; sourceTree = DEVELOPER_DIR; };
		0CCFFA851BAD136E00D2A868 /* EventKitUI.framework */ = {isa = PBXFileReference; lastKnownFileType = wrapper.framework; name = EventKitUI.framework; path = Platforms/iPhoneOS.platform/Developer/SDKs/iPhoneOS9.0.sdk/System/Library/Frameworks/EventKitUI.framework; sourceTree = DEVELOPER_DIR; };
		0CCFFA871BAD137900D2A868 /* CoreTelephony.framework */ = {isa = PBXFileReference; lastKnownFileType = wrapper.framework; name = CoreTelephony.framework; path = Platforms/iPhoneOS.platform/Developer/SDKs/iPhoneOS9.0.sdk/System/Library/Frameworks/CoreTelephony.framework; sourceTree = DEVELOPER_DIR; };
		0CCFFA891BAD138B00D2A868 /* CoreGraphics.framework */ = {isa = PBXFileReference; lastKnownFileType = wrapper.framework; name = CoreGraphics.framework; path = Platforms/iPhoneOS.platform/Developer/SDKs/iPhoneOS9.0.sdk/System/Library/Frameworks/CoreGraphics.framework; sourceTree = DEVELOPER_DIR; };
		0CCFFA8B1BAD13B800D2A868 /* AdSupport.framework */ = {isa = PBXFileReference; lastKnownFileType = wrapper.framework; name = AdSupport.framework; path = Platforms/iPhoneOS.platform/Developer/SDKs/iPhoneOS9.0.sdk/System/Library/Frameworks/AdSupport.framework; sourceTree = DEVELOPER_DIR; };
		1AC6FAE5180E9839004C840B /* cocos2d_libs.xcodeproj */ = {isa = PBXFileReference; lastKnownFileType = "wrapper.pb-project"; name = cocos2d_libs.xcodeproj; path = ../cocos2d/build/cocos2d_libs.xcodeproj; sourceTree = "<group>"; };
		1ACB3243164770DE00914215 /* libcurl.a */ = {isa = PBXFileReference; lastKnownFileType = archive.ar; name = libcurl.a; path = ../../cocos2dx/platform/third_party/ios/libraries/libcurl.a; sourceTree = "<group>"; };
		1D30AB110D05D00D00671497 /* Foundation.framework */ = {isa = PBXFileReference; lastKnownFileType = wrapper.framework; name = Foundation.framework; path = System/Library/Frameworks/Foundation.framework; sourceTree = SDKROOT; };
		1D6058910D05DD3D006BFB54 /* toritoma-mobile.app */ = {isa = PBXFileReference; explicitFileType = wrapper.application; includeInIndex = 0; path = "toritoma-mobile.app"; sourceTree = BUILT_PRODUCTS_DIR; };
		1DF5F4DF0D08C38300B7A737 /* UIKit.framework */ = {isa = PBXFileReference; lastKnownFileType = wrapper.framework; name = UIKit.framework; path = System/Library/Frameworks/UIKit.framework; sourceTree = SDKROOT; };
		288765A40DF7441C002DB57D /* CoreGraphics.framework */ = {isa = PBXFileReference; lastKnownFileType = wrapper.framework; name = CoreGraphics.framework; path = System/Library/Frameworks/CoreGraphics.framework; sourceTree = SDKROOT; };
		46880B8419C43A87006E1F66 /* AppDelegate.cpp */ = {isa = PBXFileReference; fileEncoding = 4; lastKnownFileType = sourcecode.cpp.cpp; path = AppDelegate.cpp; sourceTree = "<group>"; };
		46880B8519C43A87006E1F66 /* AppDelegate.h */ = {isa = PBXFileReference; fileEncoding = 4; lastKnownFileType = sourcecode.c.h; path = AppDelegate.h; sourceTree = "<group>"; };
		503AE0F617EB97AB00D1A890 /* Icon.icns */ = {isa = PBXFileReference; lastKnownFileType = image.icns; path = Icon.icns; sourceTree = "<group>"; };
		503AE0F717EB97AB00D1A890 /* Info.plist */ = {isa = PBXFileReference; fileEncoding = 4; lastKnownFileType = text.plist.xml; path = Info.plist; sourceTree = "<group>"; };
		503AE0FA17EB989F00D1A890 /* AppController.h */ = {isa = PBXFileReference; fileEncoding = 4; lastKnownFileType = sourcecode.c.h; name = AppController.h; path = ios/AppController.h; sourceTree = SOURCE_ROOT; };
		503AE0FB17EB989F00D1A890 /* AppController.mm */ = {isa = PBXFileReference; fileEncoding = 4; lastKnownFileType = sourcecode.cpp.objcpp; name = AppController.mm; path = ios/AppController.mm; sourceTree = SOURCE_ROOT; };
		503AE0FC17EB989F00D1A890 /* main.m */ = {isa = PBXFileReference; fileEncoding = 4; lastKnownFileType = sourcecode.c.objc; name = main.m; path = ios/main.m; sourceTree = SOURCE_ROOT; };
		503AE0FD17EB989F00D1A890 /* Prefix.pch */ = {isa = PBXFileReference; fileEncoding = 4; lastKnownFileType = sourcecode.c.h; name = Prefix.pch; path = ios/Prefix.pch; sourceTree = SOURCE_ROOT; };
		503AE0FE17EB989F00D1A890 /* RootViewController.h */ = {isa = PBXFileReference; fileEncoding = 4; lastKnownFileType = sourcecode.c.h; name = RootViewController.h; path = ios/RootViewController.h; sourceTree = SOURCE_ROOT; };
		503AE0FF17EB989F00D1A890 /* RootViewController.mm */ = {isa = PBXFileReference; fileEncoding = 4; lastKnownFileType = sourcecode.cpp.objcpp; name = RootViewController.mm; path = ios/RootViewController.mm; sourceTree = SOURCE_ROOT; };
		503AE10317EB98FF00D1A890 /* main.cpp */ = {isa = PBXFileReference; fileEncoding = 4; lastKnownFileType = sourcecode.cpp.cpp; name = main.cpp; path = mac/main.cpp; sourceTree = "<group>"; };
		503AE10417EB98FF00D1A890 /* Prefix.pch */ = {isa = PBXFileReference; fileEncoding = 4; lastKnownFileType = sourcecode.c.h; name = Prefix.pch; path = mac/Prefix.pch; sourceTree = "<group>"; };
		503AE11117EB99EE00D1A890 /* libcurl.dylib */ = {isa = PBXFileReference; lastKnownFileType = "compiled.mach-o.dylib"; name = libcurl.dylib; path = usr/lib/libcurl.dylib; sourceTree = SDKROOT; };
		503AE11A17EB9C5A00D1A890 /* IOKit.framework */ = {isa = PBXFileReference; lastKnownFileType = wrapper.framework; name = IOKit.framework; path = System/Library/Frameworks/IOKit.framework; sourceTree = SDKROOT; };
		5087E76F17EB910900C73F5D /* toritoma-desktop.app */ = {isa = PBXFileReference; explicitFileType = wrapper.application; includeInIndex = 0; path = "toritoma-desktop.app"; sourceTree = BUILT_PRODUCTS_DIR; };
		5087E78817EB974C00C73F5D /* AppKit.framework */ = {isa = PBXFileReference; lastKnownFileType = wrapper.framework; name = AppKit.framework; path = System/Library/Frameworks/AppKit.framework; sourceTree = SDKROOT; };
		5087E78A17EB975400C73F5D /* OpenGL.framework */ = {isa = PBXFileReference; lastKnownFileType = wrapper.framework; name = OpenGL.framework; path = System/Library/Frameworks/OpenGL.framework; sourceTree = SDKROOT; };
		52B47A461A53D09B004E4C60 /* Security.framework */ = {isa = PBXFileReference; lastKnownFileType = wrapper.framework; name = Security.framework; path = Platforms/iPhoneOS.platform/Developer/SDKs/iPhoneOS8.1.sdk/System/Library/Frameworks/Security.framework; sourceTree = DEVELOPER_DIR; };
		8262943D1AAF051F00CB7CF7 /* Security.framework */ = {isa = PBXFileReference; lastKnownFileType = wrapper.framework; name = Security.framework; path = System/Library/Frameworks/Security.framework; sourceTree = SDKROOT; };
		BF170DB012928DE900B8313A /* OpenGLES.framework */ = {isa = PBXFileReference; lastKnownFileType = wrapper.framework; name = OpenGLES.framework; path = System/Library/Frameworks/OpenGLES.framework; sourceTree = SDKROOT; };
		BF170DB412928DE900B8313A /* libz.dylib */ = {isa = PBXFileReference; lastKnownFileType = "compiled.mach-o.dylib"; name = libz.dylib; path = usr/lib/libz.dylib; sourceTree = SDKROOT; };
		BF1C47EA1293683800B63C5D /* QuartzCore.framework */ = {isa = PBXFileReference; lastKnownFileType = wrapper.framework; name = QuartzCore.framework; path = System/Library/Frameworks/QuartzCore.framework; sourceTree = SDKROOT; };
		D44C620B132DFF330009C878 /* OpenAL.framework */ = {isa = PBXFileReference; lastKnownFileType = wrapper.framework; name = OpenAL.framework; path = System/Library/Frameworks/OpenAL.framework; sourceTree = SDKROOT; };
		D44C620D132DFF430009C878 /* AVFoundation.framework */ = {isa = PBXFileReference; lastKnownFileType = wrapper.framework; name = AVFoundation.framework; path = System/Library/Frameworks/AVFoundation.framework; sourceTree = SDKROOT; };
		D44C620F132DFF4E0009C878 /* AudioToolbox.framework */ = {isa = PBXFileReference; lastKnownFileType = wrapper.framework; name = AudioToolbox.framework; path = System/Library/Frameworks/AudioToolbox.framework; sourceTree = SDKROOT; };
		D6B0611A1803AB670077942B /* CoreMotion.framework */ = {isa = PBXFileReference; lastKnownFileType = wrapper.framework; name = CoreMotion.framework; path = Platforms/iPhoneOS.platform/Developer/SDKs/iPhoneOS7.0.sdk/System/Library/Frameworks/CoreMotion.framework; sourceTree = DEVELOPER_DIR; };
		ED545A7B1B68A1F400C3958E /* libiconv.dylib */ = {isa = PBXFileReference; lastKnownFileType = "compiled.mach-o.dylib"; name = libiconv.dylib; path = Platforms/iPhoneOS.platform/Developer/SDKs/iPhoneOS8.4.sdk/usr/lib/libiconv.dylib; sourceTree = DEVELOPER_DIR; };
		ED545A7D1B68A1FA00C3958E /* libiconv.dylib */ = {isa = PBXFileReference; lastKnownFileType = "compiled.mach-o.dylib"; name = libiconv.dylib; path = usr/lib/libiconv.dylib; sourceTree = SDKROOT; };
/* End PBXFileReference section */

/* Begin PBXFrameworksBuildPhase section */
		1D60588F0D05DD3D006BFB54 /* Frameworks */ = {
			isa = PBXFrameworksBuildPhase;
			buildActionMask = 2147483647;
			files = (
				0CCFFA8C1BAD13B800D2A868 /* AdSupport.framework in Frameworks */,
				0CCFFA8A1BAD138B00D2A868 /* CoreGraphics.framework in Frameworks */,
				0CCFFA881BAD137900D2A868 /* CoreTelephony.framework in Frameworks */,
				0CCFFA861BAD136E00D2A868 /* EventKitUI.framework in Frameworks */,
				0CCFFA841BAD136600D2A868 /* EventKit.framework in Frameworks */,
				0CCFFA821BAD135A00D2A868 /* MessageUI.framework in Frameworks */,
				0CCFFA801BAD134E00D2A868 /* StoreKit.framework in Frameworks */,
				0CCFFA7E1BAD134500D2A868 /* SystemConfiguration.framework in Frameworks */,
				0CCFFA7C1BAD132300D2A868 /* OpenGLES.framework in Frameworks */,
				0CCFFA7A1BAD131700D2A868 /* CoreMotion.framework in Frameworks */,
				0CCFFA781BAD130B00D2A868 /* Security.framework in Frameworks */,
				0CCFFA761BAD12FD00D2A868 /* UIKit.framework in Frameworks */,
				0CCFFA741BAD12DE00D2A868 /* CoreMedia.framework in Frameworks */,
				D44C6210132DFF4E0009C878 /* AudioToolbox.framework in Frameworks */,
				0CCFFA721BAD12A300D2A868 /* ImageIO.framework in Frameworks */,
				0CCFFA701BAD129200D2A868 /* GameController.framework in Frameworks */,
				0CCFFA6E1BAD128000D2A868 /* MediaPlayer.framework in Frameworks */,
				0CCFFA6C1BAD127400D2A868 /* GameKit.framework in Frameworks */,
				0CCFFA6A1BAD123900D2A868 /* iAd.framework in Frameworks */,
				0CCFFA681BAD122700D2A868 /* Social.framework in Frameworks */,
				ED545A7C1B68A1F400C3958E /* libiconv.dylib in Frameworks */,
				1AC6FB30180E99EB004C840B /* libcocos2d iOS.a in Frameworks */,
				1D60589F0D05DD5A006BFB54 /* Foundation.framework in Frameworks */,
				BF1712471292920000B8313A /* libz.dylib in Frameworks */,
				0CCFFA651BAD070E00D2A868 /* libNendAd.a in Frameworks */,
				BF1C47F01293687400B63C5D /* QuartzCore.framework in Frameworks */,
				0CCFFA621BAD070200D2A868 /* libAdapterIAd.a in Frameworks */,
				0C3FD9751BB37D370058035B /* GoogleMobileAds.framework in Frameworks */,
				D44C620C132DFF330009C878 /* OpenAL.framework in Frameworks */,
				0CCFFA631BAD070200D2A868 /* libAdapterNend.a in Frameworks */,
				D44C620E132DFF430009C878 /* AVFoundation.framework in Frameworks */,
			);
			runOnlyForDeploymentPostprocessing = 0;
		};
		5087E75C17EB910900C73F5D /* Frameworks */ = {
			isa = PBXFrameworksBuildPhase;
			buildActionMask = 2147483647;
			files = (
				ED545A7E1B68A1FA00C3958E /* libiconv.dylib in Frameworks */,
				1AC6FB21180E996B004C840B /* libcocos2d Mac.a in Frameworks */,
				5087E76717EB910900C73F5D /* libz.dylib in Frameworks */,
				8262943E1AAF051F00CB7CF7 /* Security.framework in Frameworks */,
				503AE11B17EB9C5A00D1A890 /* IOKit.framework in Frameworks */,
				5087E78B17EB975400C73F5D /* OpenGL.framework in Frameworks */,
				5087E78917EB974C00C73F5D /* AppKit.framework in Frameworks */,
				5087E76317EB910900C73F5D /* Foundation.framework in Frameworks */,
				5087E76817EB910900C73F5D /* QuartzCore.framework in Frameworks */,
				5087E76917EB910900C73F5D /* OpenAL.framework in Frameworks */,
				5087E76A17EB910900C73F5D /* AVFoundation.framework in Frameworks */,
				5087E76B17EB910900C73F5D /* AudioToolbox.framework in Frameworks */,
			);
			runOnlyForDeploymentPostprocessing = 0;
		};
/* End PBXFrameworksBuildPhase section */

/* Begin PBXGroup section */
		080E96DDFE201D6D7F000001 /* ios */ = {
			isa = PBXGroup;
			children = (
				0C3FD9411BB351650058035B /* icons */,
				503AE0FA17EB989F00D1A890 /* AppController.h */,
				503AE0FB17EB989F00D1A890 /* AppController.mm */,
				503AE0FC17EB989F00D1A890 /* main.m */,
				503AE0FD17EB989F00D1A890 /* Prefix.pch */,
				503AE0FE17EB989F00D1A890 /* RootViewController.h */,
				503AE0FF17EB989F00D1A890 /* RootViewController.mm */,
				0CB491191BB512F30069177E /* InfoPlist.strings */,
			);
			name = ios;
			path = Classes;
			sourceTree = "<group>";
		};
		0C3FD9411BB351650058035B /* icons */ = {
			isa = PBXGroup;
			children = (
				0C3FD9421BB3517A0058035B /* Default-568h@2x.png */,
				0C3FD9431BB3517A0058035B /* Default-667h@2x.png */,
				0C3FD9441BB3517A0058035B /* Default-736h@3x.png */,
				0C3FD9451BB3517A0058035B /* Default-Landscape-736h@3x.png */,
				0C3FD96C1BB370AA0058035B /* Default-Landscape.png */,
				0C3FD96D1BB370AA0058035B /* Default-Landscape@2x.png */,
				0C3FD96E1BB370AA0058035B /* Default-Portrait.png */,
				0C3FD96F1BB370AA0058035B /* Default-Portrait@2x.png */,
				0C3FD94C1BB3517A0058035B /* Default@2x.png */,
				0C3FD94D1BB3517A0058035B /* Icon-29.png */,
				0C3FD94E1BB3517A0058035B /* Icon-29@2x.png */,
				0C3FD94F1BB3517A0058035B /* Icon-29@3x.png */,
				0C3FD9501BB3517A0058035B /* Icon-40.png */,
				0C3FD9511BB3517A0058035B /* Icon-40@2x.png */,
				0C3FD9521BB3517A0058035B /* Icon-40@3x.png */,
				0C3FD9531BB3517A0058035B /* Icon-60@2x.png */,
				0C3FD9541BB3517A0058035B /* Icon-60@3x.png */,
				0C3FD9551BB3517A0058035B /* Icon-76.png */,
				0C3FD9561BB3517A0058035B /* Icon-76@2x.png */,
				0C3FD93F1BB3512F0058035B /* Default.png */,
			);
			name = icons;
			sourceTree = "<group>";
		};
		0CCFF8FC1BACFE5500D2A868 /* AKLibrary */ = {
			isa = PBXGroup;
			children = (
				0CCFF8FD1BACFE5500D2A868 /* Advertisement.h */,
				0CCFF8FE1BACFE5500D2A868 /* Advertisement.mm */,
				0CCFF8FF1BACFE5500D2A868 /* AKCommon.cpp */,
				0CCFF9001BACFE5500D2A868 /* AKCommon.h */,
				0CCFF9011BACFE5500D2A868 /* AKInterface.cpp */,
				0CCFF9021BACFE5500D2A868 /* AKInterface.h */,
				0CCFF9031BACFE5500D2A868 /* AKLabel.cpp */,
				0CCFF9041BACFE5500D2A868 /* AKLabel.h */,
				0CCFF9051BACFE5500D2A868 /* AKLib.h */,
				0CCFF9061BACFE5500D2A868 /* AKMenuEventHandler.h */,
				0CCFF9071BACFE5500D2A868 /* AKMenuItem.cpp */,
				0CCFF9081BACFE5500D2A868 /* AKMenuItem.h */,
				0CCFF9091BACFE5500D2A868 /* AKScreenSize.cpp */,
				0CCFF90A1BACFE5500D2A868 /* AKScreenSize.h */,
				0CCFF90B1BACFE5500D2A868 /* AKStringSplitter.cpp */,
				0CCFF90C1BACFE5500D2A868 /* AKStringSplitter.h */,
				0CCFF90D1BACFE5500D2A868 /* GameCenterHelper.h */,
				0CCFF90E1BACFE5500D2A868 /* GameCenterHelper.m */,
				0CCFF90F1BACFE5500D2A868 /* LocalizedResource.cpp */,
				0CCFF9101BACFE5500D2A868 /* LocalizedResource.h */,
				0CCFF9111BACFE5500D2A868 /* OnlineScore.h */,
				0CCFF9121BACFE5500D2A868 /* OnlineScore.mm */,
				0CCFF9131BACFE5500D2A868 /* OpenUrl.h */,
				0CCFF9141BACFE5500D2A868 /* OpenUrl.mm */,
				0CCFF9151BACFE5500D2A868 /* Payment.h */,
				0CCFF9161BACFE5500D2A868 /* Payment.mm */,
				0CCFF9171BACFE5500D2A868 /* Payment_objc.h */,
				0CCFF9181BACFE5500D2A868 /* Payment_objc.mm */,
				0CCFF9191BACFE5500D2A868 /* PaymentDelegate.h */,
				0CCFF91A1BACFE5500D2A868 /* Twitter.h */,
				0CCFF91B1BACFE5500D2A868 /* Twitter.mm */,
				0C71038E1BB0CB5E0087F0EF /* PurchaseInfoWriter.h */,
				0CAD07151C0BA53900ECF6CC /* Advertisement.cpp */,
				0CAD07161C0BAC8500ECF6CC /* OnlineScore.cpp */,
				0CAD07171C0BAD1600ECF6CC /* OpenUrl.cpp */,
				0CAD07181C0BAD7800ECF6CC /* Payment.cpp */,
				0CAD07191C0FA15500ECF6CC /* Twitter.cpp */,
			);
			path = AKLibrary;
			sourceTree = "<group>";
		};
		0CCFF92A1BACFE6B00D2A868 /* Common */ = {
			isa = PBXGroup;
			children = (
				0CCFF92B1BACFE6B00D2A868 /* AKAngle.cpp */,
				0CCFF92C1BACFE6B00D2A868 /* AKAngle.h */,
				0CCFF92D1BACFE6B00D2A868 /* AKLogNoDef.cpp */,
				0CCFF92E1BACFE6B00D2A868 /* AKLogNoDef.h */,
				0CCFF92F1BACFE6B00D2A868 /* AKToritoma.cpp */,
				0CCFF9301BACFE6B00D2A868 /* AKToritoma.h */,
				0CCFF9311BACFE6B00D2A868 /* ID.cpp */,
				0CCFF9321BACFE6B00D2A868 /* ID.h */,
				0CCFF9331BACFE6B00D2A868 /* SettingFileIO.cpp */,
				0CCFF9341BACFE6B00D2A868 /* SettingFileIO.h */,
			);
			path = Common;
			sourceTree = "<group>";
		};
		0CCFF93A1BACFE7400D2A868 /* OtherScene */ = {
			isa = PBXGroup;
			children = (
				0C71038B1BAF975F0087F0EF /* ActivityIndicator.cpp */,
				0C71038C1BAF975F0087F0EF /* ActivityIndicator.h */,
				0CCFF93B1BACFE7400D2A868 /* AKHowToPlayScene.cpp */,
				0CCFF93C1BACFE7400D2A868 /* AKHowToPlayScene.h */,
				0CCFF93F1BACFE7400D2A868 /* AKTitleScene.cpp */,
				0CCFF9401BACFE7400D2A868 /* AKTitleScene.h */,
				0CCFF9411BACFE7400D2A868 /* CreditScene.cpp */,
				0CCFF9421BACFE7400D2A868 /* CreditScene.h */,
				0CCFF9431BACFE7400D2A868 /* PageScene.cpp */,
				0CCFF9441BACFE7400D2A868 /* PageScene.h */,
			);
			path = OtherScene;
			sourceTree = "<group>";
		};
		0CCFF94B1BACFE7E00D2A868 /* PlayingScene */ = {
			isa = PBXGroup;
			children = (
				0CCFF94C1BACFE7E00D2A868 /* AKBlock.cpp */,
				0CCFF94D1BACFE7E00D2A868 /* AKBlock.h */,
				0CCFF94E1BACFE7E00D2A868 /* AKCharacter.cpp */,
				0CCFF94F1BACFE7E00D2A868 /* AKCharacter.h */,
				0CCFF9501BACFE7E00D2A868 /* AKCharacterPool.cpp */,
				0CCFF9511BACFE7E00D2A868 /* AKCharacterPool.h */,
				0CCFF9521BACFE7E00D2A868 /* AKEffect.cpp */,
				0CCFF9531BACFE7E00D2A868 /* AKEffect.h */,
				0CCFF9541BACFE7E00D2A868 /* AKEnemy.cpp */,
				0CCFF9551BACFE7E00D2A868 /* AKEnemy.h */,
				0CCFF9561BACFE7E00D2A868 /* AKEnemyShot.cpp */,
				0CCFF9571BACFE7E00D2A868 /* AKEnemyShot.h */,
				0CCFF9581BACFE7E00D2A868 /* AKGauge.cpp */,
				0CCFF9591BACFE7E00D2A868 /* AKGauge.h */,
				0CCFF95A1BACFE7E00D2A868 /* AKLife.cpp */,
				0CCFF95B1BACFE7E00D2A868 /* AKLife.h */,
				0CCFF95C1BACFE7E00D2A868 /* AKNWayAngle.cpp */,
				0CCFF95D1BACFE7E00D2A868 /* AKNWayAngle.h */,
				0CCFF95E1BACFE7E00D2A868 /* AKOption.cpp */,
				0CCFF95F1BACFE7E00D2A868 /* AKOption.h */,
				0CCFF9601BACFE7E00D2A868 /* AKPlayData.cpp */,
				0CCFF9611BACFE7E00D2A868 /* AKPlayData.h */,
				0CCFF9621BACFE7E00D2A868 /* AKPlayDataInterface.h */,
				0CCFF9631BACFE7E00D2A868 /* AKPlayer.cpp */,
				0CCFF9641BACFE7E00D2A868 /* AKPlayer.h */,
				0CCFF9651BACFE7E00D2A868 /* AKPlayerShot.cpp */,
				0CCFF9661BACFE7E00D2A868 /* AKPlayerShot.h */,
				0CCFF9671BACFE7E00D2A868 /* AKPlayingScene.cpp */,
				0CCFF9681BACFE7E00D2A868 /* AKPlayingScene.h */,
				0CCFF9691BACFE7E00D2A868 /* AKPlayingSceneIF.cpp */,
				0CCFF96A1BACFE7E00D2A868 /* AKPlayingSceneIF.h */,
				0CCFF96B1BACFE7E00D2A868 /* AKTileMap.cpp */,
				0CCFF96C1BACFE7E00D2A868 /* AKTileMap.h */,
				0CCFF96D1BACFE7E00D2A868 /* AKTileMapEventParameter.cpp */,
				0CCFF96E1BACFE7E00D2A868 /* AKTileMapEventParameter.h */,
			);
			path = PlayingScene;
			sourceTree = "<group>";
		};
		19C28FACFE9D520D11CA2CBB /* Products */ = {
			isa = PBXGroup;
			children = (
				1D6058910D05DD3D006BFB54 /* toritoma-mobile.app */,
				5087E76F17EB910900C73F5D /* toritoma-desktop.app */,
			);
			name = Products;
			sourceTree = "<group>";
		};
		1AC6FAE6180E9839004C840B /* Products */ = {
			isa = PBXGroup;
			children = (
				1AC6FAF9180E9839004C840B /* libcocos2d Mac.a */,
				1AC6FB07180E9839004C840B /* libcocos2d iOS.a */,
			);
			name = Products;
			sourceTree = "<group>";
		};
		29B97314FDCFA39411CA2CEA /* CustomTemplate */ = {
			isa = PBXGroup;
			children = (
				46880B8319C43A87006E1F66 /* Classes */,
				1AC6FAE5180E9839004C840B /* cocos2d_libs.xcodeproj */,
				29B97323FDCFA39411CA2CEA /* Frameworks */,
				080E96DDFE201D6D7F000001 /* ios */,
				503AE10617EB990700D1A890 /* mac */,
				19C28FACFE9D520D11CA2CBB /* Products */,
				46880B7519C43A67006E1F66 /* Resources */,
			);
			name = CustomTemplate;
			sourceTree = "<group>";
		};
		29B97323FDCFA39411CA2CEA /* Frameworks */ = {
			isa = PBXGroup;
			children = (
				0C3FD9741BB37D370058035B /* GoogleMobileAds.framework */,
				0CCFFA8B1BAD13B800D2A868 /* AdSupport.framework */,
				0CCFFA891BAD138B00D2A868 /* CoreGraphics.framework */,
				0CCFFA871BAD137900D2A868 /* CoreTelephony.framework */,
				0CCFFA851BAD136E00D2A868 /* EventKitUI.framework */,
				0CCFFA831BAD136600D2A868 /* EventKit.framework */,
				0CCFFA811BAD135A00D2A868 /* MessageUI.framework */,
				0CCFFA7F1BAD134E00D2A868 /* StoreKit.framework */,
				0CCFFA7D1BAD134500D2A868 /* SystemConfiguration.framework */,
				0CCFFA7B1BAD132200D2A868 /* OpenGLES.framework */,
				0CCFFA791BAD131700D2A868 /* CoreMotion.framework */,
				0CCFFA771BAD130B00D2A868 /* Security.framework */,
				0CCFFA751BAD12FD00D2A868 /* UIKit.framework */,
				0CCFFA731BAD12DE00D2A868 /* CoreMedia.framework */,
				0CCFFA711BAD12A300D2A868 /* ImageIO.framework */,
				0CCFFA6F1BAD129200D2A868 /* GameController.framework */,
				0CCFFA6D1BAD128000D2A868 /* MediaPlayer.framework */,
				0CCFFA6B1BAD127400D2A868 /* GameKit.framework */,
				0CCFFA691BAD123900D2A868 /* iAd.framework */,
				0CCFFA671BAD122700D2A868 /* Social.framework */,
				0CCFFA5F1BAD070200D2A868 /* libAdapterIAd.a */,
				0CCFFA601BAD070200D2A868 /* libAdapterNend.a */,
				ED545A7D1B68A1FA00C3958E /* libiconv.dylib */,
				0CCFFA641BAD070E00D2A868 /* libNendAd.a */,
				ED545A7B1B68A1F400C3958E /* libiconv.dylib */,
				8262943D1AAF051F00CB7CF7 /* Security.framework */,
				52B47A461A53D09B004E4C60 /* Security.framework */,
				D6B0611A1803AB670077942B /* CoreMotion.framework */,
				503AE11A17EB9C5A00D1A890 /* IOKit.framework */,
				503AE11117EB99EE00D1A890 /* libcurl.dylib */,
				5087E78A17EB975400C73F5D /* OpenGL.framework */,
				5087E78817EB974C00C73F5D /* AppKit.framework */,
				1ACB3243164770DE00914215 /* libcurl.a */,
				BF170DB412928DE900B8313A /* libz.dylib */,
				D44C620F132DFF4E0009C878 /* AudioToolbox.framework */,
				D44C620D132DFF430009C878 /* AVFoundation.framework */,
				288765A40DF7441C002DB57D /* CoreGraphics.framework */,
				1D30AB110D05D00D00671497 /* Foundation.framework */,
				D44C620B132DFF330009C878 /* OpenAL.framework */,
				BF170DB012928DE900B8313A /* OpenGLES.framework */,
				BF1C47EA1293683800B63C5D /* QuartzCore.framework */,
				1DF5F4DF0D08C38300B7A737 /* UIKit.framework */,
			);
			name = Frameworks;
			sourceTree = "<group>";
		};
		46880B7519C43A67006E1F66 /* Resources */ = {
			isa = PBXGroup;
			children = (
				0CAD07211C177B9500ECF6CC /* text */,
				0CAD071F1C177A9500ECF6CC /* sound */,
				0CAD071D1C14E08B00ECF6CC /* pictures */,
				0CAD071B1C14DE3900ECF6CC /* fonts */,
				0C71038F1BB28BDA0087F0EF /* Images.xcassets */,
			);
			name = Resources;
			path = ../Resources;
			sourceTree = "<group>";
		};
		46880B8319C43A87006E1F66 /* Classes */ = {
			isa = PBXGroup;
			children = (
				0CCFF8FC1BACFE5500D2A868 /* AKLibrary */,
				46880B8419C43A87006E1F66 /* AppDelegate.cpp */,
				46880B8519C43A87006E1F66 /* AppDelegate.h */,
				0CCFF92A1BACFE6B00D2A868 /* Common */,
				0CCFF93A1BACFE7400D2A868 /* OtherScene */,
				0CCFF94B1BACFE7E00D2A868 /* PlayingScene */,
			);
			name = Classes;
			path = ../Classes;
			sourceTree = "<group>";
		};
		503AE0F517EB97AB00D1A890 /* Icons */ = {
			isa = PBXGroup;
			children = (
				503AE0F617EB97AB00D1A890 /* Icon.icns */,
				503AE0F717EB97AB00D1A890 /* Info.plist */,
			);
			name = Icons;
			path = mac;
			sourceTree = SOURCE_ROOT;
		};
		503AE10617EB990700D1A890 /* mac */ = {
			isa = PBXGroup;
			children = (
				503AE0F517EB97AB00D1A890 /* Icons */,
				503AE10317EB98FF00D1A890 /* main.cpp */,
				503AE10417EB98FF00D1A890 /* Prefix.pch */,
			);
			name = mac;
			sourceTree = "<group>";
		};
/* End PBXGroup section */

/* Begin PBXNativeTarget section */
		1D6058900D05DD3D006BFB54 /* toritoma-mobile */ = {
			isa = PBXNativeTarget;
			buildConfigurationList = 1D6058960D05DD3E006BFB54 /* Build configuration list for PBXNativeTarget "toritoma-mobile" */;
			buildPhases = (
				1D60588D0D05DD3D006BFB54 /* Resources */,
				1D60588E0D05DD3D006BFB54 /* Sources */,
				1D60588F0D05DD3D006BFB54 /* Frameworks */,
			);
			buildRules = (
			);
			dependencies = (
				1AC6FB25180E99E1004C840B /* PBXTargetDependency */,
			);
			name = "toritoma-mobile";
			productName = iphone;
			productReference = 1D6058910D05DD3D006BFB54 /* toritoma-mobile.app */;
			productType = "com.apple.product-type.application";
		};
		5087E73D17EB910900C73F5D /* toritoma-desktop */ = {
			isa = PBXNativeTarget;
			buildConfigurationList = 5087E76C17EB910900C73F5D /* Build configuration list for PBXNativeTarget "toritoma-desktop" */;
			buildPhases = (
				5087E74817EB910900C73F5D /* Resources */,
				5087E75617EB910900C73F5D /* Sources */,
				5087E75C17EB910900C73F5D /* Frameworks */,
			);
			buildRules = (
			);
			dependencies = (
				1AC6FB16180E9959004C840B /* PBXTargetDependency */,
			);
			name = "toritoma-desktop";
			productName = iphone;
			productReference = 5087E76F17EB910900C73F5D /* toritoma-desktop.app */;
			productType = "com.apple.product-type.application";
		};
/* End PBXNativeTarget section */

/* Begin PBXProject section */
		29B97313FDCFA39411CA2CEA /* Project object */ = {
			isa = PBXProject;
			attributes = {
				LastUpgradeCheck = 0700;
				TargetAttributes = {
					1D6058900D05DD3D006BFB54 = {
						DevelopmentTeam = 27J5FXSH3X;
					};
				};
			};
			buildConfigurationList = C01FCF4E08A954540054247B /* Build configuration list for PBXProject "toritoma" */;
			compatibilityVersion = "Xcode 3.2";
			developmentRegion = English;
			hasScannedForEncodings = 1;
			knownRegions = (
				English,
				Japanese,
				French,
				German,
				ko,
				"zh-Hans",
				"zh-Hant",
				ja,
			);
			mainGroup = 29B97314FDCFA39411CA2CEA /* CustomTemplate */;
			projectDirPath = "";
			projectReferences = (
				{
					ProductGroup = 1AC6FAE6180E9839004C840B /* Products */;
					ProjectRef = 1AC6FAE5180E9839004C840B /* cocos2d_libs.xcodeproj */;
				},
			);
			projectRoot = "";
			targets = (
				1D6058900D05DD3D006BFB54 /* toritoma-mobile */,
				5087E73D17EB910900C73F5D /* toritoma-desktop */,
			);
		};
/* End PBXProject section */

/* Begin PBXReferenceProxy section */
		1AC6FAF9180E9839004C840B /* libcocos2d Mac.a */ = {
			isa = PBXReferenceProxy;
			fileType = archive.ar;
			path = "libcocos2d Mac.a";
			remoteRef = 1AC6FAF8180E9839004C840B /* PBXContainerItemProxy */;
			sourceTree = BUILT_PRODUCTS_DIR;
		};
		1AC6FB07180E9839004C840B /* libcocos2d iOS.a */ = {
			isa = PBXReferenceProxy;
			fileType = archive.ar;
			path = "libcocos2d iOS.a";
			remoteRef = 1AC6FB06180E9839004C840B /* PBXContainerItemProxy */;
			sourceTree = BUILT_PRODUCTS_DIR;
		};
/* End PBXReferenceProxy section */

/* Begin PBXResourcesBuildPhase section */
		1D60588D0D05DD3D006BFB54 /* Resources */ = {
			isa = PBXResourcesBuildPhase;
			buildActionMask = 2147483647;
			files = (
				0C3FD9611BB3517A0058035B /* Default@2x.png in Resources */,
				0C3FD96B1BB3517A0058035B /* Icon-76@2x.png in Resources */,
				0CB491171BB512F30069177E /* InfoPlist.strings in Resources */,
				0C3FD9641BB3517A0058035B /* Icon-29@3x.png in Resources */,
				0C7103901BB28BDB0087F0EF /* Images.xcassets in Resources */,
				0CAD071E1C14E08B00ECF6CC /* pictures in Resources */,
				0CAD07201C177A9500ECF6CC /* sound in Resources */,
				0C3FD96A1BB3517A0058035B /* Icon-76.png in Resources */,
				0C3FD9701BB370AA0058035B /* Default-Landscape.png in Resources */,
				0C3FD9731BB370AA0058035B /* Default-Portrait@2x.png in Resources */,
				0C3FD9581BB3517A0058035B /* Default-667h@2x.png in Resources */,
				0C3FD9711BB370AA0058035B /* Default-Landscape@2x.png in Resources */,
				0C3FD9721BB370AA0058035B /* Default-Portrait.png in Resources */,
				0C3FD9571BB3517A0058035B /* Default-568h@2x.png in Resources */,
				0C3FD9681BB3517A0058035B /* Icon-60@2x.png in Resources */,
				0C3FD9631BB3517A0058035B /* Icon-29@2x.png in Resources */,
				0C3FD9591BB3517A0058035B /* Default-736h@3x.png in Resources */,
				0CAD071C1C14DE3900ECF6CC /* fonts in Resources */,
				0C3FD9621BB3517A0058035B /* Icon-29.png in Resources */,
				0C3FD95A1BB3517A0058035B /* Default-Landscape-736h@3x.png in Resources */,
				0C3FD9671BB3517A0058035B /* Icon-40@3x.png in Resources */,
				0CAD07221C177B9500ECF6CC /* text in Resources */,
				0C3FD9691BB3517A0058035B /* Icon-60@3x.png in Resources */,
				0C3FD9661BB3517A0058035B /* Icon-40@2x.png in Resources */,
				0C3FD9651BB3517A0058035B /* Icon-40.png in Resources */,
			);
			runOnlyForDeploymentPostprocessing = 0;
		};
		5087E74817EB910900C73F5D /* Resources */ = {
			isa = PBXResourcesBuildPhase;
			buildActionMask = 2147483647;
			files = (
				503AE0F817EB97AB00D1A890 /* Icon.icns in Resources */,
			);
			runOnlyForDeploymentPostprocessing = 0;
		};
/* End PBXResourcesBuildPhase section */

/* Begin PBXSourcesBuildPhase section */
		1D60588E0D05DD3D006BFB54 /* Sources */ = {
			isa = PBXSourcesBuildPhase;
			buildActionMask = 2147483647;
			files = (
				0CCFF9381BACFE6B00D2A868 /* ID.cpp in Sources */,
				0CCFF9271BACFE5500D2A868 /* Payment.mm in Sources */,
				0CCFF9231BACFE5500D2A868 /* GameCenterHelper.m in Sources */,
				0CCFF9241BACFE5500D2A868 /* LocalizedResource.cpp in Sources */,
				0CCFF9771BACFE7E00D2A868 /* AKNWayAngle.cpp in Sources */,
				0CCFF91F1BACFE5500D2A868 /* AKLabel.cpp in Sources */,
				0CCFF96F1BACFE7E00D2A868 /* AKBlock.cpp in Sources */,
				0CCFF97F1BACFE7E00D2A868 /* AKTileMapEventParameter.cpp in Sources */,
				0CCFF9761BACFE7E00D2A868 /* AKLife.cpp in Sources */,
				0CCFF9221BACFE5500D2A868 /* AKStringSplitter.cpp in Sources */,
				0CCFF9351BACFE6B00D2A868 /* AKAngle.cpp in Sources */,
				0CCFF9791BACFE7E00D2A868 /* AKPlayData.cpp in Sources */,
				0CCFF91E1BACFE5500D2A868 /* AKInterface.cpp in Sources */,
				0CCFF91D1BACFE5500D2A868 /* AKCommon.cpp in Sources */,
				46880B8819C43A87006E1F66 /* AppDelegate.cpp in Sources */,
				0CCFF9361BACFE6B00D2A868 /* AKLogNoDef.cpp in Sources */,
				0CCFF9391BACFE6B00D2A868 /* SettingFileIO.cpp in Sources */,
				0CCFF9481BACFE7400D2A868 /* CreditScene.cpp in Sources */,
				0CCFF9251BACFE5500D2A868 /* OnlineScore.mm in Sources */,
				0CCFF97D1BACFE7E00D2A868 /* AKPlayingSceneIF.cpp in Sources */,
				503AE10017EB989F00D1A890 /* AppController.mm in Sources */,
				0CCFF9451BACFE7400D2A868 /* AKHowToPlayScene.cpp in Sources */,
				0CCFF9731BACFE7E00D2A868 /* AKEnemy.cpp in Sources */,
				503AE10217EB989F00D1A890 /* RootViewController.mm in Sources */,
				0CCFF9211BACFE5500D2A868 /* AKScreenSize.cpp in Sources */,
				0CCFF9281BACFE5500D2A868 /* Payment_objc.mm in Sources */,
				0CCFF97C1BACFE7E00D2A868 /* AKPlayingScene.cpp in Sources */,
				0CCFF9781BACFE7E00D2A868 /* AKOption.cpp in Sources */,
				0CCFF9751BACFE7E00D2A868 /* AKGauge.cpp in Sources */,
				0CCFF9291BACFE5500D2A868 /* Twitter.mm in Sources */,
				0CCFF97E1BACFE7E00D2A868 /* AKTileMap.cpp in Sources */,
				0CCFF9721BACFE7E00D2A868 /* AKEffect.cpp in Sources */,
				0CCFF9491BACFE7400D2A868 /* PageScene.cpp in Sources */,
				0CCFF97A1BACFE7E00D2A868 /* AKPlayer.cpp in Sources */,
				0CCFF9371BACFE6B00D2A868 /* AKToritoma.cpp in Sources */,
				503AE10117EB989F00D1A890 /* main.m in Sources */,
				0CCFF9201BACFE5500D2A868 /* AKMenuItem.cpp in Sources */,
				0CCFF9741BACFE7E00D2A868 /* AKEnemyShot.cpp in Sources */,
				0CCFF97B1BACFE7E00D2A868 /* AKPlayerShot.cpp in Sources */,
				0CCFF91C1BACFE5500D2A868 /* Advertisement.mm in Sources */,
				0CCFF9261BACFE5500D2A868 /* OpenUrl.mm in Sources */,
				0C71038D1BAF975F0087F0EF /* ActivityIndicator.cpp in Sources */,
				0CCFF9471BACFE7400D2A868 /* AKTitleScene.cpp in Sources */,
				0CCFF9711BACFE7E00D2A868 /* AKCharacterPool.cpp in Sources */,
				0CCFF9701BACFE7E00D2A868 /* AKCharacter.cpp in Sources */,
			);
			runOnlyForDeploymentPostprocessing = 0;
		};
		5087E75617EB910900C73F5D /* Sources */ = {
			isa = PBXSourcesBuildPhase;
			buildActionMask = 2147483647;
			files = (
				46880B8919C43A87006E1F66 /* AppDelegate.cpp in Sources */,
				503AE10517EB98FF00D1A890 /* main.cpp in Sources */,
			);
			runOnlyForDeploymentPostprocessing = 0;
		};
/* End PBXSourcesBuildPhase section */

/* Begin PBXTargetDependency section */
		1AC6FB16180E9959004C840B /* PBXTargetDependency */ = {
			isa = PBXTargetDependency;
			name = "cocos2dx Mac";
			targetProxy = 1AC6FB15180E9959004C840B /* PBXContainerItemProxy */;
		};
		1AC6FB25180E99E1004C840B /* PBXTargetDependency */ = {
			isa = PBXTargetDependency;
			name = "cocos2dx iOS";
			targetProxy = 1AC6FB24180E99E1004C840B /* PBXContainerItemProxy */;
		};
/* End PBXTargetDependency section */

/* Begin PBXVariantGroup section */
		0CB491191BB512F30069177E /* InfoPlist.strings */ = {
			isa = PBXVariantGroup;
			children = (
				0CB491181BB512F30069177E /* en */,
				0C5C2C751BCBB51B003D3548 /* ko */,
				0C5C2C761BCBB629003D3548 /* zh-Hans */,
				0C5C2C771BCBB69D003D3548 /* zh-Hant */,
				0C5C2C781BCBB6C6003D3548 /* ja */,
			);
			name = InfoPlist.strings;
			sourceTree = SOURCE_ROOT;
		};
/* End PBXVariantGroup section */

/* Begin XCBuildConfiguration section */
		1D6058940D05DD3E006BFB54 /* Debug */ = {
			isa = XCBuildConfiguration;
			buildSettings = {
				ALWAYS_SEARCH_USER_PATHS = YES;
				ASSETCATALOG_COMPILER_APPICON_NAME = AppIcon;
				CLANG_MODULES_AUTOLINK = YES;
				CODE_SIGN_IDENTITY = "iPhone Developer";
				"CODE_SIGN_IDENTITY[sdk=iphoneos*]" = "iPhone Developer";
				COMPRESS_PNG_FILES = NO;
				ENABLE_BITCODE = NO;
				FRAMEWORK_SEARCH_PATHS = (
					"$(inherited)",
					"$(PROJECT_DIR)",
				);
				GCC_DYNAMIC_NO_PIC = NO;
				GCC_INLINES_ARE_PRIVATE_EXTERN = NO;
				GCC_PRECOMPILE_PREFIX_HEADER = NO;
				GCC_PREFIX_HEADER = ios/Prefix.pch;
				GCC_PREPROCESSOR_DEFINITIONS = (
					USE_FILE32API,
					CC_TARGET_OS_IPHONE,
					"COCOS2D_DEBUG=1",
					"CC_ENABLE_CHIPMUNK_INTEGRATION=1",
					"DEBUG=1",
				);
				GCC_SYMBOLS_PRIVATE_EXTERN = NO;
				HEADER_SEARCH_PATHS = (
					"$(inherited)",
					"$(SRCROOT)/../cocos2d/cocos/platform/ios",
					"$(SRCROOT)/../cocos2d/cocos/platform/ios/Simulation",
				);
				INFOPLIST_FILE = ios/Info.plist;
				IPHONEOS_DEPLOYMENT_TARGET = 7.0;
				LIBRARY_SEARCH_PATHS = (
					"$(PROJECT_DIR)",
					"$(PROJECT_DIR)/Nend/NendAd",
				);
				OTHER_LDFLAGS = (
					"$(_COCOS_LIB_IOS_BEGIN)",
					"$(_COCOS_LIB_IOS_END)",
					"-ObjC",
				);
				PRECOMPS_INCLUDE_HEADERS_FROM_BUILT_PRODUCTS_DIR = YES;
				PRODUCT_BUNDLE_IDENTIFIER = "com.monochrome-soft.toritoma2";
				PROVISIONING_PROFILE = "";
				SDKROOT = iphoneos;
				TARGETED_DEVICE_FAMILY = "1,2";
				USER_HEADER_SEARCH_PATHS = "$(_COCOS_HEADER_IOS_BEGIN) $(_COCOS_HEADER_IOS_END)";
				VALID_ARCHS = "arm64 armv7";
			};
			name = Debug;
		};
		1D6058950D05DD3E006BFB54 /* Release */ = {
			isa = XCBuildConfiguration;
			buildSettings = {
				ALWAYS_SEARCH_USER_PATHS = YES;
				ASSETCATALOG_COMPILER_APPICON_NAME = AppIcon;
				CLANG_MODULES_AUTOLINK = YES;
				CODE_SIGN_IDENTITY = "iPhone Developer";
				"CODE_SIGN_IDENTITY[sdk=iphoneos*]" = "iPhone Developer";
				COMPRESS_PNG_FILES = NO;
				ENABLE_BITCODE = NO;
				FRAMEWORK_SEARCH_PATHS = (
					"$(inherited)",
					"$(PROJECT_DIR)",
				);
				GCC_INLINES_ARE_PRIVATE_EXTERN = NO;
				GCC_PRECOMPILE_PREFIX_HEADER = NO;
				GCC_PREFIX_HEADER = ios/Prefix.pch;
				GCC_PREPROCESSOR_DEFINITIONS = (
					USE_FILE32API,
					CC_TARGET_OS_IPHONE,
					"CC_ENABLE_CHIPMUNK_INTEGRATION=1",
					NDEBUG,
				);
				GCC_SYMBOLS_PRIVATE_EXTERN = NO;
				HEADER_SEARCH_PATHS = (
					"$(inherited)",
					"$(SRCROOT)/../cocos2d/cocos/platform/ios",
					"$(SRCROOT)/../cocos2d/cocos/platform/ios/Simulation",
				);
				INFOPLIST_FILE = ios/Info.plist;
				IPHONEOS_DEPLOYMENT_TARGET = 7.0;
				LIBRARY_SEARCH_PATHS = (
					"$(PROJECT_DIR)",
					"$(PROJECT_DIR)/Nend/NendAd",
				);
				OTHER_LDFLAGS = (
					"$(_COCOS_LIB_IOS_BEGIN)",
					"$(_COCOS_LIB_IOS_END)",
					"-ObjC",
				);
				PRECOMPS_INCLUDE_HEADERS_FROM_BUILT_PRODUCTS_DIR = YES;
				PRODUCT_BUNDLE_IDENTIFIER = "com.monochrome-soft.toritoma2";
				PROVISIONING_PROFILE = "";
				SDKROOT = iphoneos;
				TARGETED_DEVICE_FAMILY = "1,2";
				USER_HEADER_SEARCH_PATHS = "$(_COCOS_HEADER_IOS_BEGIN) $(_COCOS_HEADER_IOS_END)";
				VALID_ARCHS = "arm64 armv7";
			};
			name = Release;
		};
		5087E76D17EB910900C73F5D /* Debug */ = {
			isa = XCBuildConfiguration;
			buildSettings = {
				ALWAYS_SEARCH_USER_PATHS = YES;
				CLANG_CXX_LANGUAGE_STANDARD = "c++0x";
				CLANG_CXX_LIBRARY = "libc++";
				COMBINE_HIDPI_IMAGES = YES;
				GCC_DYNAMIC_NO_PIC = NO;
				GCC_INLINES_ARE_PRIVATE_EXTERN = NO;
				GCC_PRECOMPILE_PREFIX_HEADER = YES;
				GCC_PREFIX_HEADER = mac/Prefix.pch;
				GCC_PREPROCESSOR_DEFINITIONS = (
					USE_FILE32API,
					CC_TARGET_OS_MAC,
					"COCOS2D_DEBUG=1",
					"CC_ENABLE_CHIPMUNK_INTEGRATION=1",
				);
				GCC_SYMBOLS_PRIVATE_EXTERN = NO;
				HEADER_SEARCH_PATHS = (
					"$(inherited)",
					"$(SRCROOT)/../cocos2d/cocos/platform/mac",
					"$(SRCROOT)/../cocos2d/external/glfw3/include/mac",
				);
				INFOPLIST_FILE = mac/Info.plist;
				LIBRARY_SEARCH_PATHS = "";
				OTHER_LDFLAGS = (
					"$(_COCOS_LIB_MAC_BEGIN)",
					"$(_COCOS_LIB_MAC_END)",
				);
				PRODUCT_BUNDLE_IDENTIFIER = "com.monochrome-soft.toritoma2";
				USER_HEADER_SEARCH_PATHS = "$(_COCOS_HEADER_MAC_BEGIN) $(_COCOS_HEADER_MAC_END)";
			};
			name = Debug;
		};
		5087E76E17EB910900C73F5D /* Release */ = {
			isa = XCBuildConfiguration;
			buildSettings = {
				ALWAYS_SEARCH_USER_PATHS = YES;
				CLANG_CXX_LANGUAGE_STANDARD = "c++0x";
				CLANG_CXX_LIBRARY = "libc++";
				COMBINE_HIDPI_IMAGES = YES;
				GCC_INLINES_ARE_PRIVATE_EXTERN = NO;
				GCC_PRECOMPILE_PREFIX_HEADER = YES;
				GCC_PREFIX_HEADER = mac/Prefix.pch;
				GCC_PREPROCESSOR_DEFINITIONS = (
					USE_FILE32API,
					CC_TARGET_OS_MAC,
					"CC_ENABLE_CHIPMUNK_INTEGRATION=1",
				);
				GCC_SYMBOLS_PRIVATE_EXTERN = NO;
				HEADER_SEARCH_PATHS = (
					"$(inherited)",
					"$(SRCROOT)/../cocos2d/cocos/platform/mac",
					"$(SRCROOT)/../cocos2d/external/glfw3/include/mac",
				);
				INFOPLIST_FILE = mac/Info.plist;
				LIBRARY_SEARCH_PATHS = "";
				OTHER_LDFLAGS = (
					"$(_COCOS_LIB_MAC_BEGIN)",
					"$(_COCOS_LIB_MAC_END)",
				);
				PRODUCT_BUNDLE_IDENTIFIER = "com.monochrome-soft.toritoma2";
				USER_HEADER_SEARCH_PATHS = "$(_COCOS_HEADER_MAC_BEGIN) $(_COCOS_HEADER_MAC_END)";
			};
			name = Release;
		};
		C01FCF4F08A954540054247B /* Debug */ = {
			isa = XCBuildConfiguration;
			buildSettings = {
				CLANG_CXX_LANGUAGE_STANDARD = "c++0x";
				CLANG_CXX_LIBRARY = "libc++";
				COPY_PHASE_STRIP = NO;
				ENABLE_TESTABILITY = YES;
				GCC_OPTIMIZATION_LEVEL = 0;
				GCC_WARN_ABOUT_RETURN_TYPE = YES;
				GCC_WARN_UNUSED_VARIABLE = YES;
				HEADER_SEARCH_PATHS = (
					"$(SRCROOT)/../cocos2d",
					"$(SRCROOT)/../cocos2d/cocos",
					"$(SRCROOT)/../cocos2d/cocos/base",
					"$(SRCROOT)/../cocos2d/cocos/physics",
					"$(SRCROOT)/../cocos2d/cocos/math",
					"$(SRCROOT)/../cocos2d/cocos/2d",
					"$(SRCROOT)/../cocos2d/cocos/ui",
					"$(SRCROOT)/../cocos2d/cocos/network",
					"$(SRCROOT)/../cocos2d/cocos/audio/include",
					"$(SRCROOT)/../cocos2d/cocos/editor-support",
					"$(SRCROOT)/../cocos2d/extensions",
					"$(SRCROOT)/../cocos2d/external",
					"$(SRCROOT)/../cocos2d/external/chipmunk/include/chipmunk",
				);
				MACOSX_DEPLOYMENT_TARGET = 10.7;
				ONLY_ACTIVE_ARCH = YES;
				PRODUCT_NAME = "$(TARGET_NAME)";
				SDKROOT = macosx;
			};
			name = Debug;
		};
		C01FCF5008A954540054247B /* Release */ = {
			isa = XCBuildConfiguration;
			buildSettings = {
				CLANG_CXX_LANGUAGE_STANDARD = "c++0x";
				CLANG_CXX_LIBRARY = "libc++";
				GCC_WARN_ABOUT_RETURN_TYPE = YES;
				GCC_WARN_UNUSED_VARIABLE = YES;
				HEADER_SEARCH_PATHS = (
					"$(SRCROOT)/../cocos2d",
					"$(SRCROOT)/../cocos2d/cocos",
					"$(SRCROOT)/../cocos2d/cocos/base",
					"$(SRCROOT)/../cocos2d/cocos/physics",
					"$(SRCROOT)/../cocos2d/cocos/math",
					"$(SRCROOT)/../cocos2d/cocos/2d",
					"$(SRCROOT)/../cocos2d/cocos/ui",
					"$(SRCROOT)/../cocos2d/cocos/network",
					"$(SRCROOT)/../cocos2d/cocos/audio/include",
					"$(SRCROOT)/../cocos2d/cocos/editor-support",
					"$(SRCROOT)/../cocos2d/extensions",
					"$(SRCROOT)/../cocos2d/external",
					"$(SRCROOT)/../cocos2d/external/chipmunk/include/chipmunk",
				);
				MACOSX_DEPLOYMENT_TARGET = 10.7;
				OTHER_CFLAGS = "-DNS_BLOCK_ASSERTIONS=1";
				PRODUCT_NAME = "$(TARGET_NAME)";
				SDKROOT = macosx;
				VALIDATE_PRODUCT = YES;
			};
			name = Release;
		};
/* End XCBuildConfiguration section */

/* Begin XCConfigurationList section */
		1D6058960D05DD3E006BFB54 /* Build configuration list for PBXNativeTarget "toritoma-mobile" */ = {
			isa = XCConfigurationList;
			buildConfigurations = (
				1D6058940D05DD3E006BFB54 /* Debug */,
				1D6058950D05DD3E006BFB54 /* Release */,
			);
			defaultConfigurationIsVisible = 0;
			defaultConfigurationName = Debug;
		};
		5087E76C17EB910900C73F5D /* Build configuration list for PBXNativeTarget "toritoma-desktop" */ = {
			isa = XCConfigurationList;
			buildConfigurations = (
				5087E76D17EB910900C73F5D /* Debug */,
				5087E76E17EB910900C73F5D /* Release */,
			);
			defaultConfigurationIsVisible = 0;
			defaultConfigurationName = Debug;
		};
		C01FCF4E08A954540054247B /* Build configuration list for PBXProject "toritoma" */ = {
			isa = XCConfigurationList;
			buildConfigurations = (
				C01FCF4F08A954540054247B /* Debug */,
				C01FCF5008A954540054247B /* Release */,
			);
			defaultConfigurationIsVisible = 0;
			defaultConfigurationName = Debug;
		};
/* End XCConfigurationList section */
	};
	rootObject = 29B97313FDCFA39411CA2CEA /* Project object */;
}
