// !$*UTF8*$!
{
	archiveVersion = 1;
	classes = {
	};
	objectVersion = 46;
	objects = {

/* Begin PBXBuildFile section */
		0C1C3CB21987E63E00C110BA /* AKGauge.cpp in Sources */ = {isa = PBXBuildFile; fileRef = 0C1C3CB01987E63E00C110BA /* AKGauge.cpp */; };
		0C1C3CB4198DB36900C110BA /* Images.xcassets in Resources */ = {isa = PBXBuildFile; fileRef = 0C1C3CB3198DB36900C110BA /* Images.xcassets */; };
		0C36C5F81AA5F68700AAEFA6 /* Icon.png in Resources */ = {isa = PBXBuildFile; fileRef = 0C36C5F61AA5F68700AAEFA6 /* Icon.png */; };
		0C36C5F91AA5F68700AAEFA6 /* Icon@2x.png in Resources */ = {isa = PBXBuildFile; fileRef = 0C36C5F71AA5F68700AAEFA6 /* Icon@2x.png */; };
		0C36C5FB1AA5F70A00AAEFA6 /* Icon-60@2x.png in Resources */ = {isa = PBXBuildFile; fileRef = 0C36C5FA1AA5F70A00AAEFA6 /* Icon-60@2x.png */; };
		0C36C5FE1AA5F73B00AAEFA6 /* Icon-Small.png in Resources */ = {isa = PBXBuildFile; fileRef = 0C36C5FC1AA5F73B00AAEFA6 /* Icon-Small.png */; };
		0C36C5FF1AA5F73B00AAEFA6 /* Icon-Small@2x.png in Resources */ = {isa = PBXBuildFile; fileRef = 0C36C5FD1AA5F73B00AAEFA6 /* Icon-Small@2x.png */; };
		0C36C6011AA5F7CC00AAEFA6 /* Icon-Small-40@2x.png in Resources */ = {isa = PBXBuildFile; fileRef = 0C36C6001AA5F7CC00AAEFA6 /* Icon-Small-40@2x.png */; };
		0C4AE41E1A075FF80056E625 /* OpenGLES.framework in Frameworks */ = {isa = PBXBuildFile; fileRef = 0C4AE41D1A075FF80056E625 /* OpenGLES.framework */; };
		0C4AE4201A0760230056E625 /* UIKit.framework in Frameworks */ = {isa = PBXBuildFile; fileRef = 0C4AE41F1A0760230056E625 /* UIKit.framework */; };
		0C4AE4221A0760820056E625 /* CoreMotion.framework in Frameworks */ = {isa = PBXBuildFile; fileRef = 0C4AE4211A0760820056E625 /* CoreMotion.framework */; };
		0C4AE4311A0761A10056E625 /* libcocos2dx iOS.a in Frameworks */ = {isa = PBXBuildFile; fileRef = 1AC6FB07180E9839004C840B /* libcocos2dx iOS.a */; };
		0C4AE4321A0761A60056E625 /* libCocosDenshion iOS.a in Frameworks */ = {isa = PBXBuildFile; fileRef = 1AC6FB0F180E9839004C840B /* libCocosDenshion iOS.a */; };
		0C4AE4331A0761AA0056E625 /* libcocos2dx-extensions iOS.a in Frameworks */ = {isa = PBXBuildFile; fileRef = 1AC6FB09180E9839004C840B /* libcocos2dx-extensions iOS.a */; };
		0C61675C19B2BD0E00D032E0 /* 1up.mp3 in Resources */ = {isa = PBXBuildFile; fileRef = 0C61675B19B2BD0E00D032E0 /* 1up.mp3 */; };
		0C6F33871986F88400CA0D64 /* BossLifeGauge_01-ipad.png in Resources */ = {isa = PBXBuildFile; fileRef = 0C6F33831986F88400CA0D64 /* BossLifeGauge_01-ipad.png */; };
		0C6F33881986F88400CA0D64 /* BossLifeGauge_01.png in Resources */ = {isa = PBXBuildFile; fileRef = 0C6F33841986F88400CA0D64 /* BossLifeGauge_01.png */; };
		0C6F33891986F88400CA0D64 /* BossLifeGauge_02-iadp.png in Resources */ = {isa = PBXBuildFile; fileRef = 0C6F33851986F88400CA0D64 /* BossLifeGauge_02-iadp.png */; };
		0C6F338A1986F88400CA0D64 /* BossLifeGauge_02.png in Resources */ = {isa = PBXBuildFile; fileRef = 0C6F33861986F88400CA0D64 /* BossLifeGauge_02.png */; };
		0C9CC3FF19139B62008F43AC /* bomb_big.mp3 in Resources */ = {isa = PBXBuildFile; fileRef = 0C9CC3F119139B62008F43AC /* bomb_big.mp3 */; };
		0C9CC40019139B62008F43AC /* bomb_min.mp3 in Resources */ = {isa = PBXBuildFile; fileRef = 0C9CC3F219139B62008F43AC /* bomb_min.mp3 */; };
		0C9CC40119139B62008F43AC /* clear.mp3 in Resources */ = {isa = PBXBuildFile; fileRef = 0C9CC3F319139B62008F43AC /* clear.mp3 */; };
		0C9CC40219139B62008F43AC /* ending.mp3 in Resources */ = {isa = PBXBuildFile; fileRef = 0C9CC3F419139B62008F43AC /* ending.mp3 */; };
		0C9CC40319139B62008F43AC /* pause.mp3 in Resources */ = {isa = PBXBuildFile; fileRef = 0C9CC3F519139B62008F43AC /* pause.mp3 */; };
		0C9CC40419139B62008F43AC /* select.mp3 in Resources */ = {isa = PBXBuildFile; fileRef = 0C9CC3F619139B62008F43AC /* select.mp3 */; };
		0C9CC40519139B62008F43AC /* stage1.mp3 in Resources */ = {isa = PBXBuildFile; fileRef = 0C9CC3F719139B62008F43AC /* stage1.mp3 */; };
		0C9CC40619139B62008F43AC /* stage2.mp3 in Resources */ = {isa = PBXBuildFile; fileRef = 0C9CC3F819139B62008F43AC /* stage2.mp3 */; };
		0C9CC40719139B62008F43AC /* stage3.mp3 in Resources */ = {isa = PBXBuildFile; fileRef = 0C9CC3F919139B62008F43AC /* stage3.mp3 */; };
		0C9CC40819139B62008F43AC /* stage4.mp3 in Resources */ = {isa = PBXBuildFile; fileRef = 0C9CC3FA19139B62008F43AC /* stage4.mp3 */; };
		0C9CC40919139B62008F43AC /* stage5.mp3 in Resources */ = {isa = PBXBuildFile; fileRef = 0C9CC3FB19139B62008F43AC /* stage5.mp3 */; };
		0C9CC40A19139B62008F43AC /* stage6.mp3 in Resources */ = {isa = PBXBuildFile; fileRef = 0C9CC3FC19139B62008F43AC /* stage6.mp3 */; };
		0C9CC40B19139B62008F43AC /* stage7.mp3 in Resources */ = {isa = PBXBuildFile; fileRef = 0C9CC3FD19139B62008F43AC /* stage7.mp3 */; };
		0C9CC40C19139B62008F43AC /* stage8.mp3 in Resources */ = {isa = PBXBuildFile; fileRef = 0C9CC3FE19139B62008F43AC /* stage8.mp3 */; };
		0CB620AB1928A5E300FC8E49 /* hit.mp3 in Resources */ = {isa = PBXBuildFile; fileRef = 0CB620AA1928A5E300FC8E49 /* hit.mp3 */; };
		0CB620AF1928B9EA00FC8E49 /* miss.mp3 in Resources */ = {isa = PBXBuildFile; fileRef = 0CB620AE1928B9EA00FC8E49 /* miss.mp3 */; };
		0CDDBE9419120F17007FBA6B /* AKBlock.cpp in Sources */ = {isa = PBXBuildFile; fileRef = 0CDDBE6F19120F17007FBA6B /* AKBlock.cpp */; };
		0CDDBE9519120F17007FBA6B /* AKCharacter.cpp in Sources */ = {isa = PBXBuildFile; fileRef = 0CDDBE7119120F17007FBA6B /* AKCharacter.cpp */; };
		0CDDBE9619120F17007FBA6B /* AKCharacterPool.cpp in Sources */ = {isa = PBXBuildFile; fileRef = 0CDDBE7319120F17007FBA6B /* AKCharacterPool.cpp */; };
		0CDDBE9819120F17007FBA6B /* AKEffect.cpp in Sources */ = {isa = PBXBuildFile; fileRef = 0CDDBE7719120F17007FBA6B /* AKEffect.cpp */; };
		0CDDBE9919120F17007FBA6B /* AKEnemy.cpp in Sources */ = {isa = PBXBuildFile; fileRef = 0CDDBE7919120F17007FBA6B /* AKEnemy.cpp */; };
		0CDDBE9A19120F17007FBA6B /* AKEnemyShot.cpp in Sources */ = {isa = PBXBuildFile; fileRef = 0CDDBE7B19120F17007FBA6B /* AKEnemyShot.cpp */; };
		0CDDBE9B19120F17007FBA6B /* AKHiScoreFile.cpp in Sources */ = {isa = PBXBuildFile; fileRef = 0CDDBE7D19120F17007FBA6B /* AKHiScoreFile.cpp */; };
		0CDDBE9C19120F17007FBA6B /* AKLife.cpp in Sources */ = {isa = PBXBuildFile; fileRef = 0CDDBE7F19120F17007FBA6B /* AKLife.cpp */; };
		0CDDBE9D19120F17007FBA6B /* AKNWayAngle.cpp in Sources */ = {isa = PBXBuildFile; fileRef = 0CDDBE8119120F17007FBA6B /* AKNWayAngle.cpp */; };
		0CDDBE9E19120F17007FBA6B /* AKOption.cpp in Sources */ = {isa = PBXBuildFile; fileRef = 0CDDBE8319120F17007FBA6B /* AKOption.cpp */; };
		0CDDBE9F19120F17007FBA6B /* AKPlayData.cpp in Sources */ = {isa = PBXBuildFile; fileRef = 0CDDBE8519120F17007FBA6B /* AKPlayData.cpp */; };
		0CDDBEA019120F17007FBA6B /* AKPlayer.cpp in Sources */ = {isa = PBXBuildFile; fileRef = 0CDDBE8819120F17007FBA6B /* AKPlayer.cpp */; };
		0CDDBEA119120F17007FBA6B /* AKPlayerShot.cpp in Sources */ = {isa = PBXBuildFile; fileRef = 0CDDBE8A19120F17007FBA6B /* AKPlayerShot.cpp */; };
		0CDDBEA219120F17007FBA6B /* AKPlayingScene.cpp in Sources */ = {isa = PBXBuildFile; fileRef = 0CDDBE8C19120F17007FBA6B /* AKPlayingScene.cpp */; };
		0CDDBEA319120F17007FBA6B /* AKPlayingSceneIF.cpp in Sources */ = {isa = PBXBuildFile; fileRef = 0CDDBE8E19120F17007FBA6B /* AKPlayingSceneIF.cpp */; };
		0CDDBEA419120F17007FBA6B /* AKTileMap.cpp in Sources */ = {isa = PBXBuildFile; fileRef = 0CDDBE9019120F17007FBA6B /* AKTileMap.cpp */; };
		0CDDBEA519120F17007FBA6B /* AKTileMapEventParameter.cpp in Sources */ = {isa = PBXBuildFile; fileRef = 0CDDBE9219120F17007FBA6B /* AKTileMapEventParameter.cpp */; };
		0CDDBEBE19120F32007FBA6B /* AKCommon.cpp in Sources */ = {isa = PBXBuildFile; fileRef = 0CDDBEA919120F32007FBA6B /* AKCommon.cpp */; };
		0CDDBEBF19120F32007FBA6B /* AKFont.cpp in Sources */ = {isa = PBXBuildFile; fileRef = 0CDDBEAB19120F32007FBA6B /* AKFont.cpp */; };
		0CDDBEC019120F32007FBA6B /* AKInterface.cpp in Sources */ = {isa = PBXBuildFile; fileRef = 0CDDBEAD19120F32007FBA6B /* AKInterface.cpp */; };
		0CDDBEC119120F32007FBA6B /* AKLabel.cpp in Sources */ = {isa = PBXBuildFile; fileRef = 0CDDBEAF19120F32007FBA6B /* AKLabel.cpp */; };
		0CDDBEC219120F32007FBA6B /* AKMenuItem.cpp in Sources */ = {isa = PBXBuildFile; fileRef = 0CDDBEB319120F32007FBA6B /* AKMenuItem.cpp */; };
		0CDDBEC419120F32007FBA6B /* AKScreenSize.cpp in Sources */ = {isa = PBXBuildFile; fileRef = 0CDDBEB719120F32007FBA6B /* AKScreenSize.cpp */; };
		0CDDBEC519120F32007FBA6B /* AKStringSplitter.cpp in Sources */ = {isa = PBXBuildFile; fileRef = 0CDDBEB919120F32007FBA6B /* AKStringSplitter.cpp */; };
		0CDDBED019120F4A007FBA6B /* AKAngle.cpp in Sources */ = {isa = PBXBuildFile; fileRef = 0CDDBEC819120F4A007FBA6B /* AKAngle.cpp */; };
		0CDDBED219120F4A007FBA6B /* AKLogNoDef.cpp in Sources */ = {isa = PBXBuildFile; fileRef = 0CDDBECC19120F4A007FBA6B /* AKLogNoDef.cpp */; };
		0CDDBED319120F4A007FBA6B /* AKToritoma.cpp in Sources */ = {isa = PBXBuildFile; fileRef = 0CDDBECE19120F4A007FBA6B /* AKToritoma.cpp */; };
		0CDDBEDB19120F61007FBA6B /* AKHowToPlayScene.cpp in Sources */ = {isa = PBXBuildFile; fileRef = 0CDDBED519120F61007FBA6B /* AKHowToPlayScene.cpp */; };
		0CDDBEDC19120F61007FBA6B /* AKOptionScene.cpp in Sources */ = {isa = PBXBuildFile; fileRef = 0CDDBED719120F61007FBA6B /* AKOptionScene.cpp */; };
		0CDDBEDD19120F61007FBA6B /* AKTitleScene.cpp in Sources */ = {isa = PBXBuildFile; fileRef = 0CDDBED919120F61007FBA6B /* AKTitleScene.cpp */; };
		0CDDBEFF191210A4007FBA6B /* Back.png in Resources */ = {isa = PBXBuildFile; fileRef = 0CDDBEDE191210A4007FBA6B /* Back.png */; };
		0CDDBF00191210A4007FBA6B /* Block.png in Resources */ = {isa = PBXBuildFile; fileRef = 0CDDBEDF191210A4007FBA6B /* Block.png */; };
		0CDDBF01191210A4007FBA6B /* Character-ipad.plist in Resources */ = {isa = PBXBuildFile; fileRef = 0CDDBEE0191210A4007FBA6B /* Character-ipad.plist */; };
		0CDDBF02191210A4007FBA6B /* Character-ipad.png in Resources */ = {isa = PBXBuildFile; fileRef = 0CDDBEE1191210A4007FBA6B /* Character-ipad.png */; };
		0CDDBF03191210A4007FBA6B /* Character.plist in Resources */ = {isa = PBXBuildFile; fileRef = 0CDDBEE2191210A4007FBA6B /* Character.plist */; };
		0CDDBF04191210A4007FBA6B /* Character.png in Resources */ = {isa = PBXBuildFile; fileRef = 0CDDBEE3191210A4007FBA6B /* Character.png */; };
		0CDDBF05191210A4007FBA6B /* ChickenGauge_01-ipad.png in Resources */ = {isa = PBXBuildFile; fileRef = 0CDDBEE4191210A4007FBA6B /* ChickenGauge_01-ipad.png */; };
		0CDDBF06191210A4007FBA6B /* ChickenGauge_01.png in Resources */ = {isa = PBXBuildFile; fileRef = 0CDDBEE5191210A4007FBA6B /* ChickenGauge_01.png */; };
		0CDDBF07191210A4007FBA6B /* ChickenGauge_02-ipad.png in Resources */ = {isa = PBXBuildFile; fileRef = 0CDDBEE6191210A4007FBA6B /* ChickenGauge_02-ipad.png */; };
		0CDDBF08191210A4007FBA6B /* ChickenGauge_02.png in Resources */ = {isa = PBXBuildFile; fileRef = 0CDDBEE7191210A4007FBA6B /* ChickenGauge_02.png */; };
		0CDDBF09191210A4007FBA6B /* Control-ipad.plist in Resources */ = {isa = PBXBuildFile; fileRef = 0CDDBEE8191210A4007FBA6B /* Control-ipad.plist */; };
		0CDDBF0A191210A4007FBA6B /* Control-ipad.png in Resources */ = {isa = PBXBuildFile; fileRef = 0CDDBEE9191210A4007FBA6B /* Control-ipad.png */; };
		0CDDBF0B191210A4007FBA6B /* Control.plist in Resources */ = {isa = PBXBuildFile; fileRef = 0CDDBEEA191210A4007FBA6B /* Control.plist */; };
		0CDDBF0C191210A4007FBA6B /* Control.png in Resources */ = {isa = PBXBuildFile; fileRef = 0CDDBEEB191210A4007FBA6B /* Control.png */; };
		0CDDBF0D191210A4007FBA6B /* EnemyTile.png in Resources */ = {isa = PBXBuildFile; fileRef = 0CDDBEEC191210A4007FBA6B /* EnemyTile.png */; };
		0CDDBF0E191210A4007FBA6B /* Event.png in Resources */ = {isa = PBXBuildFile; fileRef = 0CDDBEED191210A4007FBA6B /* Event.png */; };
		0CDDBF0F191210A4007FBA6B /* Font-ipad.png in Resources */ = {isa = PBXBuildFile; fileRef = 0CDDBEEE191210A4007FBA6B /* Font-ipad.png */; };
		0CDDBF10191210A4007FBA6B /* Font.plist in Resources */ = {isa = PBXBuildFile; fileRef = 0CDDBEEF191210A4007FBA6B /* Font.plist */; };
		0CDDBF11191210A4007FBA6B /* Font.png in Resources */ = {isa = PBXBuildFile; fileRef = 0CDDBEF0191210A4007FBA6B /* Font.png */; };
		0CDDBF12191210A4007FBA6B /* Marker Felt.ttf in Resources */ = {isa = PBXBuildFile; fileRef = 0CDDBEF2191210A4007FBA6B /* Marker Felt.ttf */; };
		0CDDBF13191210A4007FBA6B /* HowTo-ipad.plist in Resources */ = {isa = PBXBuildFile; fileRef = 0CDDBEF3191210A4007FBA6B /* HowTo-ipad.plist */; };
		0CDDBF14191210A4007FBA6B /* HowTo-ipad.png in Resources */ = {isa = PBXBuildFile; fileRef = 0CDDBEF4191210A4007FBA6B /* HowTo-ipad.png */; };
		0CDDBF15191210A4007FBA6B /* HowTo.plist in Resources */ = {isa = PBXBuildFile; fileRef = 0CDDBEF5191210A4007FBA6B /* HowTo.plist */; };
		0CDDBF16191210A4007FBA6B /* HowTo.png in Resources */ = {isa = PBXBuildFile; fileRef = 0CDDBEF6191210A4007FBA6B /* HowTo.png */; };
		0CDDBF17191210A4007FBA6B /* Localized_en in Resources */ = {isa = PBXBuildFile; fileRef = 0CDDBEF7191210A4007FBA6B /* Localized_en */; };
		0CDDBF18191210A4007FBA6B /* Localized_ja in Resources */ = {isa = PBXBuildFile; fileRef = 0CDDBEF8191210A4007FBA6B /* Localized_ja */; };
		0CDDBF19191210A4007FBA6B /* Stage_01.tmx in Resources */ = {isa = PBXBuildFile; fileRef = 0CDDBEF9191210A4007FBA6B /* Stage_01.tmx */; };
		0CDDBF1A191210A4007FBA6B /* Stage_02.tmx in Resources */ = {isa = PBXBuildFile; fileRef = 0CDDBEFA191210A4007FBA6B /* Stage_02.tmx */; };
		0CDDBF1B191210A4007FBA6B /* Stage_03.tmx in Resources */ = {isa = PBXBuildFile; fileRef = 0CDDBEFB191210A4007FBA6B /* Stage_03.tmx */; };
		0CDDBF1C191210A4007FBA6B /* Stage_04.tmx in Resources */ = {isa = PBXBuildFile; fileRef = 0CDDBEFC191210A4007FBA6B /* Stage_04.tmx */; };
		0CDDBF1D191210A4007FBA6B /* Stage_05.tmx in Resources */ = {isa = PBXBuildFile; fileRef = 0CDDBEFD191210A4007FBA6B /* Stage_05.tmx */; };
		0CDDBF1E191210A4007FBA6B /* Stage_06.tmx in Resources */ = {isa = PBXBuildFile; fileRef = 0CDDBEFE191210A4007FBA6B /* Stage_06.tmx */; };
		0CFC39A71918F3F700667232 /* LocalizedResource.cpp in Sources */ = {isa = PBXBuildFile; fileRef = 0CFC39A51918F3F700667232 /* LocalizedResource.cpp */; };
		1AC6FB21180E996B004C840B /* libcocos2dx Mac.a in Frameworks */ = {isa = PBXBuildFile; fileRef = 1AC6FAF9180E9839004C840B /* libcocos2dx Mac.a */; };
		1AC6FB22180E996B004C840B /* libcocos2dx-extensions Mac.a in Frameworks */ = {isa = PBXBuildFile; fileRef = 1AC6FAFB180E9839004C840B /* libcocos2dx-extensions Mac.a */; };
		1AC6FB23180E996B004C840B /* libCocosDenshion Mac.a in Frameworks */ = {isa = PBXBuildFile; fileRef = 1AC6FB01180E9839004C840B /* libCocosDenshion Mac.a */; };
		1AFAF8B716D35DE700DB1158 /* AppDelegate.cpp in Sources */ = {isa = PBXBuildFile; fileRef = 1AFAF8B316D35DE700DB1158 /* AppDelegate.cpp */; };
		1AFAF8BC16D35E4900DB1158 /* CloseNormal.png in Resources */ = {isa = PBXBuildFile; fileRef = 1AFAF8B916D35E4900DB1158 /* CloseNormal.png */; };
		1AFAF8BD16D35E4900DB1158 /* CloseSelected.png in Resources */ = {isa = PBXBuildFile; fileRef = 1AFAF8BA16D35E4900DB1158 /* CloseSelected.png */; };
		1D60589F0D05DD5A006BFB54 /* Foundation.framework in Frameworks */ = {isa = PBXBuildFile; fileRef = 1D30AB110D05D00D00671497 /* Foundation.framework */; };
		288765A50DF7441C002DB57D /* CoreGraphics.framework in Frameworks */ = {isa = PBXBuildFile; fileRef = 288765A40DF7441C002DB57D /* CoreGraphics.framework */; };
		503AE0F817EB97AB00D1A890 /* Icon.icns in Resources */ = {isa = PBXBuildFile; fileRef = 503AE0F617EB97AB00D1A890 /* Icon.icns */; };
		503AE10017EB989F00D1A890 /* AppController.mm in Sources */ = {isa = PBXBuildFile; fileRef = 503AE0FB17EB989F00D1A890 /* AppController.mm */; };
		503AE10117EB989F00D1A890 /* main.m in Sources */ = {isa = PBXBuildFile; fileRef = 503AE0FC17EB989F00D1A890 /* main.m */; };
		503AE10217EB989F00D1A890 /* RootViewController.mm in Sources */ = {isa = PBXBuildFile; fileRef = 503AE0FF17EB989F00D1A890 /* RootViewController.mm */; };
		503AE10517EB98FF00D1A890 /* main.cpp in Sources */ = {isa = PBXBuildFile; fileRef = 503AE10317EB98FF00D1A890 /* main.cpp */; };
		503AE11217EB99EE00D1A890 /* libcurl.dylib in Frameworks */ = {isa = PBXBuildFile; fileRef = 503AE11117EB99EE00D1A890 /* libcurl.dylib */; };
		503AE11B17EB9C5A00D1A890 /* IOKit.framework in Frameworks */ = {isa = PBXBuildFile; fileRef = 503AE11A17EB9C5A00D1A890 /* IOKit.framework */; };
		5087E75317EB910900C73F5D /* CloseNormal.png in Resources */ = {isa = PBXBuildFile; fileRef = 1AFAF8B916D35E4900DB1158 /* CloseNormal.png */; };
		5087E75417EB910900C73F5D /* CloseSelected.png in Resources */ = {isa = PBXBuildFile; fileRef = 1AFAF8BA16D35E4900DB1158 /* CloseSelected.png */; };
		5087E75717EB910900C73F5D /* AppDelegate.cpp in Sources */ = {isa = PBXBuildFile; fileRef = 1AFAF8B316D35DE700DB1158 /* AppDelegate.cpp */; };
		5087E76317EB910900C73F5D /* Foundation.framework in Frameworks */ = {isa = PBXBuildFile; fileRef = 1D30AB110D05D00D00671497 /* Foundation.framework */; };
		5087E76517EB910900C73F5D /* CoreGraphics.framework in Frameworks */ = {isa = PBXBuildFile; fileRef = 288765A40DF7441C002DB57D /* CoreGraphics.framework */; };
		5087E76717EB910900C73F5D /* libz.dylib in Frameworks */ = {isa = PBXBuildFile; fileRef = BF170DB412928DE900B8313A /* libz.dylib */; };
		5087E76817EB910900C73F5D /* QuartzCore.framework in Frameworks */ = {isa = PBXBuildFile; fileRef = BF1C47EA1293683800B63C5D /* QuartzCore.framework */; };
		5087E76917EB910900C73F5D /* OpenAL.framework in Frameworks */ = {isa = PBXBuildFile; fileRef = D44C620B132DFF330009C878 /* OpenAL.framework */; };
		5087E76A17EB910900C73F5D /* AVFoundation.framework in Frameworks */ = {isa = PBXBuildFile; fileRef = D44C620D132DFF430009C878 /* AVFoundation.framework */; };
		5087E76B17EB910900C73F5D /* AudioToolbox.framework in Frameworks */ = {isa = PBXBuildFile; fileRef = D44C620F132DFF4E0009C878 /* AudioToolbox.framework */; };
		5087E77D17EB970100C73F5D /* Default-568h@2x.png in Resources */ = {isa = PBXBuildFile; fileRef = 5087E77217EB970100C73F5D /* Default-568h@2x.png */; };
		5087E77E17EB970100C73F5D /* Default.png in Resources */ = {isa = PBXBuildFile; fileRef = 5087E77317EB970100C73F5D /* Default.png */; };
		5087E77F17EB970100C73F5D /* Default@2x.png in Resources */ = {isa = PBXBuildFile; fileRef = 5087E77417EB970100C73F5D /* Default@2x.png */; };
		5087E78917EB974C00C73F5D /* AppKit.framework in Frameworks */ = {isa = PBXBuildFile; fileRef = 5087E78817EB974C00C73F5D /* AppKit.framework */; };
		5087E78B17EB975400C73F5D /* OpenGL.framework in Frameworks */ = {isa = PBXBuildFile; fileRef = 5087E78A17EB975400C73F5D /* OpenGL.framework */; };
		BF1712471292920000B8313A /* libz.dylib in Frameworks */ = {isa = PBXBuildFile; fileRef = BF170DB412928DE900B8313A /* libz.dylib */; };
		BF1C47F01293687400B63C5D /* QuartzCore.framework in Frameworks */ = {isa = PBXBuildFile; fileRef = BF1C47EA1293683800B63C5D /* QuartzCore.framework */; };
		D44C620C132DFF330009C878 /* OpenAL.framework in Frameworks */ = {isa = PBXBuildFile; fileRef = D44C620B132DFF330009C878 /* OpenAL.framework */; };
		D44C620E132DFF430009C878 /* AVFoundation.framework in Frameworks */ = {isa = PBXBuildFile; fileRef = D44C620D132DFF430009C878 /* AVFoundation.framework */; };
		D44C6210132DFF4E0009C878 /* AudioToolbox.framework in Frameworks */ = {isa = PBXBuildFile; fileRef = D44C620F132DFF4E0009C878 /* AudioToolbox.framework */; };
/* End PBXBuildFile section */

/* Begin PBXContainerItemProxy section */
		1AC6FAF8180E9839004C840B /* PBXContainerItemProxy */ = {
			isa = PBXContainerItemProxy;
			containerPortal = 1AC6FAE5180E9839004C840B /* cocos2d_libs.xcodeproj */;
			proxyType = 2;
			remoteGlobalIDString = 1551A33F158F2AB200E66CFE;
			remoteInfo = "cocos2dx Mac";
		};
		1AC6FAFA180E9839004C840B /* PBXContainerItemProxy */ = {
			isa = PBXContainerItemProxy;
			containerPortal = 1AC6FAE5180E9839004C840B /* cocos2d_libs.xcodeproj */;
			proxyType = 2;
			remoteGlobalIDString = A03F2FD617814595006731B9;
			remoteInfo = "cocos2dx-extensions Mac";
		};
		1AC6FAFC180E9839004C840B /* PBXContainerItemProxy */ = {
			isa = PBXContainerItemProxy;
			containerPortal = 1AC6FAE5180E9839004C840B /* cocos2d_libs.xcodeproj */;
			proxyType = 2;
			remoteGlobalIDString = A03F2CB81780BD04006731B9;
			remoteInfo = "chipmunk Mac";
		};
		1AC6FAFE180E9839004C840B /* PBXContainerItemProxy */ = {
			isa = PBXContainerItemProxy;
			containerPortal = 1AC6FAE5180E9839004C840B /* cocos2d_libs.xcodeproj */;
			proxyType = 2;
			remoteGlobalIDString = A03F2D9B1780BDF7006731B9;
			remoteInfo = "box2d Mac";
		};
		1AC6FB00180E9839004C840B /* PBXContainerItemProxy */ = {
			isa = PBXContainerItemProxy;
			containerPortal = 1AC6FAE5180E9839004C840B /* cocos2d_libs.xcodeproj */;
			proxyType = 2;
			remoteGlobalIDString = A03F2ED617814268006731B9;
			remoteInfo = "CocosDenshion Mac";
		};
		1AC6FB06180E9839004C840B /* PBXContainerItemProxy */ = {
			isa = PBXContainerItemProxy;
			containerPortal = 1AC6FAE5180E9839004C840B /* cocos2d_libs.xcodeproj */;
			proxyType = 2;
			remoteGlobalIDString = A07A4D641783777C0073F6A7;
			remoteInfo = "cocos2dx iOS";
		};
		1AC6FB08180E9839004C840B /* PBXContainerItemProxy */ = {
			isa = PBXContainerItemProxy;
			containerPortal = 1AC6FAE5180E9839004C840B /* cocos2d_libs.xcodeproj */;
			proxyType = 2;
			remoteGlobalIDString = A07A4EFC1783867C0073F6A7;
			remoteInfo = "cocos2dx-extensions iOS";
		};
		1AC6FB0A180E9839004C840B /* PBXContainerItemProxy */ = {
			isa = PBXContainerItemProxy;
			containerPortal = 1AC6FAE5180E9839004C840B /* cocos2d_libs.xcodeproj */;
			proxyType = 2;
			remoteGlobalIDString = A07A4F3B178387670073F6A7;
			remoteInfo = "chipmunk iOS";
		};
		1AC6FB0C180E9839004C840B /* PBXContainerItemProxy */ = {
			isa = PBXContainerItemProxy;
			containerPortal = 1AC6FAE5180E9839004C840B /* cocos2d_libs.xcodeproj */;
			proxyType = 2;
			remoteGlobalIDString = A07A4F9E1783876B0073F6A7;
			remoteInfo = "box2d iOS";
		};
		1AC6FB0E180E9839004C840B /* PBXContainerItemProxy */ = {
			isa = PBXContainerItemProxy;
			containerPortal = 1AC6FAE5180E9839004C840B /* cocos2d_libs.xcodeproj */;
			proxyType = 2;
			remoteGlobalIDString = A07A4FB4178387730073F6A7;
			remoteInfo = "CocosDenshion iOS";
		};
		1AC6FB15180E9959004C840B /* PBXContainerItemProxy */ = {
			isa = PBXContainerItemProxy;
			containerPortal = 1AC6FAE5180E9839004C840B /* cocos2d_libs.xcodeproj */;
			proxyType = 1;
			remoteGlobalIDString = 1551A33E158F2AB200E66CFE;
			remoteInfo = "cocos2dx Mac";
		};
		1AC6FB17180E9959004C840B /* PBXContainerItemProxy */ = {
			isa = PBXContainerItemProxy;
			containerPortal = 1AC6FAE5180E9839004C840B /* cocos2d_libs.xcodeproj */;
			proxyType = 1;
			remoteGlobalIDString = A03F2FC117814595006731B9;
			remoteInfo = "cocos2dx-extensions Mac";
		};
		1AC6FB19180E9959004C840B /* PBXContainerItemProxy */ = {
			isa = PBXContainerItemProxy;
			containerPortal = 1AC6FAE5180E9839004C840B /* cocos2d_libs.xcodeproj */;
			proxyType = 1;
			remoteGlobalIDString = A03F2B781780BD04006731B9;
			remoteInfo = "chipmunk Mac";
		};
		1AC6FB1B180E9959004C840B /* PBXContainerItemProxy */ = {
			isa = PBXContainerItemProxy;
			containerPortal = 1AC6FAE5180E9839004C840B /* cocos2d_libs.xcodeproj */;
			proxyType = 1;
			remoteGlobalIDString = A03F2E9817814268006731B9;
			remoteInfo = "CocosDenshion Mac";
		};
		1AC6FB1D180E9963004C840B /* PBXContainerItemProxy */ = {
			isa = PBXContainerItemProxy;
			containerPortal = 1AC6FAE5180E9839004C840B /* cocos2d_libs.xcodeproj */;
			proxyType = 1;
			remoteGlobalIDString = A03F2D5D1780BDF7006731B9;
			remoteInfo = "box2d Mac";
		};
		1AC6FB24180E99E1004C840B /* PBXContainerItemProxy */ = {
			isa = PBXContainerItemProxy;
			containerPortal = 1AC6FAE5180E9839004C840B /* cocos2d_libs.xcodeproj */;
			proxyType = 1;
			remoteGlobalIDString = A07A4C241783777C0073F6A7;
			remoteInfo = "cocos2dx iOS";
		};
		1AC6FB26180E99E1004C840B /* PBXContainerItemProxy */ = {
			isa = PBXContainerItemProxy;
			containerPortal = 1AC6FAE5180E9839004C840B /* cocos2d_libs.xcodeproj */;
			proxyType = 1;
			remoteGlobalIDString = A07A4E111783867C0073F6A7;
			remoteInfo = "cocos2dx-extensions iOS";
		};
		1AC6FB28180E99E1004C840B /* PBXContainerItemProxy */ = {
			isa = PBXContainerItemProxy;
			containerPortal = 1AC6FAE5180E9839004C840B /* cocos2d_libs.xcodeproj */;
			proxyType = 1;
			remoteGlobalIDString = A07A4EFD178387670073F6A7;
			remoteInfo = "chipmunk iOS";
		};
		1AC6FB2A180E99E1004C840B /* PBXContainerItemProxy */ = {
			isa = PBXContainerItemProxy;
			containerPortal = 1AC6FAE5180E9839004C840B /* cocos2d_libs.xcodeproj */;
			proxyType = 1;
			remoteGlobalIDString = A07A4F3C1783876B0073F6A7;
			remoteInfo = "box2d iOS";
		};
		1AC6FB2C180E99E1004C840B /* PBXContainerItemProxy */ = {
			isa = PBXContainerItemProxy;
			containerPortal = 1AC6FAE5180E9839004C840B /* cocos2d_libs.xcodeproj */;
			proxyType = 1;
			remoteGlobalIDString = A07A4F9F178387730073F6A7;
			remoteInfo = "CocosDenshion iOS";
		};
/* End PBXContainerItemProxy section */

/* Begin PBXFileReference section */
		0C1C3CB01987E63E00C110BA /* AKGauge.cpp */ = {isa = PBXFileReference; fileEncoding = 4; lastKnownFileType = sourcecode.cpp.cpp; name = AKGauge.cpp; path = ../Classes/PlayingScene/AKGauge.cpp; sourceTree = "<group>"; };
		0C1C3CB11987E63E00C110BA /* AKGauge.h */ = {isa = PBXFileReference; fileEncoding = 4; lastKnownFileType = sourcecode.c.h; name = AKGauge.h; path = ../Classes/PlayingScene/AKGauge.h; sourceTree = "<group>"; };
		0C1C3CB3198DB36900C110BA /* Images.xcassets */ = {isa = PBXFileReference; lastKnownFileType = folder.assetcatalog; name = Images.xcassets; path = "toritoma iOS/Images.xcassets"; sourceTree = SOURCE_ROOT; };
		0C36C5F61AA5F68700AAEFA6 /* Icon.png */ = {isa = PBXFileReference; lastKnownFileType = image.png; name = Icon.png; path = ../../Resources/icons/Icon.png; sourceTree = "<group>"; };
		0C36C5F71AA5F68700AAEFA6 /* Icon@2x.png */ = {isa = PBXFileReference; lastKnownFileType = image.png; name = "Icon@2x.png"; path = "../../Resources/icons/Icon@2x.png"; sourceTree = "<group>"; };
		0C36C5FA1AA5F70A00AAEFA6 /* Icon-60@2x.png */ = {isa = PBXFileReference; lastKnownFileType = image.png; name = "Icon-60@2x.png"; path = "../../Resources/icons/Icon-60@2x.png"; sourceTree = "<group>"; };
		0C36C5FC1AA5F73B00AAEFA6 /* Icon-Small.png */ = {isa = PBXFileReference; lastKnownFileType = image.png; name = "Icon-Small.png"; path = "../../Resources/icons/Icon-Small.png"; sourceTree = "<group>"; };
		0C36C5FD1AA5F73B00AAEFA6 /* Icon-Small@2x.png */ = {isa = PBXFileReference; lastKnownFileType = image.png; name = "Icon-Small@2x.png"; path = "../../Resources/icons/Icon-Small@2x.png"; sourceTree = "<group>"; };
		0C36C6001AA5F7CC00AAEFA6 /* Icon-Small-40@2x.png */ = {isa = PBXFileReference; lastKnownFileType = image.png; name = "Icon-Small-40@2x.png"; path = "../../Resources/icons/Icon-Small-40@2x.png"; sourceTree = "<group>"; };
		0C36C6061AA74EE000AAEFA6 /* Info.plist */ = {isa = PBXFileReference; fileEncoding = 4; lastKnownFileType = text.plist.xml; name = Info.plist; path = ios/Info.plist; sourceTree = SOURCE_ROOT; };
		0C4AE41D1A075FF80056E625 /* OpenGLES.framework */ = {isa = PBXFileReference; lastKnownFileType = wrapper.framework; name = OpenGLES.framework; path = Platforms/iPhoneOS.platform/Developer/SDKs/iPhoneOS8.1.sdk/System/Library/Frameworks/OpenGLES.framework; sourceTree = DEVELOPER_DIR; };
		0C4AE41F1A0760230056E625 /* UIKit.framework */ = {isa = PBXFileReference; lastKnownFileType = wrapper.framework; name = UIKit.framework; path = Platforms/iPhoneOS.platform/Developer/SDKs/iPhoneOS8.1.sdk/System/Library/Frameworks/UIKit.framework; sourceTree = DEVELOPER_DIR; };
		0C4AE4211A0760820056E625 /* CoreMotion.framework */ = {isa = PBXFileReference; lastKnownFileType = wrapper.framework; name = CoreMotion.framework; path = Platforms/iPhoneOS.platform/Developer/SDKs/iPhoneOS8.1.sdk/System/Library/Frameworks/CoreMotion.framework; sourceTree = DEVELOPER_DIR; };
		0C61675B19B2BD0E00D032E0 /* 1up.mp3 */ = {isa = PBXFileReference; lastKnownFileType = audio.mp3; name = 1up.mp3; path = Sound/1up.mp3; sourceTree = "<group>"; };
		0C6F33831986F88400CA0D64 /* BossLifeGauge_01-ipad.png */ = {isa = PBXFileReference; lastKnownFileType = image.png; path = "BossLifeGauge_01-ipad.png"; sourceTree = "<group>"; };
		0C6F33841986F88400CA0D64 /* BossLifeGauge_01.png */ = {isa = PBXFileReference; lastKnownFileType = image.png; path = BossLifeGauge_01.png; sourceTree = "<group>"; };
		0C6F33851986F88400CA0D64 /* BossLifeGauge_02-iadp.png */ = {isa = PBXFileReference; lastKnownFileType = image.png; path = "BossLifeGauge_02-iadp.png"; sourceTree = "<group>"; };
		0C6F33861986F88400CA0D64 /* BossLifeGauge_02.png */ = {isa = PBXFileReference; lastKnownFileType = image.png; path = BossLifeGauge_02.png; sourceTree = "<group>"; };
		0C9CC3F119139B62008F43AC /* bomb_big.mp3 */ = {isa = PBXFileReference; lastKnownFileType = audio.mp3; name = bomb_big.mp3; path = Sound/bomb_big.mp3; sourceTree = "<group>"; };
		0C9CC3F219139B62008F43AC /* bomb_min.mp3 */ = {isa = PBXFileReference; lastKnownFileType = audio.mp3; name = bomb_min.mp3; path = Sound/bomb_min.mp3; sourceTree = "<group>"; };
		0C9CC3F319139B62008F43AC /* clear.mp3 */ = {isa = PBXFileReference; lastKnownFileType = audio.mp3; name = clear.mp3; path = Sound/clear.mp3; sourceTree = "<group>"; };
		0C9CC3F419139B62008F43AC /* ending.mp3 */ = {isa = PBXFileReference; lastKnownFileType = audio.mp3; name = ending.mp3; path = Sound/ending.mp3; sourceTree = "<group>"; };
		0C9CC3F519139B62008F43AC /* pause.mp3 */ = {isa = PBXFileReference; lastKnownFileType = audio.mp3; name = pause.mp3; path = Sound/pause.mp3; sourceTree = "<group>"; };
		0C9CC3F619139B62008F43AC /* select.mp3 */ = {isa = PBXFileReference; lastKnownFileType = audio.mp3; name = select.mp3; path = Sound/select.mp3; sourceTree = "<group>"; };
		0C9CC3F719139B62008F43AC /* stage1.mp3 */ = {isa = PBXFileReference; lastKnownFileType = audio.mp3; name = stage1.mp3; path = Sound/stage1.mp3; sourceTree = "<group>"; };
		0C9CC3F819139B62008F43AC /* stage2.mp3 */ = {isa = PBXFileReference; lastKnownFileType = audio.mp3; name = stage2.mp3; path = Sound/stage2.mp3; sourceTree = "<group>"; };
		0C9CC3F919139B62008F43AC /* stage3.mp3 */ = {isa = PBXFileReference; lastKnownFileType = audio.mp3; name = stage3.mp3; path = Sound/stage3.mp3; sourceTree = "<group>"; };
		0C9CC3FA19139B62008F43AC /* stage4.mp3 */ = {isa = PBXFileReference; lastKnownFileType = audio.mp3; name = stage4.mp3; path = Sound/stage4.mp3; sourceTree = "<group>"; };
		0C9CC3FB19139B62008F43AC /* stage5.mp3 */ = {isa = PBXFileReference; lastKnownFileType = audio.mp3; name = stage5.mp3; path = Sound/stage5.mp3; sourceTree = "<group>"; };
		0C9CC3FC19139B62008F43AC /* stage6.mp3 */ = {isa = PBXFileReference; lastKnownFileType = audio.mp3; name = stage6.mp3; path = Sound/stage6.mp3; sourceTree = "<group>"; };
		0C9CC3FD19139B62008F43AC /* stage7.mp3 */ = {isa = PBXFileReference; lastKnownFileType = audio.mp3; name = stage7.mp3; path = Sound/stage7.mp3; sourceTree = "<group>"; };
		0C9CC3FE19139B62008F43AC /* stage8.mp3 */ = {isa = PBXFileReference; lastKnownFileType = audio.mp3; name = stage8.mp3; path = Sound/stage8.mp3; sourceTree = "<group>"; };
		0CB620AA1928A5E300FC8E49 /* hit.mp3 */ = {isa = PBXFileReference; lastKnownFileType = audio.mp3; name = hit.mp3; path = Sound/hit.mp3; sourceTree = "<group>"; };
		0CB620AE1928B9EA00FC8E49 /* miss.mp3 */ = {isa = PBXFileReference; lastKnownFileType = audio.mp3; name = miss.mp3; path = Sound/miss.mp3; sourceTree = "<group>"; };
		0CDDBE6F19120F17007FBA6B /* AKBlock.cpp */ = {isa = PBXFileReference; fileEncoding = 4; lastKnownFileType = sourcecode.cpp.cpp; name = AKBlock.cpp; path = ../Classes/PlayingScene/AKBlock.cpp; sourceTree = "<group>"; };
		0CDDBE7019120F17007FBA6B /* AKBlock.h */ = {isa = PBXFileReference; fileEncoding = 4; lastKnownFileType = sourcecode.c.h; name = AKBlock.h; path = ../Classes/PlayingScene/AKBlock.h; sourceTree = "<group>"; };
		0CDDBE7119120F17007FBA6B /* AKCharacter.cpp */ = {isa = PBXFileReference; fileEncoding = 4; lastKnownFileType = sourcecode.cpp.cpp; name = AKCharacter.cpp; path = ../Classes/PlayingScene/AKCharacter.cpp; sourceTree = "<group>"; };
		0CDDBE7219120F17007FBA6B /* AKCharacter.h */ = {isa = PBXFileReference; fileEncoding = 4; lastKnownFileType = sourcecode.c.h; name = AKCharacter.h; path = ../Classes/PlayingScene/AKCharacter.h; sourceTree = "<group>"; };
		0CDDBE7319120F17007FBA6B /* AKCharacterPool.cpp */ = {isa = PBXFileReference; fileEncoding = 4; lastKnownFileType = sourcecode.cpp.cpp; name = AKCharacterPool.cpp; path = ../Classes/PlayingScene/AKCharacterPool.cpp; sourceTree = "<group>"; };
		0CDDBE7419120F17007FBA6B /* AKCharacterPool.h */ = {isa = PBXFileReference; fileEncoding = 4; lastKnownFileType = sourcecode.c.h; name = AKCharacterPool.h; path = ../Classes/PlayingScene/AKCharacterPool.h; sourceTree = "<group>"; };
		0CDDBE7719120F17007FBA6B /* AKEffect.cpp */ = {isa = PBXFileReference; fileEncoding = 4; lastKnownFileType = sourcecode.cpp.cpp; name = AKEffect.cpp; path = ../Classes/PlayingScene/AKEffect.cpp; sourceTree = "<group>"; };
		0CDDBE7819120F17007FBA6B /* AKEffect.h */ = {isa = PBXFileReference; fileEncoding = 4; lastKnownFileType = sourcecode.c.h; name = AKEffect.h; path = ../Classes/PlayingScene/AKEffect.h; sourceTree = "<group>"; };
		0CDDBE7919120F17007FBA6B /* AKEnemy.cpp */ = {isa = PBXFileReference; fileEncoding = 4; lastKnownFileType = sourcecode.cpp.cpp; name = AKEnemy.cpp; path = ../Classes/PlayingScene/AKEnemy.cpp; sourceTree = "<group>"; };
		0CDDBE7A19120F17007FBA6B /* AKEnemy.h */ = {isa = PBXFileReference; fileEncoding = 4; lastKnownFileType = sourcecode.c.h; name = AKEnemy.h; path = ../Classes/PlayingScene/AKEnemy.h; sourceTree = "<group>"; };
		0CDDBE7B19120F17007FBA6B /* AKEnemyShot.cpp */ = {isa = PBXFileReference; fileEncoding = 4; lastKnownFileType = sourcecode.cpp.cpp; name = AKEnemyShot.cpp; path = ../Classes/PlayingScene/AKEnemyShot.cpp; sourceTree = "<group>"; };
		0CDDBE7C19120F17007FBA6B /* AKEnemyShot.h */ = {isa = PBXFileReference; fileEncoding = 4; lastKnownFileType = sourcecode.c.h; name = AKEnemyShot.h; path = ../Classes/PlayingScene/AKEnemyShot.h; sourceTree = "<group>"; };
		0CDDBE7D19120F17007FBA6B /* AKHiScoreFile.cpp */ = {isa = PBXFileReference; fileEncoding = 4; lastKnownFileType = sourcecode.cpp.cpp; name = AKHiScoreFile.cpp; path = ../Classes/PlayingScene/AKHiScoreFile.cpp; sourceTree = "<group>"; };
		0CDDBE7E19120F17007FBA6B /* AKHiScoreFile.h */ = {isa = PBXFileReference; fileEncoding = 4; lastKnownFileType = sourcecode.c.h; name = AKHiScoreFile.h; path = ../Classes/PlayingScene/AKHiScoreFile.h; sourceTree = "<group>"; };
		0CDDBE7F19120F17007FBA6B /* AKLife.cpp */ = {isa = PBXFileReference; fileEncoding = 4; lastKnownFileType = sourcecode.cpp.cpp; name = AKLife.cpp; path = ../Classes/PlayingScene/AKLife.cpp; sourceTree = "<group>"; };
		0CDDBE8019120F17007FBA6B /* AKLife.h */ = {isa = PBXFileReference; fileEncoding = 4; lastKnownFileType = sourcecode.c.h; name = AKLife.h; path = ../Classes/PlayingScene/AKLife.h; sourceTree = "<group>"; };
		0CDDBE8119120F17007FBA6B /* AKNWayAngle.cpp */ = {isa = PBXFileReference; fileEncoding = 4; lastKnownFileType = sourcecode.cpp.cpp; name = AKNWayAngle.cpp; path = ../Classes/PlayingScene/AKNWayAngle.cpp; sourceTree = "<group>"; };
		0CDDBE8219120F17007FBA6B /* AKNWayAngle.h */ = {isa = PBXFileReference; fileEncoding = 4; lastKnownFileType = sourcecode.c.h; name = AKNWayAngle.h; path = ../Classes/PlayingScene/AKNWayAngle.h; sourceTree = "<group>"; };
		0CDDBE8319120F17007FBA6B /* AKOption.cpp */ = {isa = PBXFileReference; fileEncoding = 4; lastKnownFileType = sourcecode.cpp.cpp; name = AKOption.cpp; path = ../Classes/PlayingScene/AKOption.cpp; sourceTree = "<group>"; };
		0CDDBE8419120F17007FBA6B /* AKOption.h */ = {isa = PBXFileReference; fileEncoding = 4; lastKnownFileType = sourcecode.c.h; name = AKOption.h; path = ../Classes/PlayingScene/AKOption.h; sourceTree = "<group>"; };
		0CDDBE8519120F17007FBA6B /* AKPlayData.cpp */ = {isa = PBXFileReference; fileEncoding = 4; lastKnownFileType = sourcecode.cpp.cpp; name = AKPlayData.cpp; path = ../Classes/PlayingScene/AKPlayData.cpp; sourceTree = "<group>"; };
		0CDDBE8619120F17007FBA6B /* AKPlayData.h */ = {isa = PBXFileReference; fileEncoding = 4; lastKnownFileType = sourcecode.c.h; name = AKPlayData.h; path = ../Classes/PlayingScene/AKPlayData.h; sourceTree = "<group>"; };
		0CDDBE8719120F17007FBA6B /* AKPlayDataInterface.h */ = {isa = PBXFileReference; fileEncoding = 4; lastKnownFileType = sourcecode.c.h; name = AKPlayDataInterface.h; path = ../Classes/PlayingScene/AKPlayDataInterface.h; sourceTree = "<group>"; };
		0CDDBE8819120F17007FBA6B /* AKPlayer.cpp */ = {isa = PBXFileReference; fileEncoding = 4; lastKnownFileType = sourcecode.cpp.cpp; name = AKPlayer.cpp; path = ../Classes/PlayingScene/AKPlayer.cpp; sourceTree = "<group>"; };
		0CDDBE8919120F17007FBA6B /* AKPlayer.h */ = {isa = PBXFileReference; fileEncoding = 4; lastKnownFileType = sourcecode.c.h; name = AKPlayer.h; path = ../Classes/PlayingScene/AKPlayer.h; sourceTree = "<group>"; };
		0CDDBE8A19120F17007FBA6B /* AKPlayerShot.cpp */ = {isa = PBXFileReference; fileEncoding = 4; lastKnownFileType = sourcecode.cpp.cpp; name = AKPlayerShot.cpp; path = ../Classes/PlayingScene/AKPlayerShot.cpp; sourceTree = "<group>"; };
		0CDDBE8B19120F17007FBA6B /* AKPlayerShot.h */ = {isa = PBXFileReference; fileEncoding = 4; lastKnownFileType = sourcecode.c.h; name = AKPlayerShot.h; path = ../Classes/PlayingScene/AKPlayerShot.h; sourceTree = "<group>"; };
		0CDDBE8C19120F17007FBA6B /* AKPlayingScene.cpp */ = {isa = PBXFileReference; fileEncoding = 4; lastKnownFileType = sourcecode.cpp.cpp; name = AKPlayingScene.cpp; path = ../Classes/PlayingScene/AKPlayingScene.cpp; sourceTree = "<group>"; };
		0CDDBE8D19120F17007FBA6B /* AKPlayingScene.h */ = {isa = PBXFileReference; fileEncoding = 4; lastKnownFileType = sourcecode.c.h; name = AKPlayingScene.h; path = ../Classes/PlayingScene/AKPlayingScene.h; sourceTree = "<group>"; };
		0CDDBE8E19120F17007FBA6B /* AKPlayingSceneIF.cpp */ = {isa = PBXFileReference; fileEncoding = 4; lastKnownFileType = sourcecode.cpp.cpp; name = AKPlayingSceneIF.cpp; path = ../Classes/PlayingScene/AKPlayingSceneIF.cpp; sourceTree = "<group>"; };
		0CDDBE8F19120F17007FBA6B /* AKPlayingSceneIF.h */ = {isa = PBXFileReference; fileEncoding = 4; lastKnownFileType = sourcecode.c.h; name = AKPlayingSceneIF.h; path = ../Classes/PlayingScene/AKPlayingSceneIF.h; sourceTree = "<group>"; };
		0CDDBE9019120F17007FBA6B /* AKTileMap.cpp */ = {isa = PBXFileReference; fileEncoding = 4; lastKnownFileType = sourcecode.cpp.cpp; name = AKTileMap.cpp; path = ../Classes/PlayingScene/AKTileMap.cpp; sourceTree = "<group>"; };
		0CDDBE9119120F17007FBA6B /* AKTileMap.h */ = {isa = PBXFileReference; fileEncoding = 4; lastKnownFileType = sourcecode.c.h; name = AKTileMap.h; path = ../Classes/PlayingScene/AKTileMap.h; sourceTree = "<group>"; };
		0CDDBE9219120F17007FBA6B /* AKTileMapEventParameter.cpp */ = {isa = PBXFileReference; fileEncoding = 4; lastKnownFileType = sourcecode.cpp.cpp; name = AKTileMapEventParameter.cpp; path = ../Classes/PlayingScene/AKTileMapEventParameter.cpp; sourceTree = "<group>"; };
		0CDDBE9319120F17007FBA6B /* AKTileMapEventParameter.h */ = {isa = PBXFileReference; fileEncoding = 4; lastKnownFileType = sourcecode.c.h; name = AKTileMapEventParameter.h; path = ../Classes/PlayingScene/AKTileMapEventParameter.h; sourceTree = "<group>"; };
		0CDDBEA919120F32007FBA6B /* AKCommon.cpp */ = {isa = PBXFileReference; fileEncoding = 4; lastKnownFileType = sourcecode.cpp.cpp; name = AKCommon.cpp; path = ../Classes/AKLibrary/AKCommon.cpp; sourceTree = "<group>"; };
		0CDDBEAA19120F32007FBA6B /* AKCommon.h */ = {isa = PBXFileReference; fileEncoding = 4; lastKnownFileType = sourcecode.c.h; name = AKCommon.h; path = ../Classes/AKLibrary/AKCommon.h; sourceTree = "<group>"; };
		0CDDBEAB19120F32007FBA6B /* AKFont.cpp */ = {isa = PBXFileReference; fileEncoding = 4; lastKnownFileType = sourcecode.cpp.cpp; name = AKFont.cpp; path = ../Classes/AKLibrary/AKFont.cpp; sourceTree = "<group>"; };
		0CDDBEAC19120F32007FBA6B /* AKFont.h */ = {isa = PBXFileReference; fileEncoding = 4; lastKnownFileType = sourcecode.c.h; name = AKFont.h; path = ../Classes/AKLibrary/AKFont.h; sourceTree = "<group>"; };
		0CDDBEAD19120F32007FBA6B /* AKInterface.cpp */ = {isa = PBXFileReference; fileEncoding = 4; lastKnownFileType = sourcecode.cpp.cpp; name = AKInterface.cpp; path = ../Classes/AKLibrary/AKInterface.cpp; sourceTree = "<group>"; };
		0CDDBEAE19120F32007FBA6B /* AKInterface.h */ = {isa = PBXFileReference; fileEncoding = 4; lastKnownFileType = sourcecode.c.h; name = AKInterface.h; path = ../Classes/AKLibrary/AKInterface.h; sourceTree = "<group>"; };
		0CDDBEAF19120F32007FBA6B /* AKLabel.cpp */ = {isa = PBXFileReference; fileEncoding = 4; lastKnownFileType = sourcecode.cpp.cpp; name = AKLabel.cpp; path = ../Classes/AKLibrary/AKLabel.cpp; sourceTree = "<group>"; };
		0CDDBEB019120F32007FBA6B /* AKLabel.h */ = {isa = PBXFileReference; fileEncoding = 4; lastKnownFileType = sourcecode.c.h; name = AKLabel.h; path = ../Classes/AKLibrary/AKLabel.h; sourceTree = "<group>"; };
		0CDDBEB119120F32007FBA6B /* AKLib.h */ = {isa = PBXFileReference; fileEncoding = 4; lastKnownFileType = sourcecode.c.h; name = AKLib.h; path = ../Classes/AKLibrary/AKLib.h; sourceTree = "<group>"; };
		0CDDBEB219120F32007FBA6B /* AKMenuEventHandler.h */ = {isa = PBXFileReference; fileEncoding = 4; lastKnownFileType = sourcecode.c.h; name = AKMenuEventHandler.h; path = ../Classes/AKLibrary/AKMenuEventHandler.h; sourceTree = "<group>"; };
		0CDDBEB319120F32007FBA6B /* AKMenuItem.cpp */ = {isa = PBXFileReference; fileEncoding = 4; lastKnownFileType = sourcecode.cpp.cpp; name = AKMenuItem.cpp; path = ../Classes/AKLibrary/AKMenuItem.cpp; sourceTree = "<group>"; };
		0CDDBEB419120F32007FBA6B /* AKMenuItem.h */ = {isa = PBXFileReference; fileEncoding = 4; lastKnownFileType = sourcecode.c.h; name = AKMenuItem.h; path = ../Classes/AKLibrary/AKMenuItem.h; sourceTree = "<group>"; };
		0CDDBEB719120F32007FBA6B /* AKScreenSize.cpp */ = {isa = PBXFileReference; fileEncoding = 4; lastKnownFileType = sourcecode.cpp.cpp; name = AKScreenSize.cpp; path = ../Classes/AKLibrary/AKScreenSize.cpp; sourceTree = "<group>"; };
		0CDDBEB819120F32007FBA6B /* AKScreenSize.h */ = {isa = PBXFileReference; fileEncoding = 4; lastKnownFileType = sourcecode.c.h; name = AKScreenSize.h; path = ../Classes/AKLibrary/AKScreenSize.h; sourceTree = "<group>"; };
		0CDDBEB919120F32007FBA6B /* AKStringSplitter.cpp */ = {isa = PBXFileReference; fileEncoding = 4; lastKnownFileType = sourcecode.cpp.cpp; name = AKStringSplitter.cpp; path = ../Classes/AKLibrary/AKStringSplitter.cpp; sourceTree = "<group>"; };
		0CDDBEBA19120F32007FBA6B /* AKStringSplitter.h */ = {isa = PBXFileReference; fileEncoding = 4; lastKnownFileType = sourcecode.c.h; name = AKStringSplitter.h; path = ../Classes/AKLibrary/AKStringSplitter.h; sourceTree = "<group>"; };
		0CDDBEC819120F4A007FBA6B /* AKAngle.cpp */ = {isa = PBXFileReference; fileEncoding = 4; lastKnownFileType = sourcecode.cpp.cpp; name = AKAngle.cpp; path = ../Classes/Common/AKAngle.cpp; sourceTree = "<group>"; };
		0CDDBEC919120F4A007FBA6B /* AKAngle.h */ = {isa = PBXFileReference; fileEncoding = 4; lastKnownFileType = sourcecode.c.h; name = AKAngle.h; path = ../Classes/Common/AKAngle.h; sourceTree = "<group>"; };
		0CDDBECC19120F4A007FBA6B /* AKLogNoDef.cpp */ = {isa = PBXFileReference; fileEncoding = 4; lastKnownFileType = sourcecode.cpp.cpp; name = AKLogNoDef.cpp; path = ../Classes/Common/AKLogNoDef.cpp; sourceTree = "<group>"; };
		0CDDBECD19120F4A007FBA6B /* AKLogNoDef.h */ = {isa = PBXFileReference; fileEncoding = 4; lastKnownFileType = sourcecode.c.h; name = AKLogNoDef.h; path = ../Classes/Common/AKLogNoDef.h; sourceTree = "<group>"; };
		0CDDBECE19120F4A007FBA6B /* AKToritoma.cpp */ = {isa = PBXFileReference; fileEncoding = 4; lastKnownFileType = sourcecode.cpp.cpp; name = AKToritoma.cpp; path = ../Classes/Common/AKToritoma.cpp; sourceTree = "<group>"; };
		0CDDBECF19120F4A007FBA6B /* AKToritoma.h */ = {isa = PBXFileReference; fileEncoding = 4; lastKnownFileType = sourcecode.c.h; name = AKToritoma.h; path = ../Classes/Common/AKToritoma.h; sourceTree = "<group>"; };
		0CDDBED519120F61007FBA6B /* AKHowToPlayScene.cpp */ = {isa = PBXFileReference; fileEncoding = 4; lastKnownFileType = sourcecode.cpp.cpp; name = AKHowToPlayScene.cpp; path = ../Classes/OtherScene/AKHowToPlayScene.cpp; sourceTree = "<group>"; };
		0CDDBED619120F61007FBA6B /* AKHowToPlayScene.h */ = {isa = PBXFileReference; fileEncoding = 4; lastKnownFileType = sourcecode.c.h; name = AKHowToPlayScene.h; path = ../Classes/OtherScene/AKHowToPlayScene.h; sourceTree = "<group>"; };
		0CDDBED719120F61007FBA6B /* AKOptionScene.cpp */ = {isa = PBXFileReference; fileEncoding = 4; lastKnownFileType = sourcecode.cpp.cpp; name = AKOptionScene.cpp; path = ../Classes/OtherScene/AKOptionScene.cpp; sourceTree = "<group>"; };
		0CDDBED819120F61007FBA6B /* AKOptionScene.h */ = {isa = PBXFileReference; fileEncoding = 4; lastKnownFileType = sourcecode.c.h; name = AKOptionScene.h; path = ../Classes/OtherScene/AKOptionScene.h; sourceTree = "<group>"; };
		0CDDBED919120F61007FBA6B /* AKTitleScene.cpp */ = {isa = PBXFileReference; fileEncoding = 4; lastKnownFileType = sourcecode.cpp.cpp; name = AKTitleScene.cpp; path = ../Classes/OtherScene/AKTitleScene.cpp; sourceTree = "<group>"; };
		0CDDBEDA19120F61007FBA6B /* AKTitleScene.h */ = {isa = PBXFileReference; fileEncoding = 4; lastKnownFileType = sourcecode.c.h; name = AKTitleScene.h; path = ../Classes/OtherScene/AKTitleScene.h; sourceTree = "<group>"; };
		0CDDBEDE191210A4007FBA6B /* Back.png */ = {isa = PBXFileReference; lastKnownFileType = image.png; path = Back.png; sourceTree = "<group>"; };
		0CDDBEDF191210A4007FBA6B /* Block.png */ = {isa = PBXFileReference; lastKnownFileType = image.png; path = Block.png; sourceTree = "<group>"; };
		0CDDBEE0191210A4007FBA6B /* Character-ipad.plist */ = {isa = PBXFileReference; fileEncoding = 4; lastKnownFileType = text.plist.xml; path = "Character-ipad.plist"; sourceTree = "<group>"; };
		0CDDBEE1191210A4007FBA6B /* Character-ipad.png */ = {isa = PBXFileReference; lastKnownFileType = image.png; path = "Character-ipad.png"; sourceTree = "<group>"; };
		0CDDBEE2191210A4007FBA6B /* Character.plist */ = {isa = PBXFileReference; fileEncoding = 4; lastKnownFileType = text.plist.xml; path = Character.plist; sourceTree = "<group>"; };
		0CDDBEE3191210A4007FBA6B /* Character.png */ = {isa = PBXFileReference; lastKnownFileType = image.png; path = Character.png; sourceTree = "<group>"; };
		0CDDBEE4191210A4007FBA6B /* ChickenGauge_01-ipad.png */ = {isa = PBXFileReference; lastKnownFileType = image.png; path = "ChickenGauge_01-ipad.png"; sourceTree = "<group>"; };
		0CDDBEE5191210A4007FBA6B /* ChickenGauge_01.png */ = {isa = PBXFileReference; lastKnownFileType = image.png; path = ChickenGauge_01.png; sourceTree = "<group>"; };
		0CDDBEE6191210A4007FBA6B /* ChickenGauge_02-ipad.png */ = {isa = PBXFileReference; lastKnownFileType = image.png; path = "ChickenGauge_02-ipad.png"; sourceTree = "<group>"; };
		0CDDBEE7191210A4007FBA6B /* ChickenGauge_02.png */ = {isa = PBXFileReference; lastKnownFileType = image.png; path = ChickenGauge_02.png; sourceTree = "<group>"; };
		0CDDBEE8191210A4007FBA6B /* Control-ipad.plist */ = {isa = PBXFileReference; fileEncoding = 4; lastKnownFileType = text.plist.xml; path = "Control-ipad.plist"; sourceTree = "<group>"; };
		0CDDBEE9191210A4007FBA6B /* Control-ipad.png */ = {isa = PBXFileReference; lastKnownFileType = image.png; path = "Control-ipad.png"; sourceTree = "<group>"; };
		0CDDBEEA191210A4007FBA6B /* Control.plist */ = {isa = PBXFileReference; fileEncoding = 4; lastKnownFileType = text.plist.xml; path = Control.plist; sourceTree = "<group>"; };
		0CDDBEEB191210A4007FBA6B /* Control.png */ = {isa = PBXFileReference; lastKnownFileType = image.png; path = Control.png; sourceTree = "<group>"; };
		0CDDBEEC191210A4007FBA6B /* EnemyTile.png */ = {isa = PBXFileReference; lastKnownFileType = image.png; path = EnemyTile.png; sourceTree = "<group>"; };
		0CDDBEED191210A4007FBA6B /* Event.png */ = {isa = PBXFileReference; lastKnownFileType = image.png; path = Event.png; sourceTree = "<group>"; };
		0CDDBEEE191210A4007FBA6B /* Font-ipad.png */ = {isa = PBXFileReference; lastKnownFileType = image.png; path = "Font-ipad.png"; sourceTree = "<group>"; };
		0CDDBEEF191210A4007FBA6B /* Font.plist */ = {isa = PBXFileReference; fileEncoding = 4; lastKnownFileType = text.plist.xml; path = Font.plist; sourceTree = "<group>"; };
		0CDDBEF0191210A4007FBA6B /* Font.png */ = {isa = PBXFileReference; lastKnownFileType = image.png; path = Font.png; sourceTree = "<group>"; };
		0CDDBEF2191210A4007FBA6B /* Marker Felt.ttf */ = {isa = PBXFileReference; lastKnownFileType = file; path = "Marker Felt.ttf"; sourceTree = "<group>"; };
		0CDDBEF3191210A4007FBA6B /* HowTo-ipad.plist */ = {isa = PBXFileReference; fileEncoding = 4; lastKnownFileType = text.plist.xml; path = "HowTo-ipad.plist"; sourceTree = "<group>"; };
		0CDDBEF4191210A4007FBA6B /* HowTo-ipad.png */ = {isa = PBXFileReference; lastKnownFileType = image.png; path = "HowTo-ipad.png"; sourceTree = "<group>"; };
		0CDDBEF5191210A4007FBA6B /* HowTo.plist */ = {isa = PBXFileReference; fileEncoding = 4; lastKnownFileType = text.plist.xml; path = HowTo.plist; sourceTree = "<group>"; };
		0CDDBEF6191210A4007FBA6B /* HowTo.png */ = {isa = PBXFileReference; lastKnownFileType = image.png; path = HowTo.png; sourceTree = "<group>"; };
		0CDDBEF7191210A4007FBA6B /* Localized_en */ = {isa = PBXFileReference; fileEncoding = 4; lastKnownFileType = text; path = Localized_en; sourceTree = "<group>"; };
		0CDDBEF8191210A4007FBA6B /* Localized_ja */ = {isa = PBXFileReference; fileEncoding = 4; lastKnownFileType = text; path = Localized_ja; sourceTree = "<group>"; };
		0CDDBEF9191210A4007FBA6B /* Stage_01.tmx */ = {isa = PBXFileReference; fileEncoding = 4; lastKnownFileType = text.xml; path = Stage_01.tmx; sourceTree = "<group>"; };
		0CDDBEFA191210A4007FBA6B /* Stage_02.tmx */ = {isa = PBXFileReference; fileEncoding = 4; lastKnownFileType = text.xml; path = Stage_02.tmx; sourceTree = "<group>"; };
		0CDDBEFB191210A4007FBA6B /* Stage_03.tmx */ = {isa = PBXFileReference; fileEncoding = 4; lastKnownFileType = text.xml; path = Stage_03.tmx; sourceTree = "<group>"; };
		0CDDBEFC191210A4007FBA6B /* Stage_04.tmx */ = {isa = PBXFileReference; fileEncoding = 4; lastKnownFileType = text.xml; path = Stage_04.tmx; sourceTree = "<group>"; };
		0CDDBEFD191210A4007FBA6B /* Stage_05.tmx */ = {isa = PBXFileReference; fileEncoding = 4; lastKnownFileType = text.xml; path = Stage_05.tmx; sourceTree = "<group>"; };
		0CDDBEFE191210A4007FBA6B /* Stage_06.tmx */ = {isa = PBXFileReference; fileEncoding = 4; lastKnownFileType = text.xml; path = Stage_06.tmx; sourceTree = "<group>"; };
		0CFC39A51918F3F700667232 /* LocalizedResource.cpp */ = {isa = PBXFileReference; fileEncoding = 4; lastKnownFileType = sourcecode.cpp.cpp; name = LocalizedResource.cpp; path = ../Classes/AKLibrary/LocalizedResource.cpp; sourceTree = "<group>"; };
		0CFC39A61918F3F700667232 /* LocalizedResource.h */ = {isa = PBXFileReference; fileEncoding = 4; lastKnownFileType = sourcecode.c.h; name = LocalizedResource.h; path = ../Classes/AKLibrary/LocalizedResource.h; sourceTree = "<group>"; };
		1AC6FAE5180E9839004C840B /* cocos2d_libs.xcodeproj */ = {isa = PBXFileReference; lastKnownFileType = "wrapper.pb-project"; name = cocos2d_libs.xcodeproj; path = ../cocos2d/build/cocos2d_libs.xcodeproj; sourceTree = "<group>"; };
		1AFAF8B316D35DE700DB1158 /* AppDelegate.cpp */ = {isa = PBXFileReference; fileEncoding = 4; lastKnownFileType = sourcecode.cpp.cpp; name = AppDelegate.cpp; path = ../Classes/AppDelegate.cpp; sourceTree = "<group>"; };
		1AFAF8B416D35DE700DB1158 /* AppDelegate.h */ = {isa = PBXFileReference; fileEncoding = 4; lastKnownFileType = sourcecode.c.h; name = AppDelegate.h; path = ../Classes/AppDelegate.h; sourceTree = "<group>"; };
		1AFAF8B916D35E4900DB1158 /* CloseNormal.png */ = {isa = PBXFileReference; lastKnownFileType = image.png; path = CloseNormal.png; sourceTree = "<group>"; };
		1AFAF8BA16D35E4900DB1158 /* CloseSelected.png */ = {isa = PBXFileReference; lastKnownFileType = image.png; path = CloseSelected.png; sourceTree = "<group>"; };
		1D30AB110D05D00D00671497 /* Foundation.framework */ = {isa = PBXFileReference; lastKnownFileType = wrapper.framework; name = Foundation.framework; path = System/Library/Frameworks/Foundation.framework; sourceTree = SDKROOT; };
		1D6058910D05DD3D006BFB54 /* toritoma iOS.app */ = {isa = PBXFileReference; explicitFileType = wrapper.application; includeInIndex = 0; path = "toritoma iOS.app"; sourceTree = BUILT_PRODUCTS_DIR; };
		288765A40DF7441C002DB57D /* CoreGraphics.framework */ = {isa = PBXFileReference; lastKnownFileType = wrapper.framework; name = CoreGraphics.framework; path = System/Library/Frameworks/CoreGraphics.framework; sourceTree = SDKROOT; };
		503AE0F617EB97AB00D1A890 /* Icon.icns */ = {isa = PBXFileReference; lastKnownFileType = image.icns; path = Icon.icns; sourceTree = "<group>"; };
		503AE0F717EB97AB00D1A890 /* Info.plist */ = {isa = PBXFileReference; fileEncoding = 4; lastKnownFileType = text.plist.xml; path = Info.plist; sourceTree = "<group>"; };
		503AE0FA17EB989F00D1A890 /* AppController.h */ = {isa = PBXFileReference; fileEncoding = 4; lastKnownFileType = sourcecode.c.h; name = AppController.h; path = ios/AppController.h; sourceTree = SOURCE_ROOT; };
		503AE0FB17EB989F00D1A890 /* AppController.mm */ = {isa = PBXFileReference; fileEncoding = 4; lastKnownFileType = sourcecode.cpp.objcpp; name = AppController.mm; path = ios/AppController.mm; sourceTree = SOURCE_ROOT; };
		503AE0FC17EB989F00D1A890 /* main.m */ = {isa = PBXFileReference; fileEncoding = 4; lastKnownFileType = sourcecode.c.objc; name = main.m; path = ios/main.m; sourceTree = SOURCE_ROOT; };
		503AE0FD17EB989F00D1A890 /* Prefix.pch */ = {isa = PBXFileReference; fileEncoding = 4; lastKnownFileType = sourcecode.c.h; name = Prefix.pch; path = ios/Prefix.pch; sourceTree = SOURCE_ROOT; };
		503AE0FE17EB989F00D1A890 /* RootViewController.h */ = {isa = PBXFileReference; fileEncoding = 4; lastKnownFileType = sourcecode.c.h; name = RootViewController.h; path = ios/RootViewController.h; sourceTree = SOURCE_ROOT; };
		503AE0FF17EB989F00D1A890 /* RootViewController.mm */ = {isa = PBXFileReference; fileEncoding = 4; lastKnownFileType = sourcecode.cpp.objcpp; name = RootViewController.mm; path = ios/RootViewController.mm; sourceTree = SOURCE_ROOT; };
		503AE10317EB98FF00D1A890 /* main.cpp */ = {isa = PBXFileReference; fileEncoding = 4; lastKnownFileType = sourcecode.cpp.cpp; name = main.cpp; path = mac/main.cpp; sourceTree = "<group>"; };
		503AE10417EB98FF00D1A890 /* Prefix.pch */ = {isa = PBXFileReference; fileEncoding = 4; lastKnownFileType = sourcecode.c.h; name = Prefix.pch; path = mac/Prefix.pch; sourceTree = "<group>"; };
		503AE11117EB99EE00D1A890 /* libcurl.dylib */ = {isa = PBXFileReference; lastKnownFileType = "compiled.mach-o.dylib"; name = libcurl.dylib; path = usr/lib/libcurl.dylib; sourceTree = SDKROOT; };
		503AE11A17EB9C5A00D1A890 /* IOKit.framework */ = {isa = PBXFileReference; lastKnownFileType = wrapper.framework; name = IOKit.framework; path = System/Library/Frameworks/IOKit.framework; sourceTree = SDKROOT; };
		5087E76F17EB910900C73F5D /* toritoma Mac.app */ = {isa = PBXFileReference; explicitFileType = wrapper.application; includeInIndex = 0; path = "toritoma Mac.app"; sourceTree = BUILT_PRODUCTS_DIR; };
		5087E77217EB970100C73F5D /* Default-568h@2x.png */ = {isa = PBXFileReference; lastKnownFileType = image.png; path = "Default-568h@2x.png"; sourceTree = "<group>"; };
		5087E77317EB970100C73F5D /* Default.png */ = {isa = PBXFileReference; lastKnownFileType = image.png; path = Default.png; sourceTree = "<group>"; };
		5087E77417EB970100C73F5D /* Default@2x.png */ = {isa = PBXFileReference; lastKnownFileType = image.png; path = "Default@2x.png"; sourceTree = "<group>"; };
		5087E78817EB974C00C73F5D /* AppKit.framework */ = {isa = PBXFileReference; lastKnownFileType = wrapper.framework; name = AppKit.framework; path = System/Library/Frameworks/AppKit.framework; sourceTree = SDKROOT; };
		5087E78A17EB975400C73F5D /* OpenGL.framework */ = {isa = PBXFileReference; lastKnownFileType = wrapper.framework; name = OpenGL.framework; path = System/Library/Frameworks/OpenGL.framework; sourceTree = SDKROOT; };
		BF170DB412928DE900B8313A /* libz.dylib */ = {isa = PBXFileReference; lastKnownFileType = "compiled.mach-o.dylib"; name = libz.dylib; path = usr/lib/libz.dylib; sourceTree = SDKROOT; };
		BF1C47EA1293683800B63C5D /* QuartzCore.framework */ = {isa = PBXFileReference; lastKnownFileType = wrapper.framework; name = QuartzCore.framework; path = System/Library/Frameworks/QuartzCore.framework; sourceTree = SDKROOT; };
		D44C620B132DFF330009C878 /* OpenAL.framework */ = {isa = PBXFileReference; lastKnownFileType = wrapper.framework; name = OpenAL.framework; path = System/Library/Frameworks/OpenAL.framework; sourceTree = SDKROOT; };
		D44C620D132DFF430009C878 /* AVFoundation.framework */ = {isa = PBXFileReference; lastKnownFileType = wrapper.framework; name = AVFoundation.framework; path = System/Library/Frameworks/AVFoundation.framework; sourceTree = SDKROOT; };
		D44C620F132DFF4E0009C878 /* AudioToolbox.framework */ = {isa = PBXFileReference; lastKnownFileType = wrapper.framework; name = AudioToolbox.framework; path = System/Library/Frameworks/AudioToolbox.framework; sourceTree = SDKROOT; };
/* End PBXFileReference section */

/* Begin PBXFrameworksBuildPhase section */
		1D60588F0D05DD3D006BFB54 /* Frameworks */ = {
			isa = PBXFrameworksBuildPhase;
			buildActionMask = 2147483647;
			files = (
				0C4AE4331A0761AA0056E625 /* libcocos2dx-extensions iOS.a in Frameworks */,
				0C4AE4321A0761A60056E625 /* libCocosDenshion iOS.a in Frameworks */,
				0C4AE4311A0761A10056E625 /* libcocos2dx iOS.a in Frameworks */,
				0C4AE4221A0760820056E625 /* CoreMotion.framework in Frameworks */,
				0C4AE4201A0760230056E625 /* UIKit.framework in Frameworks */,
				0C4AE41E1A075FF80056E625 /* OpenGLES.framework in Frameworks */,
				1D60589F0D05DD5A006BFB54 /* Foundation.framework in Frameworks */,
				288765A50DF7441C002DB57D /* CoreGraphics.framework in Frameworks */,
				BF1712471292920000B8313A /* libz.dylib in Frameworks */,
				BF1C47F01293687400B63C5D /* QuartzCore.framework in Frameworks */,
				D44C620C132DFF330009C878 /* OpenAL.framework in Frameworks */,
				D44C620E132DFF430009C878 /* AVFoundation.framework in Frameworks */,
				D44C6210132DFF4E0009C878 /* AudioToolbox.framework in Frameworks */,
			);
			runOnlyForDeploymentPostprocessing = 0;
		};
		5087E75C17EB910900C73F5D /* Frameworks */ = {
			isa = PBXFrameworksBuildPhase;
			buildActionMask = 2147483647;
			files = (
				1AC6FB21180E996B004C840B /* libcocos2dx Mac.a in Frameworks */,
				1AC6FB22180E996B004C840B /* libcocos2dx-extensions Mac.a in Frameworks */,
				1AC6FB23180E996B004C840B /* libCocosDenshion Mac.a in Frameworks */,
				503AE11217EB99EE00D1A890 /* libcurl.dylib in Frameworks */,
				5087E76717EB910900C73F5D /* libz.dylib in Frameworks */,
				503AE11B17EB9C5A00D1A890 /* IOKit.framework in Frameworks */,
				5087E78B17EB975400C73F5D /* OpenGL.framework in Frameworks */,
				5087E78917EB974C00C73F5D /* AppKit.framework in Frameworks */,
				5087E76317EB910900C73F5D /* Foundation.framework in Frameworks */,
				5087E76517EB910900C73F5D /* CoreGraphics.framework in Frameworks */,
				5087E76817EB910900C73F5D /* QuartzCore.framework in Frameworks */,
				5087E76917EB910900C73F5D /* OpenAL.framework in Frameworks */,
				5087E76A17EB910900C73F5D /* AVFoundation.framework in Frameworks */,
				5087E76B17EB910900C73F5D /* AudioToolbox.framework in Frameworks */,
			);
			runOnlyForDeploymentPostprocessing = 0;
		};
/* End PBXFrameworksBuildPhase section */

/* Begin PBXGroup section */
		080E96DDFE201D6D7F000001 /* ios */ = {
			isa = PBXGroup;
			children = (
				0C36C6061AA74EE000AAEFA6 /* Info.plist */,
				5087E77117EB970100C73F5D /* Icons */,
				503AE0FA17EB989F00D1A890 /* AppController.h */,
				503AE0FB17EB989F00D1A890 /* AppController.mm */,
				503AE0FC17EB989F00D1A890 /* main.m */,
				503AE0FD17EB989F00D1A890 /* Prefix.pch */,
				503AE0FE17EB989F00D1A890 /* RootViewController.h */,
				503AE0FF17EB989F00D1A890 /* RootViewController.mm */,
			);
			name = ios;
			path = Classes;
			sourceTree = "<group>";
		};
		0C9CC3F019139B50008F43AC /* Sound */ = {
			isa = PBXGroup;
			children = (
				0C61675B19B2BD0E00D032E0 /* 1up.mp3 */,
				0CB620AE1928B9EA00FC8E49 /* miss.mp3 */,
				0CB620AA1928A5E300FC8E49 /* hit.mp3 */,
				0C9CC3F119139B62008F43AC /* bomb_big.mp3 */,
				0C9CC3F219139B62008F43AC /* bomb_min.mp3 */,
				0C9CC3F319139B62008F43AC /* clear.mp3 */,
				0C9CC3F419139B62008F43AC /* ending.mp3 */,
				0C9CC3F519139B62008F43AC /* pause.mp3 */,
				0C9CC3F619139B62008F43AC /* select.mp3 */,
				0C9CC3F719139B62008F43AC /* stage1.mp3 */,
				0C9CC3F819139B62008F43AC /* stage2.mp3 */,
				0C9CC3F919139B62008F43AC /* stage3.mp3 */,
				0C9CC3FA19139B62008F43AC /* stage4.mp3 */,
				0C9CC3FB19139B62008F43AC /* stage5.mp3 */,
				0C9CC3FC19139B62008F43AC /* stage6.mp3 */,
				0C9CC3FD19139B62008F43AC /* stage7.mp3 */,
				0C9CC3FE19139B62008F43AC /* stage8.mp3 */,
			);
			name = Sound;
			sourceTree = "<group>";
		};
		0CDDBE6E19120F04007FBA6B /* PlayingScene */ = {
			isa = PBXGroup;
			children = (
				0CDDBE6F19120F17007FBA6B /* AKBlock.cpp */,
				0CDDBE7019120F17007FBA6B /* AKBlock.h */,
				0CDDBE7119120F17007FBA6B /* AKCharacter.cpp */,
				0CDDBE7219120F17007FBA6B /* AKCharacter.h */,
				0CDDBE7319120F17007FBA6B /* AKCharacterPool.cpp */,
				0CDDBE7419120F17007FBA6B /* AKCharacterPool.h */,
				0CDDBE7719120F17007FBA6B /* AKEffect.cpp */,
				0CDDBE7819120F17007FBA6B /* AKEffect.h */,
				0CDDBE7919120F17007FBA6B /* AKEnemy.cpp */,
				0CDDBE7A19120F17007FBA6B /* AKEnemy.h */,
				0CDDBE7B19120F17007FBA6B /* AKEnemyShot.cpp */,
				0CDDBE7C19120F17007FBA6B /* AKEnemyShot.h */,
				0CDDBE7D19120F17007FBA6B /* AKHiScoreFile.cpp */,
				0CDDBE7E19120F17007FBA6B /* AKHiScoreFile.h */,
				0CDDBE7F19120F17007FBA6B /* AKLife.cpp */,
				0CDDBE8019120F17007FBA6B /* AKLife.h */,
				0CDDBE8119120F17007FBA6B /* AKNWayAngle.cpp */,
				0CDDBE8219120F17007FBA6B /* AKNWayAngle.h */,
				0CDDBE8319120F17007FBA6B /* AKOption.cpp */,
				0CDDBE8419120F17007FBA6B /* AKOption.h */,
				0CDDBE8519120F17007FBA6B /* AKPlayData.cpp */,
				0CDDBE8619120F17007FBA6B /* AKPlayData.h */,
				0CDDBE8719120F17007FBA6B /* AKPlayDataInterface.h */,
				0CDDBE8819120F17007FBA6B /* AKPlayer.cpp */,
				0CDDBE8919120F17007FBA6B /* AKPlayer.h */,
				0CDDBE8A19120F17007FBA6B /* AKPlayerShot.cpp */,
				0CDDBE8B19120F17007FBA6B /* AKPlayerShot.h */,
				0CDDBE8C19120F17007FBA6B /* AKPlayingScene.cpp */,
				0CDDBE8D19120F17007FBA6B /* AKPlayingScene.h */,
				0CDDBE8E19120F17007FBA6B /* AKPlayingSceneIF.cpp */,
				0CDDBE8F19120F17007FBA6B /* AKPlayingSceneIF.h */,
				0CDDBE9019120F17007FBA6B /* AKTileMap.cpp */,
				0CDDBE9119120F17007FBA6B /* AKTileMap.h */,
				0CDDBE9219120F17007FBA6B /* AKTileMapEventParameter.cpp */,
				0CDDBE9319120F17007FBA6B /* AKTileMapEventParameter.h */,
				0C1C3CB01987E63E00C110BA /* AKGauge.cpp */,
				0C1C3CB11987E63E00C110BA /* AKGauge.h */,
			);
			name = PlayingScene;
			sourceTree = "<group>";
		};
		0CDDBEA619120F24007FBA6B /* AKLibrary */ = {
			isa = PBXGroup;
			children = (
				0CDDBEA919120F32007FBA6B /* AKCommon.cpp */,
				0CDDBEAA19120F32007FBA6B /* AKCommon.h */,
				0CDDBEAB19120F32007FBA6B /* AKFont.cpp */,
				0CDDBEAC19120F32007FBA6B /* AKFont.h */,
				0CDDBEAD19120F32007FBA6B /* AKInterface.cpp */,
				0CDDBEAE19120F32007FBA6B /* AKInterface.h */,
				0CDDBEAF19120F32007FBA6B /* AKLabel.cpp */,
				0CDDBEB019120F32007FBA6B /* AKLabel.h */,
				0CDDBEB119120F32007FBA6B /* AKLib.h */,
				0CDDBEB219120F32007FBA6B /* AKMenuEventHandler.h */,
				0CDDBEB319120F32007FBA6B /* AKMenuItem.cpp */,
				0CDDBEB419120F32007FBA6B /* AKMenuItem.h */,
				0CDDBEB719120F32007FBA6B /* AKScreenSize.cpp */,
				0CDDBEB819120F32007FBA6B /* AKScreenSize.h */,
				0CDDBEB919120F32007FBA6B /* AKStringSplitter.cpp */,
				0CDDBEBA19120F32007FBA6B /* AKStringSplitter.h */,
				0CFC39A51918F3F700667232 /* LocalizedResource.cpp */,
				0CFC39A61918F3F700667232 /* LocalizedResource.h */,
			);
			name = AKLibrary;
			sourceTree = "<group>";
		};
		0CDDBEC719120F39007FBA6B /* Common */ = {
			isa = PBXGroup;
			children = (
				0CDDBEC819120F4A007FBA6B /* AKAngle.cpp */,
				0CDDBEC919120F4A007FBA6B /* AKAngle.h */,
				0CDDBECC19120F4A007FBA6B /* AKLogNoDef.cpp */,
				0CDDBECD19120F4A007FBA6B /* AKLogNoDef.h */,
				0CDDBECE19120F4A007FBA6B /* AKToritoma.cpp */,
				0CDDBECF19120F4A007FBA6B /* AKToritoma.h */,
			);
			name = Common;
			sourceTree = "<group>";
		};
		0CDDBED419120F50007FBA6B /* OtherScene */ = {
			isa = PBXGroup;
			children = (
				0CDDBED519120F61007FBA6B /* AKHowToPlayScene.cpp */,
				0CDDBED619120F61007FBA6B /* AKHowToPlayScene.h */,
				0CDDBED719120F61007FBA6B /* AKOptionScene.cpp */,
				0CDDBED819120F61007FBA6B /* AKOptionScene.h */,
				0CDDBED919120F61007FBA6B /* AKTitleScene.cpp */,
				0CDDBEDA19120F61007FBA6B /* AKTitleScene.h */,
			);
			name = OtherScene;
			sourceTree = "<group>";
		};
		0CDDBEF1191210A4007FBA6B /* fonts */ = {
			isa = PBXGroup;
			children = (
				0CDDBEF2191210A4007FBA6B /* Marker Felt.ttf */,
			);
			path = fonts;
			sourceTree = "<group>";
		};
		15AA9C4015B7EC450033D6C2 /* Classes */ = {
			isa = PBXGroup;
			children = (
				0CDDBEA619120F24007FBA6B /* AKLibrary */,
				1AFAF8B316D35DE700DB1158 /* AppDelegate.cpp */,
				1AFAF8B416D35DE700DB1158 /* AppDelegate.h */,
				0CDDBEC719120F39007FBA6B /* Common */,
				0CDDBED419120F50007FBA6B /* OtherScene */,
				0CDDBE6E19120F04007FBA6B /* PlayingScene */,
			);
			name = Classes;
			path = ../classes;
			sourceTree = "<group>";
		};
		19C28FACFE9D520D11CA2CBB /* Products */ = {
			isa = PBXGroup;
			children = (
				1D6058910D05DD3D006BFB54 /* toritoma iOS.app */,
				5087E76F17EB910900C73F5D /* toritoma Mac.app */,
			);
			name = Products;
			sourceTree = "<group>";
		};
		1AC6FAE6180E9839004C840B /* Products */ = {
			isa = PBXGroup;
			children = (
				1AC6FAF9180E9839004C840B /* libcocos2dx Mac.a */,
				1AC6FAFB180E9839004C840B /* libcocos2dx-extensions Mac.a */,
				1AC6FAFD180E9839004C840B /* libchipmunk Mac.a */,
				1AC6FAFF180E9839004C840B /* libbox2d Mac.a */,
				1AC6FB01180E9839004C840B /* libCocosDenshion Mac.a */,
				1AC6FB07180E9839004C840B /* libcocos2dx iOS.a */,
				1AC6FB09180E9839004C840B /* libcocos2dx-extensions iOS.a */,
				1AC6FB0B180E9839004C840B /* libchipmunk iOS.a */,
				1AC6FB0D180E9839004C840B /* libbox2d iOS.a */,
				1AC6FB0F180E9839004C840B /* libCocosDenshion iOS.a */,
			);
			name = Products;
			sourceTree = "<group>";
		};
		29B97314FDCFA39411CA2CEA /* CustomTemplate */ = {
			isa = PBXGroup;
			children = (
				1AC6FAE5180E9839004C840B /* cocos2d_libs.xcodeproj */,
				15AA9C4015B7EC450033D6C2 /* Classes */,
				29B97323FDCFA39411CA2CEA /* Frameworks */,
				080E96DDFE201D6D7F000001 /* ios */,
				503AE10617EB990700D1A890 /* mac */,
				19C28FACFE9D520D11CA2CBB /* Products */,
				78C7DDAA14EBA5050085D0C2 /* Resources */,
			);
			name = CustomTemplate;
			sourceTree = "<group>";
		};
		29B97323FDCFA39411CA2CEA /* Frameworks */ = {
			isa = PBXGroup;
			children = (
				0C4AE4211A0760820056E625 /* CoreMotion.framework */,
				0C4AE41F1A0760230056E625 /* UIKit.framework */,
				0C4AE41D1A075FF80056E625 /* OpenGLES.framework */,
				503AE11A17EB9C5A00D1A890 /* IOKit.framework */,
				503AE11117EB99EE00D1A890 /* libcurl.dylib */,
				5087E78A17EB975400C73F5D /* OpenGL.framework */,
				5087E78817EB974C00C73F5D /* AppKit.framework */,
				BF170DB412928DE900B8313A /* libz.dylib */,
				D44C620F132DFF4E0009C878 /* AudioToolbox.framework */,
				D44C620D132DFF430009C878 /* AVFoundation.framework */,
				288765A40DF7441C002DB57D /* CoreGraphics.framework */,
				1D30AB110D05D00D00671497 /* Foundation.framework */,
				D44C620B132DFF330009C878 /* OpenAL.framework */,
				BF1C47EA1293683800B63C5D /* QuartzCore.framework */,
			);
			name = Frameworks;
			sourceTree = "<group>";
		};
		503AE0F517EB97AB00D1A890 /* Icons */ = {
			isa = PBXGroup;
			children = (
				503AE0F617EB97AB00D1A890 /* Icon.icns */,
				503AE0F717EB97AB00D1A890 /* Info.plist */,
			);
			name = Icons;
			path = mac;
			sourceTree = SOURCE_ROOT;
		};
		503AE10617EB990700D1A890 /* mac */ = {
			isa = PBXGroup;
			children = (
				503AE0F517EB97AB00D1A890 /* Icons */,
				503AE10317EB98FF00D1A890 /* main.cpp */,
				503AE10417EB98FF00D1A890 /* Prefix.pch */,
			);
			name = mac;
			sourceTree = "<group>";
		};
		5087E77117EB970100C73F5D /* Icons */ = {
			isa = PBXGroup;
			children = (
				0C36C5FC1AA5F73B00AAEFA6 /* Icon-Small.png */,
				0C36C6001AA5F7CC00AAEFA6 /* Icon-Small-40@2x.png */,
				0C36C5FD1AA5F73B00AAEFA6 /* Icon-Small@2x.png */,
				0C36C5F61AA5F68700AAEFA6 /* Icon.png */,
				0C36C5FA1AA5F70A00AAEFA6 /* Icon-60@2x.png */,
				0C36C5F71AA5F68700AAEFA6 /* Icon@2x.png */,
				5087E77217EB970100C73F5D /* Default-568h@2x.png */,
				5087E77317EB970100C73F5D /* Default.png */,
				5087E77417EB970100C73F5D /* Default@2x.png */,
			);
			name = Icons;
			path = ios;
			sourceTree = SOURCE_ROOT;
		};
		78C7DDAA14EBA5050085D0C2 /* Resources */ = {
			isa = PBXGroup;
			children = (
				0C1C3CB3198DB36900C110BA /* Images.xcassets */,
				0CDDBEDE191210A4007FBA6B /* Back.png */,
				0CDDBEDF191210A4007FBA6B /* Block.png */,
				0C6F33831986F88400CA0D64 /* BossLifeGauge_01-ipad.png */,
				0C6F33841986F88400CA0D64 /* BossLifeGauge_01.png */,
				0C6F33851986F88400CA0D64 /* BossLifeGauge_02-iadp.png */,
				0C6F33861986F88400CA0D64 /* BossLifeGauge_02.png */,
				0CDDBEE0191210A4007FBA6B /* Character-ipad.plist */,
				0CDDBEE1191210A4007FBA6B /* Character-ipad.png */,
				0CDDBEE2191210A4007FBA6B /* Character.plist */,
				0CDDBEE3191210A4007FBA6B /* Character.png */,
				0CDDBEE4191210A4007FBA6B /* ChickenGauge_01-ipad.png */,
				0CDDBEE5191210A4007FBA6B /* ChickenGauge_01.png */,
				0CDDBEE6191210A4007FBA6B /* ChickenGauge_02-ipad.png */,
				0CDDBEE7191210A4007FBA6B /* ChickenGauge_02.png */,
				1AFAF8B916D35E4900DB1158 /* CloseNormal.png */,
				1AFAF8BA16D35E4900DB1158 /* CloseSelected.png */,
				0CDDBEE8191210A4007FBA6B /* Control-ipad.plist */,
				0CDDBEE9191210A4007FBA6B /* Control-ipad.png */,
				0CDDBEEA191210A4007FBA6B /* Control.plist */,
				0CDDBEEB191210A4007FBA6B /* Control.png */,
				0CDDBEEC191210A4007FBA6B /* EnemyTile.png */,
				0CDDBEED191210A4007FBA6B /* Event.png */,
				0CDDBEEE191210A4007FBA6B /* Font-ipad.png */,
				0CDDBEEF191210A4007FBA6B /* Font.plist */,
				0CDDBEF0191210A4007FBA6B /* Font.png */,
				0CDDBEF1191210A4007FBA6B /* fonts */,
				0CDDBEF3191210A4007FBA6B /* HowTo-ipad.plist */,
				0CDDBEF4191210A4007FBA6B /* HowTo-ipad.png */,
				0CDDBEF5191210A4007FBA6B /* HowTo.plist */,
				0CDDBEF6191210A4007FBA6B /* HowTo.png */,
				0CDDBEF7191210A4007FBA6B /* Localized_en */,
				0CDDBEF8191210A4007FBA6B /* Localized_ja */,
				0C9CC3F019139B50008F43AC /* Sound */,
				0CDDBEF9191210A4007FBA6B /* Stage_01.tmx */,
				0CDDBEFA191210A4007FBA6B /* Stage_02.tmx */,
				0CDDBEFB191210A4007FBA6B /* Stage_03.tmx */,
				0CDDBEFC191210A4007FBA6B /* Stage_04.tmx */,
				0CDDBEFD191210A4007FBA6B /* Stage_05.tmx */,
				0CDDBEFE191210A4007FBA6B /* Stage_06.tmx */,
			);
			name = Resources;
			path = ../Resources;
			sourceTree = "<group>";
		};
/* End PBXGroup section */

/* Begin PBXNativeTarget section */
		1D6058900D05DD3D006BFB54 /* toritoma iOS */ = {
			isa = PBXNativeTarget;
			buildConfigurationList = 1D6058960D05DD3E006BFB54 /* Build configuration list for PBXNativeTarget "toritoma iOS" */;
			buildPhases = (
				1D60588D0D05DD3D006BFB54 /* Resources */,
				1D60588E0D05DD3D006BFB54 /* Sources */,
				1D60588F0D05DD3D006BFB54 /* Frameworks */,
			);
			buildRules = (
			);
			dependencies = (
				1AC6FB25180E99E1004C840B /* PBXTargetDependency */,
				1AC6FB27180E99E1004C840B /* PBXTargetDependency */,
				1AC6FB29180E99E1004C840B /* PBXTargetDependency */,
				1AC6FB2B180E99E1004C840B /* PBXTargetDependency */,
				1AC6FB2D180E99E1004C840B /* PBXTargetDependency */,
			);
			name = "toritoma iOS";
			productName = iphone;
			productReference = 1D6058910D05DD3D006BFB54 /* toritoma iOS.app */;
			productType = "com.apple.product-type.application";
		};
		5087E73D17EB910900C73F5D /* toritoma Mac */ = {
			isa = PBXNativeTarget;
			buildConfigurationList = 5087E76C17EB910900C73F5D /* Build configuration list for PBXNativeTarget "toritoma Mac" */;
			buildPhases = (
				5087E74817EB910900C73F5D /* Resources */,
				5087E75617EB910900C73F5D /* Sources */,
				5087E75C17EB910900C73F5D /* Frameworks */,
			);
			buildRules = (
			);
			dependencies = (
				1AC6FB1E180E9963004C840B /* PBXTargetDependency */,
				1AC6FB16180E9959004C840B /* PBXTargetDependency */,
				1AC6FB18180E9959004C840B /* PBXTargetDependency */,
				1AC6FB1A180E9959004C840B /* PBXTargetDependency */,
				1AC6FB1C180E9959004C840B /* PBXTargetDependency */,
			);
			name = "toritoma Mac";
			productName = iphone;
			productReference = 5087E76F17EB910900C73F5D /* toritoma Mac.app */;
			productType = "com.apple.product-type.application";
		};
/* End PBXNativeTarget section */

/* Begin PBXProject section */
		29B97313FDCFA39411CA2CEA /* Project object */ = {
			isa = PBXProject;
			attributes = {
				LastUpgradeCheck = 0600;
				TargetAttributes = {
					1D6058900D05DD3D006BFB54 = {
						DevelopmentTeam = 27J5FXSH3X;
					};
				};
			};
			buildConfigurationList = C01FCF4E08A954540054247B /* Build configuration list for PBXProject "toritoma" */;
			compatibilityVersion = "Xcode 3.2";
			developmentRegion = English;
			hasScannedForEncodings = 1;
			knownRegions = (
				English,
				Japanese,
				French,
				German,
				en,
				ja,
			);
			mainGroup = 29B97314FDCFA39411CA2CEA /* CustomTemplate */;
			projectDirPath = "";
			projectReferences = (
				{
					ProductGroup = 1AC6FAE6180E9839004C840B /* Products */;
					ProjectRef = 1AC6FAE5180E9839004C840B /* cocos2d_libs.xcodeproj */;
				},
			);
			projectRoot = "";
			targets = (
				1D6058900D05DD3D006BFB54 /* toritoma iOS */,
				5087E73D17EB910900C73F5D /* toritoma Mac */,
			);
		};
/* End PBXProject section */

/* Begin PBXReferenceProxy section */
		1AC6FAF9180E9839004C840B /* libcocos2dx Mac.a */ = {
			isa = PBXReferenceProxy;
			fileType = archive.ar;
			path = "libcocos2dx Mac.a";
			remoteRef = 1AC6FAF8180E9839004C840B /* PBXContainerItemProxy */;
			sourceTree = BUILT_PRODUCTS_DIR;
		};
		1AC6FAFB180E9839004C840B /* libcocos2dx-extensions Mac.a */ = {
			isa = PBXReferenceProxy;
			fileType = archive.ar;
			path = "libcocos2dx-extensions Mac.a";
			remoteRef = 1AC6FAFA180E9839004C840B /* PBXContainerItemProxy */;
			sourceTree = BUILT_PRODUCTS_DIR;
		};
		1AC6FAFD180E9839004C840B /* libchipmunk Mac.a */ = {
			isa = PBXReferenceProxy;
			fileType = archive.ar;
			path = "libchipmunk Mac.a";
			remoteRef = 1AC6FAFC180E9839004C840B /* PBXContainerItemProxy */;
			sourceTree = BUILT_PRODUCTS_DIR;
		};
		1AC6FAFF180E9839004C840B /* libbox2d Mac.a */ = {
			isa = PBXReferenceProxy;
			fileType = archive.ar;
			path = "libbox2d Mac.a";
			remoteRef = 1AC6FAFE180E9839004C840B /* PBXContainerItemProxy */;
			sourceTree = BUILT_PRODUCTS_DIR;
		};
		1AC6FB01180E9839004C840B /* libCocosDenshion Mac.a */ = {
			isa = PBXReferenceProxy;
			fileType = archive.ar;
			path = "libCocosDenshion Mac.a";
			remoteRef = 1AC6FB00180E9839004C840B /* PBXContainerItemProxy */;
			sourceTree = BUILT_PRODUCTS_DIR;
		};
		1AC6FB07180E9839004C840B /* libcocos2dx iOS.a */ = {
			isa = PBXReferenceProxy;
			fileType = archive.ar;
			path = "libcocos2dx iOS.a";
			remoteRef = 1AC6FB06180E9839004C840B /* PBXContainerItemProxy */;
			sourceTree = BUILT_PRODUCTS_DIR;
		};
		1AC6FB09180E9839004C840B /* libcocos2dx-extensions iOS.a */ = {
			isa = PBXReferenceProxy;
			fileType = archive.ar;
			path = "libcocos2dx-extensions iOS.a";
			remoteRef = 1AC6FB08180E9839004C840B /* PBXContainerItemProxy */;
			sourceTree = BUILT_PRODUCTS_DIR;
		};
		1AC6FB0B180E9839004C840B /* libchipmunk iOS.a */ = {
			isa = PBXReferenceProxy;
			fileType = archive.ar;
			path = "libchipmunk iOS.a";
			remoteRef = 1AC6FB0A180E9839004C840B /* PBXContainerItemProxy */;
			sourceTree = BUILT_PRODUCTS_DIR;
		};
		1AC6FB0D180E9839004C840B /* libbox2d iOS.a */ = {
			isa = PBXReferenceProxy;
			fileType = archive.ar;
			path = "libbox2d iOS.a";
			remoteRef = 1AC6FB0C180E9839004C840B /* PBXContainerItemProxy */;
			sourceTree = BUILT_PRODUCTS_DIR;
		};
		1AC6FB0F180E9839004C840B /* libCocosDenshion iOS.a */ = {
			isa = PBXReferenceProxy;
			fileType = archive.ar;
			path = "libCocosDenshion iOS.a";
			remoteRef = 1AC6FB0E180E9839004C840B /* PBXContainerItemProxy */;
			sourceTree = BUILT_PRODUCTS_DIR;
		};
/* End PBXReferenceProxy section */

/* Begin PBXResourcesBuildPhase section */
		1D60588D0D05DD3D006BFB54 /* Resources */ = {
			isa = PBXResourcesBuildPhase;
			buildActionMask = 2147483647;
			files = (
				0CDDBF17191210A4007FBA6B /* Localized_en in Resources */,
				0CDDBF0F191210A4007FBA6B /* Font-ipad.png in Resources */,
				0C9CC3FF19139B62008F43AC /* bomb_big.mp3 in Resources */,
				0C61675C19B2BD0E00D032E0 /* 1up.mp3 in Resources */,
				0C9CC40919139B62008F43AC /* stage5.mp3 in Resources */,
				0C9CC40819139B62008F43AC /* stage4.mp3 in Resources */,
				0CDDBF02191210A4007FBA6B /* Character-ipad.png in Resources */,
				0CDDBF0B191210A4007FBA6B /* Control.plist in Resources */,
				0C36C5FE1AA5F73B00AAEFA6 /* Icon-Small.png in Resources */,
				0C9CC40A19139B62008F43AC /* stage6.mp3 in Resources */,
				0CB620AB1928A5E300FC8E49 /* hit.mp3 in Resources */,
				0C36C5F91AA5F68700AAEFA6 /* Icon@2x.png in Resources */,
				0CDDBF14191210A4007FBA6B /* HowTo-ipad.png in Resources */,
				0CDDBF0A191210A4007FBA6B /* Control-ipad.png in Resources */,
				0C36C5F81AA5F68700AAEFA6 /* Icon.png in Resources */,
				5087E77F17EB970100C73F5D /* Default@2x.png in Resources */,
				0CDDBF1C191210A4007FBA6B /* Stage_04.tmx in Resources */,
				0CDDBF07191210A4007FBA6B /* ChickenGauge_02-ipad.png in Resources */,
				1AFAF8BC16D35E4900DB1158 /* CloseNormal.png in Resources */,
				0CDDBF12191210A4007FBA6B /* Marker Felt.ttf in Resources */,
				0CDDBF1E191210A4007FBA6B /* Stage_06.tmx in Resources */,
				0C9CC40419139B62008F43AC /* select.mp3 in Resources */,
				0C9CC40C19139B62008F43AC /* stage8.mp3 in Resources */,
				0CDDBF15191210A4007FBA6B /* HowTo.plist in Resources */,
				0C1C3CB4198DB36900C110BA /* Images.xcassets in Resources */,
				5087E77D17EB970100C73F5D /* Default-568h@2x.png in Resources */,
				0CDDBF08191210A4007FBA6B /* ChickenGauge_02.png in Resources */,
				0C9CC40619139B62008F43AC /* stage2.mp3 in Resources */,
				1AFAF8BD16D35E4900DB1158 /* CloseSelected.png in Resources */,
				0C36C5FF1AA5F73B00AAEFA6 /* Icon-Small@2x.png in Resources */,
				0CDDBF1B191210A4007FBA6B /* Stage_03.tmx in Resources */,
				0C6F33881986F88400CA0D64 /* BossLifeGauge_01.png in Resources */,
				0CDDBEFF191210A4007FBA6B /* Back.png in Resources */,
				0CDDBF00191210A4007FBA6B /* Block.png in Resources */,
				0CDDBF09191210A4007FBA6B /* Control-ipad.plist in Resources */,
				0C9CC40119139B62008F43AC /* clear.mp3 in Resources */,
				0C36C6011AA5F7CC00AAEFA6 /* Icon-Small-40@2x.png in Resources */,
				0C6F33891986F88400CA0D64 /* BossLifeGauge_02-iadp.png in Resources */,
				0CDDBF16191210A4007FBA6B /* HowTo.png in Resources */,
				0CDDBF18191210A4007FBA6B /* Localized_ja in Resources */,
				0CB620AF1928B9EA00FC8E49 /* miss.mp3 in Resources */,
				0CDDBF05191210A4007FBA6B /* ChickenGauge_01-ipad.png in Resources */,
				0CDDBF1D191210A4007FBA6B /* Stage_05.tmx in Resources */,
				0C9CC40519139B62008F43AC /* stage1.mp3 in Resources */,
				0CDDBF1A191210A4007FBA6B /* Stage_02.tmx in Resources */,
				0C6F33871986F88400CA0D64 /* BossLifeGauge_01-ipad.png in Resources */,
				0C9CC40719139B62008F43AC /* stage3.mp3 in Resources */,
				0CDDBF06191210A4007FBA6B /* ChickenGauge_01.png in Resources */,
				0CDDBF11191210A4007FBA6B /* Font.png in Resources */,
				0C6F338A1986F88400CA0D64 /* BossLifeGauge_02.png in Resources */,
				0C9CC40B19139B62008F43AC /* stage7.mp3 in Resources */,
				0CDDBF01191210A4007FBA6B /* Character-ipad.plist in Resources */,
				0CDDBF19191210A4007FBA6B /* Stage_01.tmx in Resources */,
				0C9CC40319139B62008F43AC /* pause.mp3 in Resources */,
				0C9CC40019139B62008F43AC /* bomb_min.mp3 in Resources */,
				0CDDBF13191210A4007FBA6B /* HowTo-ipad.plist in Resources */,
				0CDDBF0E191210A4007FBA6B /* Event.png in Resources */,
				0CDDBF0D191210A4007FBA6B /* EnemyTile.png in Resources */,
				5087E77E17EB970100C73F5D /* Default.png in Resources */,
				0CDDBF10191210A4007FBA6B /* Font.plist in Resources */,
				0CDDBF04191210A4007FBA6B /* Character.png in Resources */,
				0CDDBF03191210A4007FBA6B /* Character.plist in Resources */,
				0C36C5FB1AA5F70A00AAEFA6 /* Icon-60@2x.png in Resources */,
				0CDDBF0C191210A4007FBA6B /* Control.png in Resources */,
				0C9CC40219139B62008F43AC /* ending.mp3 in Resources */,
			);
			runOnlyForDeploymentPostprocessing = 0;
		};
		5087E74817EB910900C73F5D /* Resources */ = {
			isa = PBXResourcesBuildPhase;
			buildActionMask = 2147483647;
			files = (
				5087E75317EB910900C73F5D /* CloseNormal.png in Resources */,
				503AE0F817EB97AB00D1A890 /* Icon.icns in Resources */,
				5087E75417EB910900C73F5D /* CloseSelected.png in Resources */,
			);
			runOnlyForDeploymentPostprocessing = 0;
		};
/* End PBXResourcesBuildPhase section */

/* Begin PBXSourcesBuildPhase section */
		1D60588E0D05DD3D006BFB54 /* Sources */ = {
			isa = PBXSourcesBuildPhase;
			buildActionMask = 2147483647;
			files = (
				0CDDBE9419120F17007FBA6B /* AKBlock.cpp in Sources */,
				0CDDBE9819120F17007FBA6B /* AKEffect.cpp in Sources */,
				0CDDBE9D19120F17007FBA6B /* AKNWayAngle.cpp in Sources */,
				503AE10017EB989F00D1A890 /* AppController.mm in Sources */,
				503AE10217EB989F00D1A890 /* RootViewController.mm in Sources */,
				1AFAF8B716D35DE700DB1158 /* AppDelegate.cpp in Sources */,
				0CDDBEA319120F17007FBA6B /* AKPlayingSceneIF.cpp in Sources */,
				503AE10117EB989F00D1A890 /* main.m in Sources */,
				0CDDBED319120F4A007FBA6B /* AKToritoma.cpp in Sources */,
				0CDDBE9C19120F17007FBA6B /* AKLife.cpp in Sources */,
				0CDDBEDD19120F61007FBA6B /* AKTitleScene.cpp in Sources */,
				0CDDBED019120F4A007FBA6B /* AKAngle.cpp in Sources */,
				0CDDBEA119120F17007FBA6B /* AKPlayerShot.cpp in Sources */,
				0CDDBEC019120F32007FBA6B /* AKInterface.cpp in Sources */,
				0CDDBE9B19120F17007FBA6B /* AKHiScoreFile.cpp in Sources */,
				0CDDBEC519120F32007FBA6B /* AKStringSplitter.cpp in Sources */,
				0CDDBE9519120F17007FBA6B /* AKCharacter.cpp in Sources */,
				0CDDBE9F19120F17007FBA6B /* AKPlayData.cpp in Sources */,
				0CDDBE9E19120F17007FBA6B /* AKOption.cpp in Sources */,
				0CDDBE9919120F17007FBA6B /* AKEnemy.cpp in Sources */,
				0CDDBEA019120F17007FBA6B /* AKPlayer.cpp in Sources */,
				0CDDBEDC19120F61007FBA6B /* AKOptionScene.cpp in Sources */,
				0CDDBEBE19120F32007FBA6B /* AKCommon.cpp in Sources */,
				0CDDBEDB19120F61007FBA6B /* AKHowToPlayScene.cpp in Sources */,
				0CDDBE9619120F17007FBA6B /* AKCharacterPool.cpp in Sources */,
				0CDDBEBF19120F32007FBA6B /* AKFont.cpp in Sources */,
				0CDDBEC119120F32007FBA6B /* AKLabel.cpp in Sources */,
				0CDDBE9A19120F17007FBA6B /* AKEnemyShot.cpp in Sources */,
				0CDDBEA419120F17007FBA6B /* AKTileMap.cpp in Sources */,
				0CDDBEC419120F32007FBA6B /* AKScreenSize.cpp in Sources */,
				0CDDBEA219120F17007FBA6B /* AKPlayingScene.cpp in Sources */,
				0CDDBEA519120F17007FBA6B /* AKTileMapEventParameter.cpp in Sources */,
				0CFC39A71918F3F700667232 /* LocalizedResource.cpp in Sources */,
				0CDDBEC219120F32007FBA6B /* AKMenuItem.cpp in Sources */,
				0C1C3CB21987E63E00C110BA /* AKGauge.cpp in Sources */,
				0CDDBED219120F4A007FBA6B /* AKLogNoDef.cpp in Sources */,
			);
			runOnlyForDeploymentPostprocessing = 0;
		};
		5087E75617EB910900C73F5D /* Sources */ = {
			isa = PBXSourcesBuildPhase;
			buildActionMask = 2147483647;
			files = (
				5087E75717EB910900C73F5D /* AppDelegate.cpp in Sources */,
				503AE10517EB98FF00D1A890 /* main.cpp in Sources */,
			);
			runOnlyForDeploymentPostprocessing = 0;
		};
/* End PBXSourcesBuildPhase section */

/* Begin PBXTargetDependency section */
		1AC6FB16180E9959004C840B /* PBXTargetDependency */ = {
			isa = PBXTargetDependency;
			name = "cocos2dx Mac";
			targetProxy = 1AC6FB15180E9959004C840B /* PBXContainerItemProxy */;
		};
		1AC6FB18180E9959004C840B /* PBXTargetDependency */ = {
			isa = PBXTargetDependency;
			name = "cocos2dx-extensions Mac";
			targetProxy = 1AC6FB17180E9959004C840B /* PBXContainerItemProxy */;
		};
		1AC6FB1A180E9959004C840B /* PBXTargetDependency */ = {
			isa = PBXTargetDependency;
			name = "chipmunk Mac";
			targetProxy = 1AC6FB19180E9959004C840B /* PBXContainerItemProxy */;
		};
		1AC6FB1C180E9959004C840B /* PBXTargetDependency */ = {
			isa = PBXTargetDependency;
			name = "CocosDenshion Mac";
			targetProxy = 1AC6FB1B180E9959004C840B /* PBXContainerItemProxy */;
		};
		1AC6FB1E180E9963004C840B /* PBXTargetDependency */ = {
			isa = PBXTargetDependency;
			name = "box2d Mac";
			targetProxy = 1AC6FB1D180E9963004C840B /* PBXContainerItemProxy */;
		};
		1AC6FB25180E99E1004C840B /* PBXTargetDependency */ = {
			isa = PBXTargetDependency;
			name = "cocos2dx iOS";
			targetProxy = 1AC6FB24180E99E1004C840B /* PBXContainerItemProxy */;
		};
		1AC6FB27180E99E1004C840B /* PBXTargetDependency */ = {
			isa = PBXTargetDependency;
			name = "cocos2dx-extensions iOS";
			targetProxy = 1AC6FB26180E99E1004C840B /* PBXContainerItemProxy */;
		};
		1AC6FB29180E99E1004C840B /* PBXTargetDependency */ = {
			isa = PBXTargetDependency;
			name = "chipmunk iOS";
			targetProxy = 1AC6FB28180E99E1004C840B /* PBXContainerItemProxy */;
		};
		1AC6FB2B180E99E1004C840B /* PBXTargetDependency */ = {
			isa = PBXTargetDependency;
			name = "box2d iOS";
			targetProxy = 1AC6FB2A180E99E1004C840B /* PBXContainerItemProxy */;
		};
		1AC6FB2D180E99E1004C840B /* PBXTargetDependency */ = {
			isa = PBXTargetDependency;
			name = "CocosDenshion iOS";
			targetProxy = 1AC6FB2C180E99E1004C840B /* PBXContainerItemProxy */;
		};
/* End PBXTargetDependency section */

/* Begin XCBuildConfiguration section */
		1D6058940D05DD3E006BFB54 /* Debug */ = {
			isa = XCBuildConfiguration;
			buildSettings = {
				ALWAYS_SEARCH_USER_PATHS = YES;
				ASSETCATALOG_COMPILER_APPICON_NAME = AppIcon;
				ASSETCATALOG_COMPILER_LAUNCHIMAGE_NAME = LaunchImage;
				CODE_SIGN_IDENTITY = "iPhone Developer: Akihiro Kaneda (E8ZRMTB82M)";
				COMPRESS_PNG_FILES = NO;
				GCC_DYNAMIC_NO_PIC = NO;
				GCC_INLINES_ARE_PRIVATE_EXTERN = NO;
				GCC_PRECOMPILE_PREFIX_HEADER = YES;
				GCC_PREFIX_HEADER = ios/Prefix.pch;
				GCC_PREPROCESSOR_DEFINITIONS = (
					USE_FILE32API,
					CC_TARGET_OS_IPHONE,
					"COCOS2D_DEBUG=1",
					"CC_ENABLE_CHIPMUNK_INTEGRATION=1",
					"DEBUG=1",
				);
				GCC_SYMBOLS_PRIVATE_EXTERN = NO;
				HEADER_SEARCH_PATHS = (
					"$(inherited)",
					"$(SRCROOT)/../cocos2d/cocos/2d/platform/ios",
					"$(SRCROOT)/../cocos2d/cocos/2d/platform/ios/Simulation",
				);
				INFOPLIST_FILE = ios/Info.plist;
				IPHONEOS_DEPLOYMENT_TARGET = 5.0;
				LD_NO_PIE = YES;
				LIBRARY_SEARCH_PATHS = "";
				ONLY_ACTIVE_ARCH = NO;
				PROVISIONING_PROFILE = "0d348025-c31f-44f5-aa3a-b6fe6b2cba48";
				SDKROOT = iphoneos;
				TARGETED_DEVICE_FAMILY = "1,2";
				USER_HEADER_SEARCH_PATHS = "";
			};
			name = Debug;
		};
		1D6058950D05DD3E006BFB54 /* Release */ = {
			isa = XCBuildConfiguration;
			buildSettings = {
				ALWAYS_SEARCH_USER_PATHS = YES;
				ASSETCATALOG_COMPILER_APPICON_NAME = AppIcon;
				ASSETCATALOG_COMPILER_LAUNCHIMAGE_NAME = LaunchImage;
				CODE_SIGN_IDENTITY = "iPhone Developer: Akihiro Kaneda (E8ZRMTB82M)";
				COMPRESS_PNG_FILES = NO;
				GCC_INLINES_ARE_PRIVATE_EXTERN = NO;
				GCC_PRECOMPILE_PREFIX_HEADER = YES;
				GCC_PREFIX_HEADER = ios/Prefix.pch;
				GCC_PREPROCESSOR_DEFINITIONS = (
					USE_FILE32API,
					CC_TARGET_OS_IPHONE,
					"CC_ENABLE_CHIPMUNK_INTEGRATION=1",
				);
				GCC_SYMBOLS_PRIVATE_EXTERN = NO;
				HEADER_SEARCH_PATHS = (
					"$(inherited)",
					"$(SRCROOT)/../cocos2d/cocos/2d/platform/ios",
					"$(SRCROOT)/../cocos2d/cocos/2d/platform/ios/Simulation",
				);
				INFOPLIST_FILE = ios/Info.plist;
				IPHONEOS_DEPLOYMENT_TARGET = 5.0;
				LD_NO_PIE = YES;
				LIBRARY_SEARCH_PATHS = "";
				ONLY_ACTIVE_ARCH = NO;
				PROVISIONING_PROFILE = "0d348025-c31f-44f5-aa3a-b6fe6b2cba48";
				SDKROOT = iphoneos;
				TARGETED_DEVICE_FAMILY = "1,2";
				USER_HEADER_SEARCH_PATHS = "";
			};
			name = Release;
		};
		5087E76D17EB910900C73F5D /* Debug */ = {
			isa = XCBuildConfiguration;
			buildSettings = {
				ALWAYS_SEARCH_USER_PATHS = YES;
				CLANG_CXX_LANGUAGE_STANDARD = "c++0x";
				CLANG_CXX_LIBRARY = "libc++";
				COMBINE_HIDPI_IMAGES = YES;
				GCC_DYNAMIC_NO_PIC = NO;
				GCC_INLINES_ARE_PRIVATE_EXTERN = NO;
				GCC_PRECOMPILE_PREFIX_HEADER = YES;
				GCC_PREFIX_HEADER = mac/Prefix.pch;
				GCC_PREPROCESSOR_DEFINITIONS = (
					USE_FILE32API,
					CC_TARGET_OS_MAC,
					"COCOS2D_DEBUG=1",
					"CC_ENABLE_CHIPMUNK_INTEGRATION=1",
				);
				GCC_SYMBOLS_PRIVATE_EXTERN = NO;
				HEADER_SEARCH_PATHS = (
					"$(inherited)",
					"$(SRCROOT)/../cocos2d/cocos/2d/platform/mac",
					"$(SRCROOT)/../cocos2d/external/glfw3/include/mac",
				);
				INFOPLIST_FILE = mac/Info.plist;
				LIBRARY_SEARCH_PATHS = "";
				USER_HEADER_SEARCH_PATHS = "";
			};
			name = Debug;
		};
		5087E76E17EB910900C73F5D /* Release */ = {
			isa = XCBuildConfiguration;
			buildSettings = {
				ALWAYS_SEARCH_USER_PATHS = YES;
				CLANG_CXX_LANGUAGE_STANDARD = "c++0x";
				CLANG_CXX_LIBRARY = "libc++";
				COMBINE_HIDPI_IMAGES = YES;
				GCC_INLINES_ARE_PRIVATE_EXTERN = NO;
				GCC_PRECOMPILE_PREFIX_HEADER = YES;
				GCC_PREFIX_HEADER = mac/Prefix.pch;
				GCC_PREPROCESSOR_DEFINITIONS = (
					USE_FILE32API,
					CC_TARGET_OS_MAC,
					"CC_ENABLE_CHIPMUNK_INTEGRATION=1",
				);
				GCC_SYMBOLS_PRIVATE_EXTERN = NO;
				HEADER_SEARCH_PATHS = (
					"$(inherited)",
					"$(SRCROOT)/../cocos2d/cocos/2d/platform/mac",
					"$(SRCROOT)/../cocos2d/external/glfw3/include/mac",
				);
				INFOPLIST_FILE = mac/Info.plist;
				LIBRARY_SEARCH_PATHS = "";
				USER_HEADER_SEARCH_PATHS = "";
			};
			name = Release;
		};
		C01FCF4F08A954540054247B /* Debug */ = {
			isa = XCBuildConfiguration;
			buildSettings = {
				CLANG_CXX_LANGUAGE_STANDARD = "c++0x";
				CLANG_CXX_LIBRARY = "libc++";
				CODE_SIGN_IDENTITY = "";
				COPY_PHASE_STRIP = NO;
				GCC_OPTIMIZATION_LEVEL = 0;
				GCC_WARN_ABOUT_RETURN_TYPE = YES;
				GCC_WARN_UNUSED_VARIABLE = YES;
				HEADER_SEARCH_PATHS = (
					"$(SRCROOT)/../cocos2d",
					"$(SRCROOT)/../cocos2d/cocos",
					"$(SRCROOT)/../cocos2d/cocos/base",
					"$(SRCROOT)/../cocos2d/cocos/physics",
					"$(SRCROOT)/../cocos2d/cocos/math",
					"$(SRCROOT)/../cocos2d/cocos/2d",
					"$(SRCROOT)/../cocos2d/cocos/ui",
					"$(SRCROOT)/../cocos2d/cocos/network",
					"$(SRCROOT)/../cocos2d/cocos/audio/include",
					"$(SRCROOT)/../cocos2d/cocos/editor-support",
					"$(SRCROOT)/../cocos2d/extensions",
					"$(SRCROOT)/../cocos2d/external",
					"$(SRCROOT)/../cocos2d/external/chipmunk/include/chipmunk",
				);
				ONLY_ACTIVE_ARCH = YES;
				PRODUCT_NAME = "$(TARGET_NAME)";
				PROVISIONING_PROFILE = "";
				SDKROOT = iphoneos;
			};
			name = Debug;
		};
		C01FCF5008A954540054247B /* Release */ = {
			isa = XCBuildConfiguration;
			buildSettings = {
				CLANG_CXX_LANGUAGE_STANDARD = "c++0x";
				CLANG_CXX_LIBRARY = "libc++";
				CODE_SIGN_IDENTITY = "";
				GCC_WARN_ABOUT_RETURN_TYPE = YES;
				GCC_WARN_UNUSED_VARIABLE = YES;
				HEADER_SEARCH_PATHS = (
					"$(SRCROOT)/../cocos2d",
					"$(SRCROOT)/../cocos2d/cocos",
					"$(SRCROOT)/../cocos2d/cocos/base",
					"$(SRCROOT)/../cocos2d/cocos/physics",
					"$(SRCROOT)/../cocos2d/cocos/math",
					"$(SRCROOT)/../cocos2d/cocos/2d",
					"$(SRCROOT)/../cocos2d/cocos/ui",
					"$(SRCROOT)/../cocos2d/cocos/network",
					"$(SRCROOT)/../cocos2d/cocos/audio/include",
					"$(SRCROOT)/../cocos2d/cocos/editor-support",
					"$(SRCROOT)/../cocos2d/extensions",
					"$(SRCROOT)/../cocos2d/external",
					"$(SRCROOT)/../cocos2d/external/chipmunk/include/chipmunk",
				);
				OTHER_CFLAGS = "-DNS_BLOCK_ASSERTIONS=1";
				PRODUCT_NAME = "$(TARGET_NAME)";
				PROVISIONING_PROFILE = "";
				SDKROOT = iphoneos;
				VALIDATE_PRODUCT = YES;
			};
			name = Release;
		};
/* End XCBuildConfiguration section */

/* Begin XCConfigurationList section */
		1D6058960D05DD3E006BFB54 /* Build configuration list for PBXNativeTarget "toritoma iOS" */ = {
			isa = XCConfigurationList;
			buildConfigurations = (
				1D6058940D05DD3E006BFB54 /* Debug */,
				1D6058950D05DD3E006BFB54 /* Release */,
			);
			defaultConfigurationIsVisible = 0;
			defaultConfigurationName = Debug;
		};
		5087E76C17EB910900C73F5D /* Build configuration list for PBXNativeTarget "toritoma Mac" */ = {
			isa = XCConfigurationList;
			buildConfigurations = (
				5087E76D17EB910900C73F5D /* Debug */,
				5087E76E17EB910900C73F5D /* Release */,
			);
			defaultConfigurationIsVisible = 0;
			defaultConfigurationName = Debug;
		};
		C01FCF4E08A954540054247B /* Build configuration list for PBXProject "toritoma" */ = {
			isa = XCConfigurationList;
			buildConfigurations = (
				C01FCF4F08A954540054247B /* Debug */,
				C01FCF5008A954540054247B /* Release */,
			);
			defaultConfigurationIsVisible = 0;
			defaultConfigurationName = Debug;
		};
/* End XCConfigurationList section */
	};
	rootObject = 29B97313FDCFA39411CA2CEA /* Project object */;
}
